
Microsoft Visual Studio Solution File, Format Version 12.00
# Visual Studio 2012
VisualStudioVersion = 12.0.30501.0
MinimumVisualStudioVersion = 10.0.40219.1
Project("{FAE04EC0-301F-11D3-BF4B-00C04F79EFBC}") = "XForms.Toolkit", "XForms.Toolkit\XForms.Toolkit.csproj", "{4D10DF5E-883D-468B-A854-4A53C7FE75AC}"
EndProject
Project("{FAE04EC0-301F-11D3-BF4B-00C04F79EFBC}") = "XForms.Toolkit.Droid", "XForms.Toolkit.Droid\XForms.Toolkit.Droid.csproj", "{67BB1B0A-8F35-4B87-907A-0BCA3103B38B}"
EndProject
Project("{FAE04EC0-301F-11D3-BF4B-00C04F79EFBC}") = "XForms.Toolkit.iOS", "XForms.Toolkit.iOS\XForms.Toolkit.iOS.csproj", "{31ACBE7A-3A07-46A5-804D-0C70454B3DC9}"
EndProject
Project("{2150E333-8FDC-42A3-9474-1A3956D46DE8}") = "Samples", "Samples", "{BE825D31-2EA2-4CB9-B838-F3CFA84E3CC9}"
EndProject
Project("{FAE04EC0-301F-11D3-BF4B-00C04F79EFBC}") = "XForms.Toolkit.Sample", "..\..\samples\XForms.Toolkit.Sample\XForms.Toolkit.Sample.csproj", "{DC133A2F-E49E-49E3-B43D-BFB957CB5482}"
EndProject
Project("{FAE04EC0-301F-11D3-BF4B-00C04F79EFBC}") = "XForms.Toolkit.Sample.Droid", "..\..\samples\XForms.Toolkit.Sample.Droid\XForms.Toolkit.Sample.Droid.csproj", "{AA4B1042-18C5-4BAB-8EDA-24A8622ECC56}"
EndProject
Project("{FAE04EC0-301F-11D3-BF4B-00C04F79EFBC}") = "XForms.Toolkit.Sample.iOS", "..\..\samples\XForms.Toolkit.Sample.iOS\XForms.Toolkit.Sample.iOS.csproj", "{F68358E7-ADF7-4A0D-8DBF-C81C9B73009C}"
EndProject
Project("{FAE04EC0-301F-11D3-BF4B-00C04F79EFBC}") = "XForms.Toolkit.Sample.WP", "..\..\samples\XForms.Toolkit.Sample.WP\XForms.Toolkit.Sample.WP.csproj", "{5DE84A66-F761-41D2-9714-AF292CA9DBEB}"
EndProject
Project("{2150E333-8FDC-42A3-9474-1A3956D46DE8}") = "Docs", "Docs", "{FE751317-362B-40F8-89F8-0E1EE4E0BF88}"
	ProjectSection(SolutionItems) = preProject
		..\..\LICENSE = ..\..\LICENSE
		..\..\README.md = ..\..\README.md
	EndProjectSection
EndProject
Project("{2150E333-8FDC-42A3-9474-1A3956D46DE8}") = ".nuget", ".nuget", "{68C92848-7B0B-4312-A05A-F71FA1157F46}"
	ProjectSection(SolutionItems) = preProject
		.nuget\NuGet.Config = .nuget\NuGet.Config
		.nuget\NuGet.exe = .nuget\NuGet.exe
		.nuget\NuGet.targets = .nuget\NuGet.targets
	EndProjectSection
EndProject
Project("{FAE04EC0-301F-11D3-BF4B-00C04F79EFBC}") = "XForms.Toolkit.WP", "XForms.Toolkit.WP\XForms.Toolkit.WP.csproj", "{E38D2AA4-D265-4FF2-90EC-E02EB59F8A73}"
EndProject
Project("{2150E333-8FDC-42A3-9474-1A3956D46DE8}") = "Plugins", "Plugins", "{C6C2CC94-1785-4DA7-B72F-EC5A8D7041D6}"
EndProject
Project("{2150E333-8FDC-42A3-9474-1A3956D46DE8}") = "Caching", "Caching", "{41455E3C-1C90-481C-8E24-836D1AAF02C5}"
EndProject
Project("{FAE04EC0-301F-11D3-BF4B-00C04F79EFBC}") = "XForms.Toolkit.Caching.SQLiteNet", "Plugins\Caching\XForms.Toolkit.Caching.SQLiteNet\XForms.Toolkit.Caching.SQLiteNet.csproj", "{FC01BDDB-E810-4EC9-94AA-A08A66796FCC}"
EndProject
Project("{2150E333-8FDC-42A3-9474-1A3956D46DE8}") = "Serialization", "Serialization", "{2DAB26C0-8BC7-4515-96EC-877F8C1A0CC9}"
EndProject
Project("{FAE04EC0-301F-11D3-BF4B-00C04F79EFBC}") = "XForms.Toolkit.Services.Serialization.JsonNET", "Plugins\Serialization\JsonNET\XForms.Toolkit.Services.Serialization.JsonNET.csproj", "{A1021DE4-5E69-4219-B396-64F6683B3727}"
EndProject
Project("{FAE04EC0-301F-11D3-BF4B-00C04F79EFBC}") = "XForms.Toolkit.Services.Serialization.ServiceStack", "Plugins\Serialization\ServiceStackV3\XForms.Toolkit.Services.Serialization.ServiceStack.csproj", "{F07360BD-C6CC-4DAE-8CD0-C2383E593897}"
EndProject
Project("{FAE04EC0-301F-11D3-BF4B-00C04F79EFBC}") = "XForms.Toolkit.Services.Serialization.ServiceStackV3.iOS", "Plugins\Serialization\ServiceStackV3\XForms.Toolkit.Services.Serialization.ServiceStackV3.iOS.csproj", "{B1AB2869-D5B1-45EE-B882-208A23C8EB29}"
EndProject
Project("{FAE04EC0-301F-11D3-BF4B-00C04F79EFBC}") = "XForms.Toolkit.Services.Serialization.ServiceStackV3.Droid", "Plugins\Serialization\ServiceStackV3\XForms.Toolkit.Services.Serialization.ServiceStackV3.Droid.csproj", "{F0F4B2F6-1979-4F36-A81B-5A7A44418831}"
EndProject
Project("{FAE04EC0-301F-11D3-BF4B-00C04F79EFBC}") = "XForms.Toolkit.Services.Serialization.ProtoBuf", "Plugins\Serialization\XForms.Toolkit.Services.Serialization.ProtoBuf\XForms.Toolkit.Services.Serialization.ProtoBuf.csproj", "{C12F7576-1B49-44BB-9F79-FDB0BA81B846}"
EndProject
Project("{FAE04EC0-301F-11D3-BF4B-00C04F79EFBC}") = "XForms.Toolkit.Services.Serialization.ServiceStackV3.WP8", "Plugins\Serialization\ServiceStackV3\XForms.Toolkit.Services.Serialization.ServiceStackV3.WP8.csproj", "{B8FE27B3-F683-4B12-BCA7-344EF9A71046}"
EndProject
Project("{2150E333-8FDC-42A3-9474-1A3956D46DE8}") = "IOC", "IOC", "{3293F8C8-427A-4D6C-BA62-BDFB498B072A}"
EndProject
Project("{2150E333-8FDC-42A3-9474-1A3956D46DE8}") = "TinyIOC", "TinyIOC", "{6FD45BEE-2673-432A-BEFB-E93BC75AEE80}"
EndProject
Project("{FAE04EC0-301F-11D3-BF4B-00C04F79EFBC}") = "XForms.Toolkit.Services.TinyIOC", "Plugins\DI\XForms.Toolkit.Services.TinyIOC\XForms.Toolkit.Services.TinyIOC.csproj", "{8012A03A-DA4F-4EEE-950A-8996BDD919A8}"
EndProject
Project("{FAE04EC0-301F-11D3-BF4B-00C04F79EFBC}") = "XForms.Toolkit.Services.TinyIOC.Droid", "Plugins\DI\XForms.Toolkit.Services.TinyIOC\XForms.Toolkit.Services.TinyIOC.Droid.csproj", "{8EF183C3-A209-454B-B4B5-E27B47BF0A99}"
EndProject
Project("{FAE04EC0-301F-11D3-BF4B-00C04F79EFBC}") = "XForms.Toolkit.Services.TinyIOC.iOS", "Plugins\DI\XForms.Toolkit.Services.TinyIOC\XForms.Toolkit.Services.TinyIOC.iOS.csproj", "{F323DA24-A61A-459F-B9AC-C74BA55F932D}"
EndProject
Project("{FAE04EC0-301F-11D3-BF4B-00C04F79EFBC}") = "XForms.Toolkit.Services.TinyIOC.WP8", "Plugins\DI\XForms.Toolkit.Services.TinyIOC\XForms.Toolkit.Services.TinyIOC.WP8.csproj", "{F8B8C5D4-88A5-4796-9D9F-F9E43675879E}"
EndProject
Project("{2150E333-8FDC-42A3-9474-1A3956D46DE8}") = "Ninject", "Ninject", "{D2F1F115-379B-4B70-8988-12C5841E89B0}"
EndProject
Project("{FAE04EC0-301F-11D3-BF4B-00C04F79EFBC}") = "XForms.Toolkit.Services.Ninject", "Plugins\DI\XForms.Toolkit.Services.Ninject\XForms.Toolkit.Services.Ninject.csproj", "{EC5686A6-9846-4B09-8288-CB7396331B54}"
EndProject
Project("{2150E333-8FDC-42A3-9474-1A3956D46DE8}") = "SimpleInjector", "SimpleInjector", "{EB11721D-DEA7-4BDC-9AF8-E6C6E83E6739}"
EndProject
Project("{FAE04EC0-301F-11D3-BF4B-00C04F79EFBC}") = "XForms.Toolkit.Services.SimpleInjector", "Plugins\DI\XForms.Toolkit.Services.SimpleInjector\XForms.Toolkit.Services.SimpleInjector.csproj", "{526F68E5-B35B-45FB-A54F-25793D2A1678}"
EndProject
Project("{2150E333-8FDC-42A3-9474-1A3956D46DE8}") = "Autofac", "Autofac", "{6D77A8D9-5AD5-4EBD-9137-2999B35F783F}"
EndProject
Project("{FAE04EC0-301F-11D3-BF4B-00C04F79EFBC}") = "XForms.Toolkit.Services.Autofac", "Plugins\DI\XForms.Toolkit.Services.Autofac\XForms.Toolkit.Services.Autofac.csproj", "{F8C821A9-155E-48BC-8998-1ED9DE5CEF1A}"
EndProject
Global
	GlobalSection(SolutionConfigurationPlatforms) = preSolution
		Ad-Hoc|Any CPU = Ad-Hoc|Any CPU
		Ad-Hoc|ARM = Ad-Hoc|ARM
		Ad-Hoc|iPhone = Ad-Hoc|iPhone
		Ad-Hoc|iPhoneSimulator = Ad-Hoc|iPhoneSimulator
		Ad-Hoc|Mixed Platforms = Ad-Hoc|Mixed Platforms
		Ad-Hoc|x86 = Ad-Hoc|x86
		AppStore|Any CPU = AppStore|Any CPU
		AppStore|ARM = AppStore|ARM
		AppStore|iPhone = AppStore|iPhone
		AppStore|iPhoneSimulator = AppStore|iPhoneSimulator
		AppStore|Mixed Platforms = AppStore|Mixed Platforms
		AppStore|x86 = AppStore|x86
		Debug|Any CPU = Debug|Any CPU
		Debug|ARM = Debug|ARM
		Debug|iPhone = Debug|iPhone
		Debug|iPhoneSimulator = Debug|iPhoneSimulator
		Debug|Mixed Platforms = Debug|Mixed Platforms
		Debug|x86 = Debug|x86
		Release|Any CPU = Release|Any CPU
		Release|ARM = Release|ARM
		Release|iPhone = Release|iPhone
		Release|iPhoneSimulator = Release|iPhoneSimulator
		Release|Mixed Platforms = Release|Mixed Platforms
		Release|x86 = Release|x86
	EndGlobalSection
	GlobalSection(ProjectConfigurationPlatforms) = postSolution
		{31ACBE7A-3A07-46A5-804D-0C70454B3DC9}.Ad-Hoc|Any CPU.ActiveCfg = Release|Any CPU
		{31ACBE7A-3A07-46A5-804D-0C70454B3DC9}.Ad-Hoc|ARM.ActiveCfg = Release|Any CPU
		{31ACBE7A-3A07-46A5-804D-0C70454B3DC9}.Ad-Hoc|iPhone.ActiveCfg = Debug|Any CPU
		{31ACBE7A-3A07-46A5-804D-0C70454B3DC9}.Ad-Hoc|iPhone.Build.0 = Debug|Any CPU
		{31ACBE7A-3A07-46A5-804D-0C70454B3DC9}.Ad-Hoc|iPhoneSimulator.ActiveCfg = Release|Any CPU
		{31ACBE7A-3A07-46A5-804D-0C70454B3DC9}.Ad-Hoc|Mixed Platforms.ActiveCfg = Release|Any CPU
		{31ACBE7A-3A07-46A5-804D-0C70454B3DC9}.Ad-Hoc|Mixed Platforms.Build.0 = Release|Any CPU
		{31ACBE7A-3A07-46A5-804D-0C70454B3DC9}.Ad-Hoc|x86.ActiveCfg = Release|Any CPU
		{31ACBE7A-3A07-46A5-804D-0C70454B3DC9}.AppStore|Any CPU.ActiveCfg = Release|Any CPU
		{31ACBE7A-3A07-46A5-804D-0C70454B3DC9}.AppStore|ARM.ActiveCfg = Release|Any CPU
		{31ACBE7A-3A07-46A5-804D-0C70454B3DC9}.AppStore|iPhone.ActiveCfg = Debug|Any CPU
		{31ACBE7A-3A07-46A5-804D-0C70454B3DC9}.AppStore|iPhone.Build.0 = Debug|Any CPU
		{31ACBE7A-3A07-46A5-804D-0C70454B3DC9}.AppStore|iPhoneSimulator.ActiveCfg = Release|Any CPU
		{31ACBE7A-3A07-46A5-804D-0C70454B3DC9}.AppStore|Mixed Platforms.ActiveCfg = Release|Any CPU
		{31ACBE7A-3A07-46A5-804D-0C70454B3DC9}.AppStore|Mixed Platforms.Build.0 = Release|Any CPU
		{31ACBE7A-3A07-46A5-804D-0C70454B3DC9}.AppStore|x86.ActiveCfg = Release|Any CPU
		{31ACBE7A-3A07-46A5-804D-0C70454B3DC9}.Debug|Any CPU.ActiveCfg = Debug|Any CPU
		{31ACBE7A-3A07-46A5-804D-0C70454B3DC9}.Debug|ARM.ActiveCfg = Debug|Any CPU
		{31ACBE7A-3A07-46A5-804D-0C70454B3DC9}.Debug|iPhone.ActiveCfg = Debug|Any CPU
		{31ACBE7A-3A07-46A5-804D-0C70454B3DC9}.Debug|iPhone.Build.0 = Debug|Any CPU
		{31ACBE7A-3A07-46A5-804D-0C70454B3DC9}.Debug|iPhoneSimulator.ActiveCfg = Debug|Any CPU
		{31ACBE7A-3A07-46A5-804D-0C70454B3DC9}.Debug|iPhoneSimulator.Build.0 = Debug|Any CPU
		{31ACBE7A-3A07-46A5-804D-0C70454B3DC9}.Debug|Mixed Platforms.ActiveCfg = Debug|Any CPU
		{31ACBE7A-3A07-46A5-804D-0C70454B3DC9}.Debug|Mixed Platforms.Build.0 = Debug|Any CPU
		{31ACBE7A-3A07-46A5-804D-0C70454B3DC9}.Debug|x86.ActiveCfg = Debug|Any CPU
		{31ACBE7A-3A07-46A5-804D-0C70454B3DC9}.Release|Any CPU.ActiveCfg = Release|Any CPU
		{31ACBE7A-3A07-46A5-804D-0C70454B3DC9}.Release|Any CPU.Build.0 = Release|Any CPU
		{31ACBE7A-3A07-46A5-804D-0C70454B3DC9}.Release|ARM.ActiveCfg = Release|Any CPU
		{31ACBE7A-3A07-46A5-804D-0C70454B3DC9}.Release|iPhone.ActiveCfg = Release|Any CPU
		{31ACBE7A-3A07-46A5-804D-0C70454B3DC9}.Release|iPhone.Build.0 = Release|Any CPU
		{31ACBE7A-3A07-46A5-804D-0C70454B3DC9}.Release|iPhoneSimulator.ActiveCfg = Release|Any CPU
		{31ACBE7A-3A07-46A5-804D-0C70454B3DC9}.Release|iPhoneSimulator.Build.0 = Release|Any CPU
		{31ACBE7A-3A07-46A5-804D-0C70454B3DC9}.Release|Mixed Platforms.ActiveCfg = Release|Any CPU
		{31ACBE7A-3A07-46A5-804D-0C70454B3DC9}.Release|Mixed Platforms.Build.0 = Release|Any CPU
		{31ACBE7A-3A07-46A5-804D-0C70454B3DC9}.Release|x86.ActiveCfg = Release|Any CPU
		{4D10DF5E-883D-468B-A854-4A53C7FE75AC}.Ad-Hoc|Any CPU.ActiveCfg = Release|Any CPU
		{4D10DF5E-883D-468B-A854-4A53C7FE75AC}.Ad-Hoc|ARM.ActiveCfg = Release|Any CPU
		{4D10DF5E-883D-468B-A854-4A53C7FE75AC}.Ad-Hoc|iPhone.ActiveCfg = Debug|Any CPU
		{4D10DF5E-883D-468B-A854-4A53C7FE75AC}.Ad-Hoc|iPhone.Build.0 = Debug|Any CPU
		{4D10DF5E-883D-468B-A854-4A53C7FE75AC}.Ad-Hoc|iPhoneSimulator.ActiveCfg = Release|Any CPU
		{4D10DF5E-883D-468B-A854-4A53C7FE75AC}.Ad-Hoc|Mixed Platforms.ActiveCfg = Release|Any CPU
		{4D10DF5E-883D-468B-A854-4A53C7FE75AC}.Ad-Hoc|Mixed Platforms.Build.0 = Release|Any CPU
		{4D10DF5E-883D-468B-A854-4A53C7FE75AC}.Ad-Hoc|x86.ActiveCfg = Release|Any CPU
		{4D10DF5E-883D-468B-A854-4A53C7FE75AC}.AppStore|Any CPU.ActiveCfg = Release|Any CPU
		{4D10DF5E-883D-468B-A854-4A53C7FE75AC}.AppStore|ARM.ActiveCfg = Release|Any CPU
		{4D10DF5E-883D-468B-A854-4A53C7FE75AC}.AppStore|iPhone.ActiveCfg = Debug|Any CPU
		{4D10DF5E-883D-468B-A854-4A53C7FE75AC}.AppStore|iPhone.Build.0 = Debug|Any CPU
		{4D10DF5E-883D-468B-A854-4A53C7FE75AC}.AppStore|iPhoneSimulator.ActiveCfg = Release|Any CPU
		{4D10DF5E-883D-468B-A854-4A53C7FE75AC}.AppStore|Mixed Platforms.ActiveCfg = Release|Any CPU
		{4D10DF5E-883D-468B-A854-4A53C7FE75AC}.AppStore|Mixed Platforms.Build.0 = Release|Any CPU
		{4D10DF5E-883D-468B-A854-4A53C7FE75AC}.AppStore|x86.ActiveCfg = Release|Any CPU
		{4D10DF5E-883D-468B-A854-4A53C7FE75AC}.Debug|Any CPU.ActiveCfg = Debug|Any CPU
		{4D10DF5E-883D-468B-A854-4A53C7FE75AC}.Debug|Any CPU.Build.0 = Debug|Any CPU
		{4D10DF5E-883D-468B-A854-4A53C7FE75AC}.Debug|ARM.ActiveCfg = Debug|Any CPU
		{4D10DF5E-883D-468B-A854-4A53C7FE75AC}.Debug|ARM.Build.0 = Debug|Any CPU
		{4D10DF5E-883D-468B-A854-4A53C7FE75AC}.Debug|iPhone.ActiveCfg = Debug|Any CPU
		{4D10DF5E-883D-468B-A854-4A53C7FE75AC}.Debug|iPhone.Build.0 = Debug|Any CPU
		{4D10DF5E-883D-468B-A854-4A53C7FE75AC}.Debug|iPhoneSimulator.ActiveCfg = Debug|Any CPU
		{4D10DF5E-883D-468B-A854-4A53C7FE75AC}.Debug|iPhoneSimulator.Build.0 = Debug|Any CPU
		{4D10DF5E-883D-468B-A854-4A53C7FE75AC}.Debug|Mixed Platforms.ActiveCfg = Debug|Any CPU
		{4D10DF5E-883D-468B-A854-4A53C7FE75AC}.Debug|Mixed Platforms.Build.0 = Debug|Any CPU
		{4D10DF5E-883D-468B-A854-4A53C7FE75AC}.Debug|x86.ActiveCfg = Debug|Any CPU
		{4D10DF5E-883D-468B-A854-4A53C7FE75AC}.Release|Any CPU.ActiveCfg = Release|Any CPU
		{4D10DF5E-883D-468B-A854-4A53C7FE75AC}.Release|Any CPU.Build.0 = Release|Any CPU
		{4D10DF5E-883D-468B-A854-4A53C7FE75AC}.Release|ARM.ActiveCfg = Release|Any CPU
		{4D10DF5E-883D-468B-A854-4A53C7FE75AC}.Release|iPhone.ActiveCfg = Release|Any CPU
		{4D10DF5E-883D-468B-A854-4A53C7FE75AC}.Release|iPhone.Build.0 = Release|Any CPU
		{4D10DF5E-883D-468B-A854-4A53C7FE75AC}.Release|iPhoneSimulator.ActiveCfg = Release|Any CPU
		{4D10DF5E-883D-468B-A854-4A53C7FE75AC}.Release|iPhoneSimulator.Build.0 = Release|Any CPU
		{4D10DF5E-883D-468B-A854-4A53C7FE75AC}.Release|Mixed Platforms.ActiveCfg = Release|Any CPU
		{4D10DF5E-883D-468B-A854-4A53C7FE75AC}.Release|Mixed Platforms.Build.0 = Release|Any CPU
		{4D10DF5E-883D-468B-A854-4A53C7FE75AC}.Release|x86.ActiveCfg = Release|Any CPU
		{526F68E5-B35B-45FB-A54F-25793D2A1678}.Ad-Hoc|Any CPU.ActiveCfg = Release|Any CPU
		{526F68E5-B35B-45FB-A54F-25793D2A1678}.Ad-Hoc|Any CPU.Build.0 = Release|Any CPU
		{526F68E5-B35B-45FB-A54F-25793D2A1678}.Ad-Hoc|ARM.ActiveCfg = Release|Any CPU
		{526F68E5-B35B-45FB-A54F-25793D2A1678}.Ad-Hoc|iPhone.ActiveCfg = Release|Any CPU
		{526F68E5-B35B-45FB-A54F-25793D2A1678}.Ad-Hoc|iPhoneSimulator.ActiveCfg = Release|Any CPU
		{526F68E5-B35B-45FB-A54F-25793D2A1678}.Ad-Hoc|Mixed Platforms.ActiveCfg = Release|Any CPU
		{526F68E5-B35B-45FB-A54F-25793D2A1678}.Ad-Hoc|Mixed Platforms.Build.0 = Release|Any CPU
		{526F68E5-B35B-45FB-A54F-25793D2A1678}.Ad-Hoc|x86.ActiveCfg = Release|Any CPU
		{526F68E5-B35B-45FB-A54F-25793D2A1678}.AppStore|Any CPU.ActiveCfg = Release|Any CPU
		{526F68E5-B35B-45FB-A54F-25793D2A1678}.AppStore|Any CPU.Build.0 = Release|Any CPU
		{526F68E5-B35B-45FB-A54F-25793D2A1678}.AppStore|ARM.ActiveCfg = Release|Any CPU
		{526F68E5-B35B-45FB-A54F-25793D2A1678}.AppStore|iPhone.ActiveCfg = Release|Any CPU
		{526F68E5-B35B-45FB-A54F-25793D2A1678}.AppStore|iPhoneSimulator.ActiveCfg = Release|Any CPU
		{526F68E5-B35B-45FB-A54F-25793D2A1678}.AppStore|Mixed Platforms.ActiveCfg = Release|Any CPU
		{526F68E5-B35B-45FB-A54F-25793D2A1678}.AppStore|Mixed Platforms.Build.0 = Release|Any CPU
		{526F68E5-B35B-45FB-A54F-25793D2A1678}.AppStore|x86.ActiveCfg = Release|Any CPU
		{526F68E5-B35B-45FB-A54F-25793D2A1678}.Debug|Any CPU.ActiveCfg = Debug|Any CPU
		{526F68E5-B35B-45FB-A54F-25793D2A1678}.Debug|Any CPU.Build.0 = Debug|Any CPU
		{526F68E5-B35B-45FB-A54F-25793D2A1678}.Debug|ARM.ActiveCfg = Debug|Any CPU
		{526F68E5-B35B-45FB-A54F-25793D2A1678}.Debug|iPhone.ActiveCfg = Debug|Any CPU
		{526F68E5-B35B-45FB-A54F-25793D2A1678}.Debug|iPhoneSimulator.ActiveCfg = Debug|Any CPU
		{526F68E5-B35B-45FB-A54F-25793D2A1678}.Debug|Mixed Platforms.ActiveCfg = Debug|Any CPU
		{526F68E5-B35B-45FB-A54F-25793D2A1678}.Debug|Mixed Platforms.Build.0 = Debug|Any CPU
		{526F68E5-B35B-45FB-A54F-25793D2A1678}.Debug|x86.ActiveCfg = Debug|Any CPU
		{526F68E5-B35B-45FB-A54F-25793D2A1678}.Release|Any CPU.ActiveCfg = Release|Any CPU
		{526F68E5-B35B-45FB-A54F-25793D2A1678}.Release|Any CPU.Build.0 = Release|Any CPU
		{526F68E5-B35B-45FB-A54F-25793D2A1678}.Release|ARM.ActiveCfg = Release|Any CPU
		{526F68E5-B35B-45FB-A54F-25793D2A1678}.Release|iPhone.ActiveCfg = Release|Any CPU
		{526F68E5-B35B-45FB-A54F-25793D2A1678}.Release|iPhoneSimulator.ActiveCfg = Release|Any CPU
		{526F68E5-B35B-45FB-A54F-25793D2A1678}.Release|Mixed Platforms.ActiveCfg = Release|Any CPU
		{526F68E5-B35B-45FB-A54F-25793D2A1678}.Release|Mixed Platforms.Build.0 = Release|Any CPU
		{526F68E5-B35B-45FB-A54F-25793D2A1678}.Release|x86.ActiveCfg = Release|Any CPU
		{5DE84A66-F761-41D2-9714-AF292CA9DBEB}.Ad-Hoc|Any CPU.ActiveCfg = Release|Any CPU
		{5DE84A66-F761-41D2-9714-AF292CA9DBEB}.Ad-Hoc|Any CPU.Build.0 = Release|Any CPU
		{5DE84A66-F761-41D2-9714-AF292CA9DBEB}.Ad-Hoc|Any CPU.Deploy.0 = Release|Any CPU
		{5DE84A66-F761-41D2-9714-AF292CA9DBEB}.Ad-Hoc|ARM.ActiveCfg = Release|ARM
		{5DE84A66-F761-41D2-9714-AF292CA9DBEB}.Ad-Hoc|ARM.Build.0 = Release|ARM
		{5DE84A66-F761-41D2-9714-AF292CA9DBEB}.Ad-Hoc|ARM.Deploy.0 = Release|ARM
		{5DE84A66-F761-41D2-9714-AF292CA9DBEB}.Ad-Hoc|iPhone.ActiveCfg = Release|Any CPU
		{5DE84A66-F761-41D2-9714-AF292CA9DBEB}.Ad-Hoc|iPhoneSimulator.ActiveCfg = Release|Any CPU
		{5DE84A66-F761-41D2-9714-AF292CA9DBEB}.Ad-Hoc|Mixed Platforms.ActiveCfg = Release|x86
		{5DE84A66-F761-41D2-9714-AF292CA9DBEB}.Ad-Hoc|Mixed Platforms.Build.0 = Release|x86
		{5DE84A66-F761-41D2-9714-AF292CA9DBEB}.Ad-Hoc|Mixed Platforms.Deploy.0 = Release|x86
		{5DE84A66-F761-41D2-9714-AF292CA9DBEB}.Ad-Hoc|x86.ActiveCfg = Release|x86
		{5DE84A66-F761-41D2-9714-AF292CA9DBEB}.Ad-Hoc|x86.Build.0 = Release|x86
		{5DE84A66-F761-41D2-9714-AF292CA9DBEB}.Ad-Hoc|x86.Deploy.0 = Release|x86
		{5DE84A66-F761-41D2-9714-AF292CA9DBEB}.AppStore|Any CPU.ActiveCfg = Release|Any CPU
		{5DE84A66-F761-41D2-9714-AF292CA9DBEB}.AppStore|Any CPU.Build.0 = Release|Any CPU
		{5DE84A66-F761-41D2-9714-AF292CA9DBEB}.AppStore|Any CPU.Deploy.0 = Release|Any CPU
		{5DE84A66-F761-41D2-9714-AF292CA9DBEB}.AppStore|ARM.ActiveCfg = Release|ARM
		{5DE84A66-F761-41D2-9714-AF292CA9DBEB}.AppStore|ARM.Build.0 = Release|ARM
		{5DE84A66-F761-41D2-9714-AF292CA9DBEB}.AppStore|ARM.Deploy.0 = Release|ARM
		{5DE84A66-F761-41D2-9714-AF292CA9DBEB}.AppStore|iPhone.ActiveCfg = Release|Any CPU
		{5DE84A66-F761-41D2-9714-AF292CA9DBEB}.AppStore|iPhoneSimulator.ActiveCfg = Release|Any CPU
		{5DE84A66-F761-41D2-9714-AF292CA9DBEB}.AppStore|Mixed Platforms.ActiveCfg = Release|x86
		{5DE84A66-F761-41D2-9714-AF292CA9DBEB}.AppStore|Mixed Platforms.Build.0 = Release|x86
		{5DE84A66-F761-41D2-9714-AF292CA9DBEB}.AppStore|Mixed Platforms.Deploy.0 = Release|x86
		{5DE84A66-F761-41D2-9714-AF292CA9DBEB}.AppStore|x86.ActiveCfg = Release|x86
		{5DE84A66-F761-41D2-9714-AF292CA9DBEB}.AppStore|x86.Build.0 = Release|x86
		{5DE84A66-F761-41D2-9714-AF292CA9DBEB}.AppStore|x86.Deploy.0 = Release|x86
		{5DE84A66-F761-41D2-9714-AF292CA9DBEB}.Debug|Any CPU.ActiveCfg = Debug|Any CPU
		{5DE84A66-F761-41D2-9714-AF292CA9DBEB}.Debug|Any CPU.Deploy.0 = Debug|Any CPU
		{5DE84A66-F761-41D2-9714-AF292CA9DBEB}.Debug|ARM.ActiveCfg = Debug|ARM
		{5DE84A66-F761-41D2-9714-AF292CA9DBEB}.Debug|ARM.Build.0 = Debug|ARM
		{5DE84A66-F761-41D2-9714-AF292CA9DBEB}.Debug|ARM.Deploy.0 = Debug|ARM
		{5DE84A66-F761-41D2-9714-AF292CA9DBEB}.Debug|iPhone.ActiveCfg = Debug|Any CPU
		{5DE84A66-F761-41D2-9714-AF292CA9DBEB}.Debug|iPhoneSimulator.ActiveCfg = Debug|Any CPU
		{5DE84A66-F761-41D2-9714-AF292CA9DBEB}.Debug|iPhoneSimulator.Build.0 = Debug|Any CPU
		{5DE84A66-F761-41D2-9714-AF292CA9DBEB}.Debug|iPhoneSimulator.Deploy.0 = Debug|Any CPU
		{5DE84A66-F761-41D2-9714-AF292CA9DBEB}.Debug|Mixed Platforms.ActiveCfg = Debug|x86
		{5DE84A66-F761-41D2-9714-AF292CA9DBEB}.Debug|Mixed Platforms.Build.0 = Debug|x86
		{5DE84A66-F761-41D2-9714-AF292CA9DBEB}.Debug|Mixed Platforms.Deploy.0 = Debug|x86
		{5DE84A66-F761-41D2-9714-AF292CA9DBEB}.Debug|x86.ActiveCfg = Debug|x86
		{5DE84A66-F761-41D2-9714-AF292CA9DBEB}.Debug|x86.Build.0 = Debug|x86
		{5DE84A66-F761-41D2-9714-AF292CA9DBEB}.Debug|x86.Deploy.0 = Debug|x86
		{5DE84A66-F761-41D2-9714-AF292CA9DBEB}.Release|Any CPU.ActiveCfg = Release|Any CPU
		{5DE84A66-F761-41D2-9714-AF292CA9DBEB}.Release|Any CPU.Build.0 = Release|Any CPU
		{5DE84A66-F761-41D2-9714-AF292CA9DBEB}.Release|Any CPU.Deploy.0 = Release|Any CPU
		{5DE84A66-F761-41D2-9714-AF292CA9DBEB}.Release|ARM.ActiveCfg = Release|ARM
		{5DE84A66-F761-41D2-9714-AF292CA9DBEB}.Release|ARM.Build.0 = Release|ARM
		{5DE84A66-F761-41D2-9714-AF292CA9DBEB}.Release|ARM.Deploy.0 = Release|ARM
		{5DE84A66-F761-41D2-9714-AF292CA9DBEB}.Release|iPhone.ActiveCfg = Release|Any CPU
		{5DE84A66-F761-41D2-9714-AF292CA9DBEB}.Release|iPhoneSimulator.ActiveCfg = Release|Any CPU
		{5DE84A66-F761-41D2-9714-AF292CA9DBEB}.Release|Mixed Platforms.ActiveCfg = Release|x86
		{5DE84A66-F761-41D2-9714-AF292CA9DBEB}.Release|Mixed Platforms.Build.0 = Release|x86
		{5DE84A66-F761-41D2-9714-AF292CA9DBEB}.Release|Mixed Platforms.Deploy.0 = Release|x86
		{5DE84A66-F761-41D2-9714-AF292CA9DBEB}.Release|x86.ActiveCfg = Release|x86
		{5DE84A66-F761-41D2-9714-AF292CA9DBEB}.Release|x86.Build.0 = Release|x86
		{5DE84A66-F761-41D2-9714-AF292CA9DBEB}.Release|x86.Deploy.0 = Release|x86
		{67BB1B0A-8F35-4B87-907A-0BCA3103B38B}.Ad-Hoc|Any CPU.ActiveCfg = Release|Any CPU
		{67BB1B0A-8F35-4B87-907A-0BCA3103B38B}.Ad-Hoc|ARM.ActiveCfg = Release|Any CPU
		{67BB1B0A-8F35-4B87-907A-0BCA3103B38B}.Ad-Hoc|iPhone.ActiveCfg = Debug|Any CPU
		{67BB1B0A-8F35-4B87-907A-0BCA3103B38B}.Ad-Hoc|iPhone.Build.0 = Debug|Any CPU
		{67BB1B0A-8F35-4B87-907A-0BCA3103B38B}.Ad-Hoc|iPhoneSimulator.ActiveCfg = Release|Any CPU
		{67BB1B0A-8F35-4B87-907A-0BCA3103B38B}.Ad-Hoc|Mixed Platforms.ActiveCfg = Release|Any CPU
		{67BB1B0A-8F35-4B87-907A-0BCA3103B38B}.Ad-Hoc|Mixed Platforms.Build.0 = Release|Any CPU
		{67BB1B0A-8F35-4B87-907A-0BCA3103B38B}.Ad-Hoc|x86.ActiveCfg = Release|Any CPU
		{67BB1B0A-8F35-4B87-907A-0BCA3103B38B}.AppStore|Any CPU.ActiveCfg = Release|Any CPU
		{67BB1B0A-8F35-4B87-907A-0BCA3103B38B}.AppStore|ARM.ActiveCfg = Release|Any CPU
		{67BB1B0A-8F35-4B87-907A-0BCA3103B38B}.AppStore|iPhone.ActiveCfg = Debug|Any CPU
		{67BB1B0A-8F35-4B87-907A-0BCA3103B38B}.AppStore|iPhone.Build.0 = Debug|Any CPU
		{67BB1B0A-8F35-4B87-907A-0BCA3103B38B}.AppStore|iPhoneSimulator.ActiveCfg = Release|Any CPU
		{67BB1B0A-8F35-4B87-907A-0BCA3103B38B}.AppStore|Mixed Platforms.ActiveCfg = Release|Any CPU
		{67BB1B0A-8F35-4B87-907A-0BCA3103B38B}.AppStore|Mixed Platforms.Build.0 = Release|Any CPU
		{67BB1B0A-8F35-4B87-907A-0BCA3103B38B}.AppStore|x86.ActiveCfg = Release|Any CPU
		{67BB1B0A-8F35-4B87-907A-0BCA3103B38B}.Debug|Any CPU.ActiveCfg = Debug|Any CPU
		{67BB1B0A-8F35-4B87-907A-0BCA3103B38B}.Debug|Any CPU.Build.0 = Debug|Any CPU
		{67BB1B0A-8F35-4B87-907A-0BCA3103B38B}.Debug|ARM.ActiveCfg = Debug|Any CPU
		{67BB1B0A-8F35-4B87-907A-0BCA3103B38B}.Debug|iPhone.ActiveCfg = Debug|Any CPU
		{67BB1B0A-8F35-4B87-907A-0BCA3103B38B}.Debug|iPhoneSimulator.ActiveCfg = Debug|Any CPU
		{67BB1B0A-8F35-4B87-907A-0BCA3103B38B}.Debug|iPhoneSimulator.Build.0 = Debug|Any CPU
		{67BB1B0A-8F35-4B87-907A-0BCA3103B38B}.Debug|Mixed Platforms.ActiveCfg = Debug|Any CPU
		{67BB1B0A-8F35-4B87-907A-0BCA3103B38B}.Debug|Mixed Platforms.Build.0 = Debug|Any CPU
		{67BB1B0A-8F35-4B87-907A-0BCA3103B38B}.Debug|x86.ActiveCfg = Debug|Any CPU
		{67BB1B0A-8F35-4B87-907A-0BCA3103B38B}.Release|Any CPU.ActiveCfg = Release|Any CPU
		{67BB1B0A-8F35-4B87-907A-0BCA3103B38B}.Release|Any CPU.Build.0 = Release|Any CPU
		{67BB1B0A-8F35-4B87-907A-0BCA3103B38B}.Release|ARM.ActiveCfg = Release|Any CPU
		{67BB1B0A-8F35-4B87-907A-0BCA3103B38B}.Release|iPhone.ActiveCfg = Release|Any CPU
		{67BB1B0A-8F35-4B87-907A-0BCA3103B38B}.Release|iPhone.Build.0 = Release|Any CPU
		{67BB1B0A-8F35-4B87-907A-0BCA3103B38B}.Release|iPhoneSimulator.ActiveCfg = Release|Any CPU
		{67BB1B0A-8F35-4B87-907A-0BCA3103B38B}.Release|iPhoneSimulator.Build.0 = Release|Any CPU
		{67BB1B0A-8F35-4B87-907A-0BCA3103B38B}.Release|Mixed Platforms.ActiveCfg = Release|Any CPU
		{67BB1B0A-8F35-4B87-907A-0BCA3103B38B}.Release|Mixed Platforms.Build.0 = Release|Any CPU
		{67BB1B0A-8F35-4B87-907A-0BCA3103B38B}.Release|x86.ActiveCfg = Release|Any CPU
		{8012A03A-DA4F-4EEE-950A-8996BDD919A8}.Ad-Hoc|Any CPU.ActiveCfg = Release|Any CPU
		{8012A03A-DA4F-4EEE-950A-8996BDD919A8}.Ad-Hoc|Any CPU.Build.0 = Release|Any CPU
		{8012A03A-DA4F-4EEE-950A-8996BDD919A8}.Ad-Hoc|ARM.ActiveCfg = Release|Any CPU
		{8012A03A-DA4F-4EEE-950A-8996BDD919A8}.Ad-Hoc|iPhone.ActiveCfg = Release|Any CPU
		{8012A03A-DA4F-4EEE-950A-8996BDD919A8}.Ad-Hoc|iPhoneSimulator.ActiveCfg = Release|Any CPU
		{8012A03A-DA4F-4EEE-950A-8996BDD919A8}.Ad-Hoc|Mixed Platforms.ActiveCfg = Release|Any CPU
		{8012A03A-DA4F-4EEE-950A-8996BDD919A8}.Ad-Hoc|Mixed Platforms.Build.0 = Release|Any CPU
		{8012A03A-DA4F-4EEE-950A-8996BDD919A8}.Ad-Hoc|x86.ActiveCfg = Release|Any CPU
		{8012A03A-DA4F-4EEE-950A-8996BDD919A8}.AppStore|Any CPU.ActiveCfg = Release|Any CPU
		{8012A03A-DA4F-4EEE-950A-8996BDD919A8}.AppStore|Any CPU.Build.0 = Release|Any CPU
		{8012A03A-DA4F-4EEE-950A-8996BDD919A8}.AppStore|ARM.ActiveCfg = Release|Any CPU
		{8012A03A-DA4F-4EEE-950A-8996BDD919A8}.AppStore|iPhone.ActiveCfg = Release|Any CPU
		{8012A03A-DA4F-4EEE-950A-8996BDD919A8}.AppStore|iPhoneSimulator.ActiveCfg = Release|Any CPU
		{8012A03A-DA4F-4EEE-950A-8996BDD919A8}.AppStore|Mixed Platforms.ActiveCfg = Release|Any CPU
		{8012A03A-DA4F-4EEE-950A-8996BDD919A8}.AppStore|Mixed Platforms.Build.0 = Release|Any CPU
		{8012A03A-DA4F-4EEE-950A-8996BDD919A8}.AppStore|x86.ActiveCfg = Release|Any CPU
		{8012A03A-DA4F-4EEE-950A-8996BDD919A8}.Debug|Any CPU.ActiveCfg = Debug|Any CPU
		{8012A03A-DA4F-4EEE-950A-8996BDD919A8}.Debug|Any CPU.Build.0 = Debug|Any CPU
		{8012A03A-DA4F-4EEE-950A-8996BDD919A8}.Debug|ARM.ActiveCfg = Debug|Any CPU
		{8012A03A-DA4F-4EEE-950A-8996BDD919A8}.Debug|iPhone.ActiveCfg = Debug|Any CPU
		{8012A03A-DA4F-4EEE-950A-8996BDD919A8}.Debug|iPhoneSimulator.ActiveCfg = Debug|Any CPU
		{8012A03A-DA4F-4EEE-950A-8996BDD919A8}.Debug|Mixed Platforms.ActiveCfg = Debug|Any CPU
		{8012A03A-DA4F-4EEE-950A-8996BDD919A8}.Debug|Mixed Platforms.Build.0 = Debug|Any CPU
		{8012A03A-DA4F-4EEE-950A-8996BDD919A8}.Debug|x86.ActiveCfg = Debug|Any CPU
		{8012A03A-DA4F-4EEE-950A-8996BDD919A8}.Release|Any CPU.ActiveCfg = Release|Any CPU
		{8012A03A-DA4F-4EEE-950A-8996BDD919A8}.Release|Any CPU.Build.0 = Release|Any CPU
		{8012A03A-DA4F-4EEE-950A-8996BDD919A8}.Release|ARM.ActiveCfg = Release|Any CPU
		{8012A03A-DA4F-4EEE-950A-8996BDD919A8}.Release|iPhone.ActiveCfg = Release|Any CPU
		{8012A03A-DA4F-4EEE-950A-8996BDD919A8}.Release|iPhoneSimulator.ActiveCfg = Release|Any CPU
		{8012A03A-DA4F-4EEE-950A-8996BDD919A8}.Release|Mixed Platforms.ActiveCfg = Release|Any CPU
		{8012A03A-DA4F-4EEE-950A-8996BDD919A8}.Release|Mixed Platforms.Build.0 = Release|Any CPU
		{8012A03A-DA4F-4EEE-950A-8996BDD919A8}.Release|x86.ActiveCfg = Release|Any CPU
		{8EF183C3-A209-454B-B4B5-E27B47BF0A99}.Ad-Hoc|Any CPU.ActiveCfg = Release|Any CPU
		{8EF183C3-A209-454B-B4B5-E27B47BF0A99}.Ad-Hoc|Any CPU.Build.0 = Release|Any CPU
		{8EF183C3-A209-454B-B4B5-E27B47BF0A99}.Ad-Hoc|ARM.ActiveCfg = Release|Any CPU
		{8EF183C3-A209-454B-B4B5-E27B47BF0A99}.Ad-Hoc|iPhone.ActiveCfg = Release|Any CPU
		{8EF183C3-A209-454B-B4B5-E27B47BF0A99}.Ad-Hoc|iPhoneSimulator.ActiveCfg = Release|Any CPU
		{8EF183C3-A209-454B-B4B5-E27B47BF0A99}.Ad-Hoc|Mixed Platforms.ActiveCfg = Release|Any CPU
		{8EF183C3-A209-454B-B4B5-E27B47BF0A99}.Ad-Hoc|Mixed Platforms.Build.0 = Release|Any CPU
		{8EF183C3-A209-454B-B4B5-E27B47BF0A99}.Ad-Hoc|x86.ActiveCfg = Release|Any CPU
		{8EF183C3-A209-454B-B4B5-E27B47BF0A99}.AppStore|Any CPU.ActiveCfg = Release|Any CPU
		{8EF183C3-A209-454B-B4B5-E27B47BF0A99}.AppStore|Any CPU.Build.0 = Release|Any CPU
		{8EF183C3-A209-454B-B4B5-E27B47BF0A99}.AppStore|ARM.ActiveCfg = Release|Any CPU
		{8EF183C3-A209-454B-B4B5-E27B47BF0A99}.AppStore|iPhone.ActiveCfg = Release|Any CPU
		{8EF183C3-A209-454B-B4B5-E27B47BF0A99}.AppStore|iPhoneSimulator.ActiveCfg = Release|Any CPU
		{8EF183C3-A209-454B-B4B5-E27B47BF0A99}.AppStore|Mixed Platforms.ActiveCfg = Release|Any CPU
		{8EF183C3-A209-454B-B4B5-E27B47BF0A99}.AppStore|Mixed Platforms.Build.0 = Release|Any CPU
		{8EF183C3-A209-454B-B4B5-E27B47BF0A99}.AppStore|x86.ActiveCfg = Release|Any CPU
		{8EF183C3-A209-454B-B4B5-E27B47BF0A99}.Debug|Any CPU.ActiveCfg = Debug|Any CPU
		{8EF183C3-A209-454B-B4B5-E27B47BF0A99}.Debug|Any CPU.Build.0 = Debug|Any CPU
		{8EF183C3-A209-454B-B4B5-E27B47BF0A99}.Debug|ARM.ActiveCfg = Debug|Any CPU
		{8EF183C3-A209-454B-B4B5-E27B47BF0A99}.Debug|iPhone.ActiveCfg = Debug|Any CPU
		{8EF183C3-A209-454B-B4B5-E27B47BF0A99}.Debug|iPhoneSimulator.ActiveCfg = Debug|Any CPU
		{8EF183C3-A209-454B-B4B5-E27B47BF0A99}.Debug|Mixed Platforms.ActiveCfg = Debug|Any CPU
		{8EF183C3-A209-454B-B4B5-E27B47BF0A99}.Debug|Mixed Platforms.Build.0 = Debug|Any CPU
		{8EF183C3-A209-454B-B4B5-E27B47BF0A99}.Debug|x86.ActiveCfg = Debug|Any CPU
		{8EF183C3-A209-454B-B4B5-E27B47BF0A99}.Release|Any CPU.ActiveCfg = Release|Any CPU
		{8EF183C3-A209-454B-B4B5-E27B47BF0A99}.Release|Any CPU.Build.0 = Release|Any CPU
		{8EF183C3-A209-454B-B4B5-E27B47BF0A99}.Release|ARM.ActiveCfg = Release|Any CPU
		{8EF183C3-A209-454B-B4B5-E27B47BF0A99}.Release|iPhone.ActiveCfg = Release|Any CPU
		{8EF183C3-A209-454B-B4B5-E27B47BF0A99}.Release|iPhoneSimulator.ActiveCfg = Release|Any CPU
		{8EF183C3-A209-454B-B4B5-E27B47BF0A99}.Release|Mixed Platforms.ActiveCfg = Release|Any CPU
		{8EF183C3-A209-454B-B4B5-E27B47BF0A99}.Release|Mixed Platforms.Build.0 = Release|Any CPU
		{8EF183C3-A209-454B-B4B5-E27B47BF0A99}.Release|x86.ActiveCfg = Release|Any CPU
		{A1021DE4-5E69-4219-B396-64F6683B3727}.Ad-Hoc|Any CPU.ActiveCfg = Release|Any CPU
		{A1021DE4-5E69-4219-B396-64F6683B3727}.Ad-Hoc|Any CPU.Build.0 = Release|Any CPU
		{A1021DE4-5E69-4219-B396-64F6683B3727}.Ad-Hoc|ARM.ActiveCfg = Release|Any CPU
		{A1021DE4-5E69-4219-B396-64F6683B3727}.Ad-Hoc|iPhone.ActiveCfg = Release|Any CPU
		{A1021DE4-5E69-4219-B396-64F6683B3727}.Ad-Hoc|iPhoneSimulator.ActiveCfg = Release|Any CPU
		{A1021DE4-5E69-4219-B396-64F6683B3727}.Ad-Hoc|Mixed Platforms.ActiveCfg = Release|Any CPU
		{A1021DE4-5E69-4219-B396-64F6683B3727}.Ad-Hoc|Mixed Platforms.Build.0 = Release|Any CPU
		{A1021DE4-5E69-4219-B396-64F6683B3727}.Ad-Hoc|x86.ActiveCfg = Release|Any CPU
		{A1021DE4-5E69-4219-B396-64F6683B3727}.AppStore|Any CPU.ActiveCfg = Release|Any CPU
		{A1021DE4-5E69-4219-B396-64F6683B3727}.AppStore|Any CPU.Build.0 = Release|Any CPU
		{A1021DE4-5E69-4219-B396-64F6683B3727}.AppStore|ARM.ActiveCfg = Release|Any CPU
		{A1021DE4-5E69-4219-B396-64F6683B3727}.AppStore|iPhone.ActiveCfg = Release|Any CPU
		{A1021DE4-5E69-4219-B396-64F6683B3727}.AppStore|iPhoneSimulator.ActiveCfg = Release|Any CPU
		{A1021DE4-5E69-4219-B396-64F6683B3727}.AppStore|Mixed Platforms.ActiveCfg = Release|Any CPU
		{A1021DE4-5E69-4219-B396-64F6683B3727}.AppStore|Mixed Platforms.Build.0 = Release|Any CPU
		{A1021DE4-5E69-4219-B396-64F6683B3727}.AppStore|x86.ActiveCfg = Release|Any CPU
		{A1021DE4-5E69-4219-B396-64F6683B3727}.Debug|Any CPU.ActiveCfg = Debug|Any CPU
		{A1021DE4-5E69-4219-B396-64F6683B3727}.Debug|Any CPU.Build.0 = Debug|Any CPU
		{A1021DE4-5E69-4219-B396-64F6683B3727}.Debug|ARM.ActiveCfg = Debug|Any CPU
		{A1021DE4-5E69-4219-B396-64F6683B3727}.Debug|ARM.Build.0 = Debug|Any CPU
		{A1021DE4-5E69-4219-B396-64F6683B3727}.Debug|iPhone.ActiveCfg = Debug|Any CPU
		{A1021DE4-5E69-4219-B396-64F6683B3727}.Debug|iPhone.Build.0 = Debug|Any CPU
		{A1021DE4-5E69-4219-B396-64F6683B3727}.Debug|iPhoneSimulator.ActiveCfg = Debug|Any CPU
		{A1021DE4-5E69-4219-B396-64F6683B3727}.Debug|iPhoneSimulator.Build.0 = Debug|Any CPU
		{A1021DE4-5E69-4219-B396-64F6683B3727}.Debug|Mixed Platforms.ActiveCfg = Debug|Any CPU
		{A1021DE4-5E69-4219-B396-64F6683B3727}.Debug|Mixed Platforms.Build.0 = Debug|Any CPU
		{A1021DE4-5E69-4219-B396-64F6683B3727}.Debug|x86.ActiveCfg = Debug|Any CPU
		{A1021DE4-5E69-4219-B396-64F6683B3727}.Release|Any CPU.ActiveCfg = Release|Any CPU
		{A1021DE4-5E69-4219-B396-64F6683B3727}.Release|Any CPU.Build.0 = Release|Any CPU
		{A1021DE4-5E69-4219-B396-64F6683B3727}.Release|ARM.ActiveCfg = Release|Any CPU
		{A1021DE4-5E69-4219-B396-64F6683B3727}.Release|iPhone.ActiveCfg = Release|Any CPU
		{A1021DE4-5E69-4219-B396-64F6683B3727}.Release|iPhoneSimulator.ActiveCfg = Release|Any CPU
		{A1021DE4-5E69-4219-B396-64F6683B3727}.Release|Mixed Platforms.ActiveCfg = Release|Any CPU
		{A1021DE4-5E69-4219-B396-64F6683B3727}.Release|Mixed Platforms.Build.0 = Release|Any CPU
		{A1021DE4-5E69-4219-B396-64F6683B3727}.Release|x86.ActiveCfg = Release|Any CPU
		{AA4B1042-18C5-4BAB-8EDA-24A8622ECC56}.Ad-Hoc|Any CPU.ActiveCfg = Release|Any CPU
		{AA4B1042-18C5-4BAB-8EDA-24A8622ECC56}.Ad-Hoc|ARM.ActiveCfg = Release|Any CPU
		{AA4B1042-18C5-4BAB-8EDA-24A8622ECC56}.Ad-Hoc|iPhone.ActiveCfg = Debug|Any CPU
		{AA4B1042-18C5-4BAB-8EDA-24A8622ECC56}.Ad-Hoc|iPhone.Build.0 = Debug|Any CPU
		{AA4B1042-18C5-4BAB-8EDA-24A8622ECC56}.Ad-Hoc|iPhoneSimulator.ActiveCfg = Release|Any CPU
		{AA4B1042-18C5-4BAB-8EDA-24A8622ECC56}.Ad-Hoc|Mixed Platforms.ActiveCfg = Release|Any CPU
		{AA4B1042-18C5-4BAB-8EDA-24A8622ECC56}.Ad-Hoc|Mixed Platforms.Build.0 = Release|Any CPU
		{AA4B1042-18C5-4BAB-8EDA-24A8622ECC56}.Ad-Hoc|Mixed Platforms.Deploy.0 = Release|Any CPU
		{AA4B1042-18C5-4BAB-8EDA-24A8622ECC56}.Ad-Hoc|x86.ActiveCfg = Release|Any CPU
		{AA4B1042-18C5-4BAB-8EDA-24A8622ECC56}.AppStore|Any CPU.ActiveCfg = Release|Any CPU
		{AA4B1042-18C5-4BAB-8EDA-24A8622ECC56}.AppStore|ARM.ActiveCfg = Release|Any CPU
		{AA4B1042-18C5-4BAB-8EDA-24A8622ECC56}.AppStore|iPhone.ActiveCfg = Debug|Any CPU
		{AA4B1042-18C5-4BAB-8EDA-24A8622ECC56}.AppStore|iPhone.Build.0 = Debug|Any CPU
		{AA4B1042-18C5-4BAB-8EDA-24A8622ECC56}.AppStore|iPhoneSimulator.ActiveCfg = Release|Any CPU
		{AA4B1042-18C5-4BAB-8EDA-24A8622ECC56}.AppStore|Mixed Platforms.ActiveCfg = Release|Any CPU
		{AA4B1042-18C5-4BAB-8EDA-24A8622ECC56}.AppStore|Mixed Platforms.Build.0 = Release|Any CPU
		{AA4B1042-18C5-4BAB-8EDA-24A8622ECC56}.AppStore|Mixed Platforms.Deploy.0 = Release|Any CPU
		{AA4B1042-18C5-4BAB-8EDA-24A8622ECC56}.AppStore|x86.ActiveCfg = Release|Any CPU
		{AA4B1042-18C5-4BAB-8EDA-24A8622ECC56}.Debug|Any CPU.ActiveCfg = Debug|Any CPU
		{AA4B1042-18C5-4BAB-8EDA-24A8622ECC56}.Debug|Any CPU.Build.0 = Debug|Any CPU
		{AA4B1042-18C5-4BAB-8EDA-24A8622ECC56}.Debug|ARM.ActiveCfg = Debug|Any CPU
		{AA4B1042-18C5-4BAB-8EDA-24A8622ECC56}.Debug|iPhone.ActiveCfg = Debug|Any CPU
		{AA4B1042-18C5-4BAB-8EDA-24A8622ECC56}.Debug|iPhoneSimulator.ActiveCfg = Debug|Any CPU
		{AA4B1042-18C5-4BAB-8EDA-24A8622ECC56}.Debug|iPhoneSimulator.Build.0 = Debug|Any CPU
		{AA4B1042-18C5-4BAB-8EDA-24A8622ECC56}.Debug|Mixed Platforms.ActiveCfg = Debug|Any CPU
		{AA4B1042-18C5-4BAB-8EDA-24A8622ECC56}.Debug|Mixed Platforms.Build.0 = Debug|Any CPU
		{AA4B1042-18C5-4BAB-8EDA-24A8622ECC56}.Debug|Mixed Platforms.Deploy.0 = Debug|Any CPU
		{AA4B1042-18C5-4BAB-8EDA-24A8622ECC56}.Debug|x86.ActiveCfg = Debug|Any CPU
		{AA4B1042-18C5-4BAB-8EDA-24A8622ECC56}.Release|Any CPU.ActiveCfg = Release|Any CPU
		{AA4B1042-18C5-4BAB-8EDA-24A8622ECC56}.Release|Any CPU.Build.0 = Release|Any CPU
		{AA4B1042-18C5-4BAB-8EDA-24A8622ECC56}.Release|ARM.ActiveCfg = Release|Any CPU
		{AA4B1042-18C5-4BAB-8EDA-24A8622ECC56}.Release|iPhone.ActiveCfg = Release|Any CPU
		{AA4B1042-18C5-4BAB-8EDA-24A8622ECC56}.Release|iPhone.Build.0 = Release|Any CPU
		{AA4B1042-18C5-4BAB-8EDA-24A8622ECC56}.Release|iPhoneSimulator.ActiveCfg = Release|Any CPU
		{AA4B1042-18C5-4BAB-8EDA-24A8622ECC56}.Release|iPhoneSimulator.Build.0 = Release|Any CPU
		{AA4B1042-18C5-4BAB-8EDA-24A8622ECC56}.Release|Mixed Platforms.ActiveCfg = Release|Any CPU
		{AA4B1042-18C5-4BAB-8EDA-24A8622ECC56}.Release|Mixed Platforms.Build.0 = Release|Any CPU
		{AA4B1042-18C5-4BAB-8EDA-24A8622ECC56}.Release|Mixed Platforms.Deploy.0 = Release|Any CPU
		{AA4B1042-18C5-4BAB-8EDA-24A8622ECC56}.Release|x86.ActiveCfg = Release|Any CPU
		{B1AB2869-D5B1-45EE-B882-208A23C8EB29}.Ad-Hoc|Any CPU.ActiveCfg = Release|Any CPU
		{B1AB2869-D5B1-45EE-B882-208A23C8EB29}.Ad-Hoc|Any CPU.Build.0 = Release|Any CPU
		{B1AB2869-D5B1-45EE-B882-208A23C8EB29}.Ad-Hoc|ARM.ActiveCfg = Release|Any CPU
		{B1AB2869-D5B1-45EE-B882-208A23C8EB29}.Ad-Hoc|iPhone.ActiveCfg = Release|Any CPU
		{B1AB2869-D5B1-45EE-B882-208A23C8EB29}.Ad-Hoc|iPhoneSimulator.ActiveCfg = Release|Any CPU
		{B1AB2869-D5B1-45EE-B882-208A23C8EB29}.Ad-Hoc|Mixed Platforms.ActiveCfg = Release|Any CPU
		{B1AB2869-D5B1-45EE-B882-208A23C8EB29}.Ad-Hoc|Mixed Platforms.Build.0 = Release|Any CPU
		{B1AB2869-D5B1-45EE-B882-208A23C8EB29}.Ad-Hoc|x86.ActiveCfg = Release|Any CPU
		{B1AB2869-D5B1-45EE-B882-208A23C8EB29}.AppStore|Any CPU.ActiveCfg = Release|Any CPU
		{B1AB2869-D5B1-45EE-B882-208A23C8EB29}.AppStore|Any CPU.Build.0 = Release|Any CPU
		{B1AB2869-D5B1-45EE-B882-208A23C8EB29}.AppStore|ARM.ActiveCfg = Release|Any CPU
		{B1AB2869-D5B1-45EE-B882-208A23C8EB29}.AppStore|iPhone.ActiveCfg = Release|Any CPU
		{B1AB2869-D5B1-45EE-B882-208A23C8EB29}.AppStore|iPhoneSimulator.ActiveCfg = Release|Any CPU
		{B1AB2869-D5B1-45EE-B882-208A23C8EB29}.AppStore|Mixed Platforms.ActiveCfg = Release|Any CPU
		{B1AB2869-D5B1-45EE-B882-208A23C8EB29}.AppStore|Mixed Platforms.Build.0 = Release|Any CPU
		{B1AB2869-D5B1-45EE-B882-208A23C8EB29}.AppStore|x86.ActiveCfg = Release|Any CPU
		{B1AB2869-D5B1-45EE-B882-208A23C8EB29}.Debug|Any CPU.ActiveCfg = Debug|Any CPU
		{B1AB2869-D5B1-45EE-B882-208A23C8EB29}.Debug|ARM.ActiveCfg = Debug|Any CPU
		{B1AB2869-D5B1-45EE-B882-208A23C8EB29}.Debug|iPhone.ActiveCfg = Debug|Any CPU
		{B1AB2869-D5B1-45EE-B882-208A23C8EB29}.Debug|iPhone.Build.0 = Debug|Any CPU
		{B1AB2869-D5B1-45EE-B882-208A23C8EB29}.Debug|iPhoneSimulator.ActiveCfg = Debug|Any CPU
		{B1AB2869-D5B1-45EE-B882-208A23C8EB29}.Debug|iPhoneSimulator.Build.0 = Debug|Any CPU
		{B1AB2869-D5B1-45EE-B882-208A23C8EB29}.Debug|Mixed Platforms.ActiveCfg = Debug|Any CPU
		{B1AB2869-D5B1-45EE-B882-208A23C8EB29}.Debug|Mixed Platforms.Build.0 = Debug|Any CPU
		{B1AB2869-D5B1-45EE-B882-208A23C8EB29}.Debug|x86.ActiveCfg = Debug|Any CPU
		{B1AB2869-D5B1-45EE-B882-208A23C8EB29}.Release|Any CPU.ActiveCfg = Release|Any CPU
		{B1AB2869-D5B1-45EE-B882-208A23C8EB29}.Release|Any CPU.Build.0 = Release|Any CPU
		{B1AB2869-D5B1-45EE-B882-208A23C8EB29}.Release|ARM.ActiveCfg = Release|Any CPU
		{B1AB2869-D5B1-45EE-B882-208A23C8EB29}.Release|iPhone.ActiveCfg = Release|Any CPU
		{B1AB2869-D5B1-45EE-B882-208A23C8EB29}.Release|iPhoneSimulator.ActiveCfg = Release|Any CPU
		{B1AB2869-D5B1-45EE-B882-208A23C8EB29}.Release|Mixed Platforms.ActiveCfg = Release|Any CPU
		{B1AB2869-D5B1-45EE-B882-208A23C8EB29}.Release|Mixed Platforms.Build.0 = Release|Any CPU
		{B1AB2869-D5B1-45EE-B882-208A23C8EB29}.Release|x86.ActiveCfg = Release|Any CPU
		{B8FE27B3-F683-4B12-BCA7-344EF9A71046}.Ad-Hoc|Any CPU.ActiveCfg = Release|Any CPU
		{B8FE27B3-F683-4B12-BCA7-344EF9A71046}.Ad-Hoc|Any CPU.Build.0 = Release|Any CPU
		{B8FE27B3-F683-4B12-BCA7-344EF9A71046}.Ad-Hoc|ARM.ActiveCfg = Release|ARM
		{B8FE27B3-F683-4B12-BCA7-344EF9A71046}.Ad-Hoc|ARM.Build.0 = Release|ARM
		{B8FE27B3-F683-4B12-BCA7-344EF9A71046}.Ad-Hoc|iPhone.ActiveCfg = Release|Any CPU
		{B8FE27B3-F683-4B12-BCA7-344EF9A71046}.Ad-Hoc|iPhoneSimulator.ActiveCfg = Release|Any CPU
		{B8FE27B3-F683-4B12-BCA7-344EF9A71046}.Ad-Hoc|Mixed Platforms.ActiveCfg = Release|x86
		{B8FE27B3-F683-4B12-BCA7-344EF9A71046}.Ad-Hoc|Mixed Platforms.Build.0 = Release|x86
		{B8FE27B3-F683-4B12-BCA7-344EF9A71046}.Ad-Hoc|x86.ActiveCfg = Release|x86
		{B8FE27B3-F683-4B12-BCA7-344EF9A71046}.Ad-Hoc|x86.Build.0 = Release|x86
		{B8FE27B3-F683-4B12-BCA7-344EF9A71046}.AppStore|Any CPU.ActiveCfg = Release|Any CPU
		{B8FE27B3-F683-4B12-BCA7-344EF9A71046}.AppStore|Any CPU.Build.0 = Release|Any CPU
		{B8FE27B3-F683-4B12-BCA7-344EF9A71046}.AppStore|ARM.ActiveCfg = Release|ARM
		{B8FE27B3-F683-4B12-BCA7-344EF9A71046}.AppStore|ARM.Build.0 = Release|ARM
		{B8FE27B3-F683-4B12-BCA7-344EF9A71046}.AppStore|iPhone.ActiveCfg = Release|Any CPU
		{B8FE27B3-F683-4B12-BCA7-344EF9A71046}.AppStore|iPhoneSimulator.ActiveCfg = Release|Any CPU
		{B8FE27B3-F683-4B12-BCA7-344EF9A71046}.AppStore|Mixed Platforms.ActiveCfg = Release|x86
		{B8FE27B3-F683-4B12-BCA7-344EF9A71046}.AppStore|Mixed Platforms.Build.0 = Release|x86
		{B8FE27B3-F683-4B12-BCA7-344EF9A71046}.AppStore|x86.ActiveCfg = Release|x86
		{B8FE27B3-F683-4B12-BCA7-344EF9A71046}.AppStore|x86.Build.0 = Release|x86
		{B8FE27B3-F683-4B12-BCA7-344EF9A71046}.Debug|Any CPU.ActiveCfg = Debug|Any CPU
		{B8FE27B3-F683-4B12-BCA7-344EF9A71046}.Debug|ARM.ActiveCfg = Debug|ARM
		{B8FE27B3-F683-4B12-BCA7-344EF9A71046}.Debug|ARM.Build.0 = Debug|ARM
		{B8FE27B3-F683-4B12-BCA7-344EF9A71046}.Debug|iPhone.ActiveCfg = Debug|Any CPU
		{B8FE27B3-F683-4B12-BCA7-344EF9A71046}.Debug|iPhoneSimulator.ActiveCfg = Debug|Any CPU
		{B8FE27B3-F683-4B12-BCA7-344EF9A71046}.Debug|Mixed Platforms.ActiveCfg = Debug|x86
		{B8FE27B3-F683-4B12-BCA7-344EF9A71046}.Debug|Mixed Platforms.Build.0 = Debug|x86
		{B8FE27B3-F683-4B12-BCA7-344EF9A71046}.Debug|x86.ActiveCfg = Debug|x86
		{B8FE27B3-F683-4B12-BCA7-344EF9A71046}.Debug|x86.Build.0 = Debug|x86
		{B8FE27B3-F683-4B12-BCA7-344EF9A71046}.Release|Any CPU.ActiveCfg = Release|Any CPU
		{B8FE27B3-F683-4B12-BCA7-344EF9A71046}.Release|Any CPU.Build.0 = Release|Any CPU
		{B8FE27B3-F683-4B12-BCA7-344EF9A71046}.Release|ARM.ActiveCfg = Release|ARM
		{B8FE27B3-F683-4B12-BCA7-344EF9A71046}.Release|ARM.Build.0 = Release|ARM
		{B8FE27B3-F683-4B12-BCA7-344EF9A71046}.Release|iPhone.ActiveCfg = Release|Any CPU
		{B8FE27B3-F683-4B12-BCA7-344EF9A71046}.Release|iPhoneSimulator.ActiveCfg = Release|Any CPU
		{B8FE27B3-F683-4B12-BCA7-344EF9A71046}.Release|Mixed Platforms.ActiveCfg = Release|x86
		{B8FE27B3-F683-4B12-BCA7-344EF9A71046}.Release|Mixed Platforms.Build.0 = Release|x86
		{B8FE27B3-F683-4B12-BCA7-344EF9A71046}.Release|x86.ActiveCfg = Release|x86
		{B8FE27B3-F683-4B12-BCA7-344EF9A71046}.Release|x86.Build.0 = Release|x86
		{C12F7576-1B49-44BB-9F79-FDB0BA81B846}.Ad-Hoc|Any CPU.ActiveCfg = Release|Any CPU
		{C12F7576-1B49-44BB-9F79-FDB0BA81B846}.Ad-Hoc|Any CPU.Build.0 = Release|Any CPU
		{C12F7576-1B49-44BB-9F79-FDB0BA81B846}.Ad-Hoc|ARM.ActiveCfg = Release|Any CPU
		{C12F7576-1B49-44BB-9F79-FDB0BA81B846}.Ad-Hoc|iPhone.ActiveCfg = Release|Any CPU
		{C12F7576-1B49-44BB-9F79-FDB0BA81B846}.Ad-Hoc|iPhoneSimulator.ActiveCfg = Release|Any CPU
		{C12F7576-1B49-44BB-9F79-FDB0BA81B846}.Ad-Hoc|Mixed Platforms.ActiveCfg = Release|Any CPU
		{C12F7576-1B49-44BB-9F79-FDB0BA81B846}.Ad-Hoc|Mixed Platforms.Build.0 = Release|Any CPU
		{C12F7576-1B49-44BB-9F79-FDB0BA81B846}.Ad-Hoc|x86.ActiveCfg = Release|Any CPU
		{C12F7576-1B49-44BB-9F79-FDB0BA81B846}.AppStore|Any CPU.ActiveCfg = Release|Any CPU
		{C12F7576-1B49-44BB-9F79-FDB0BA81B846}.AppStore|Any CPU.Build.0 = Release|Any CPU
		{C12F7576-1B49-44BB-9F79-FDB0BA81B846}.AppStore|ARM.ActiveCfg = Release|Any CPU
		{C12F7576-1B49-44BB-9F79-FDB0BA81B846}.AppStore|iPhone.ActiveCfg = Release|Any CPU
		{C12F7576-1B49-44BB-9F79-FDB0BA81B846}.AppStore|iPhoneSimulator.ActiveCfg = Release|Any CPU
		{C12F7576-1B49-44BB-9F79-FDB0BA81B846}.AppStore|Mixed Platforms.ActiveCfg = Release|Any CPU
		{C12F7576-1B49-44BB-9F79-FDB0BA81B846}.AppStore|Mixed Platforms.Build.0 = Release|Any CPU
		{C12F7576-1B49-44BB-9F79-FDB0BA81B846}.AppStore|x86.ActiveCfg = Release|Any CPU
		{C12F7576-1B49-44BB-9F79-FDB0BA81B846}.Debug|Any CPU.ActiveCfg = Debug|Any CPU
		{C12F7576-1B49-44BB-9F79-FDB0BA81B846}.Debug|Any CPU.Build.0 = Debug|Any CPU
		{C12F7576-1B49-44BB-9F79-FDB0BA81B846}.Debug|ARM.ActiveCfg = Debug|Any CPU
		{C12F7576-1B49-44BB-9F79-FDB0BA81B846}.Debug|ARM.Build.0 = Debug|Any CPU
		{C12F7576-1B49-44BB-9F79-FDB0BA81B846}.Debug|iPhone.ActiveCfg = Debug|Any CPU
		{C12F7576-1B49-44BB-9F79-FDB0BA81B846}.Debug|iPhone.Build.0 = Debug|Any CPU
		{C12F7576-1B49-44BB-9F79-FDB0BA81B846}.Debug|iPhoneSimulator.ActiveCfg = Debug|Any CPU
		{C12F7576-1B49-44BB-9F79-FDB0BA81B846}.Debug|iPhoneSimulator.Build.0 = Debug|Any CPU
		{C12F7576-1B49-44BB-9F79-FDB0BA81B846}.Debug|Mixed Platforms.ActiveCfg = Debug|Any CPU
		{C12F7576-1B49-44BB-9F79-FDB0BA81B846}.Debug|Mixed Platforms.Build.0 = Debug|Any CPU
		{C12F7576-1B49-44BB-9F79-FDB0BA81B846}.Debug|x86.ActiveCfg = Debug|Any CPU
		{C12F7576-1B49-44BB-9F79-FDB0BA81B846}.Release|Any CPU.ActiveCfg = Release|Any CPU
		{C12F7576-1B49-44BB-9F79-FDB0BA81B846}.Release|Any CPU.Build.0 = Release|Any CPU
		{C12F7576-1B49-44BB-9F79-FDB0BA81B846}.Release|ARM.ActiveCfg = Release|Any CPU
		{C12F7576-1B49-44BB-9F79-FDB0BA81B846}.Release|iPhone.ActiveCfg = Release|Any CPU
		{C12F7576-1B49-44BB-9F79-FDB0BA81B846}.Release|iPhoneSimulator.ActiveCfg = Release|Any CPU
		{C12F7576-1B49-44BB-9F79-FDB0BA81B846}.Release|Mixed Platforms.ActiveCfg = Release|Any CPU
		{C12F7576-1B49-44BB-9F79-FDB0BA81B846}.Release|Mixed Platforms.Build.0 = Release|Any CPU
		{C12F7576-1B49-44BB-9F79-FDB0BA81B846}.Release|x86.ActiveCfg = Release|Any CPU
		{DC133A2F-E49E-49E3-B43D-BFB957CB5482}.Ad-Hoc|Any CPU.ActiveCfg = Release|Any CPU
		{DC133A2F-E49E-49E3-B43D-BFB957CB5482}.Ad-Hoc|ARM.ActiveCfg = Release|Any CPU
		{DC133A2F-E49E-49E3-B43D-BFB957CB5482}.Ad-Hoc|iPhone.ActiveCfg = Debug|Any CPU
		{DC133A2F-E49E-49E3-B43D-BFB957CB5482}.Ad-Hoc|iPhone.Build.0 = Debug|Any CPU
		{DC133A2F-E49E-49E3-B43D-BFB957CB5482}.Ad-Hoc|iPhoneSimulator.ActiveCfg = Release|Any CPU
		{DC133A2F-E49E-49E3-B43D-BFB957CB5482}.Ad-Hoc|Mixed Platforms.ActiveCfg = Release|Any CPU
		{DC133A2F-E49E-49E3-B43D-BFB957CB5482}.Ad-Hoc|Mixed Platforms.Build.0 = Release|Any CPU
		{DC133A2F-E49E-49E3-B43D-BFB957CB5482}.Ad-Hoc|x86.ActiveCfg = Release|Any CPU
		{DC133A2F-E49E-49E3-B43D-BFB957CB5482}.AppStore|Any CPU.ActiveCfg = Release|Any CPU
		{DC133A2F-E49E-49E3-B43D-BFB957CB5482}.AppStore|ARM.ActiveCfg = Release|Any CPU
		{DC133A2F-E49E-49E3-B43D-BFB957CB5482}.AppStore|iPhone.ActiveCfg = Debug|Any CPU
		{DC133A2F-E49E-49E3-B43D-BFB957CB5482}.AppStore|iPhone.Build.0 = Debug|Any CPU
		{DC133A2F-E49E-49E3-B43D-BFB957CB5482}.AppStore|iPhoneSimulator.ActiveCfg = Release|Any CPU
		{DC133A2F-E49E-49E3-B43D-BFB957CB5482}.AppStore|Mixed Platforms.ActiveCfg = Release|Any CPU
		{DC133A2F-E49E-49E3-B43D-BFB957CB5482}.AppStore|Mixed Platforms.Build.0 = Release|Any CPU
		{DC133A2F-E49E-49E3-B43D-BFB957CB5482}.AppStore|x86.ActiveCfg = Release|Any CPU
		{DC133A2F-E49E-49E3-B43D-BFB957CB5482}.Debug|Any CPU.ActiveCfg = Debug|Any CPU
		{DC133A2F-E49E-49E3-B43D-BFB957CB5482}.Debug|Any CPU.Build.0 = Debug|Any CPU
		{DC133A2F-E49E-49E3-B43D-BFB957CB5482}.Debug|ARM.ActiveCfg = Debug|Any CPU
		{DC133A2F-E49E-49E3-B43D-BFB957CB5482}.Debug|ARM.Build.0 = Debug|Any CPU
		{DC133A2F-E49E-49E3-B43D-BFB957CB5482}.Debug|iPhone.ActiveCfg = Debug|Any CPU
		{DC133A2F-E49E-49E3-B43D-BFB957CB5482}.Debug|iPhone.Build.0 = Debug|Any CPU
		{DC133A2F-E49E-49E3-B43D-BFB957CB5482}.Debug|iPhoneSimulator.ActiveCfg = Debug|Any CPU
		{DC133A2F-E49E-49E3-B43D-BFB957CB5482}.Debug|iPhoneSimulator.Build.0 = Debug|Any CPU
		{DC133A2F-E49E-49E3-B43D-BFB957CB5482}.Debug|Mixed Platforms.ActiveCfg = Debug|Any CPU
		{DC133A2F-E49E-49E3-B43D-BFB957CB5482}.Debug|Mixed Platforms.Build.0 = Debug|Any CPU
		{DC133A2F-E49E-49E3-B43D-BFB957CB5482}.Debug|x86.ActiveCfg = Debug|Any CPU
		{DC133A2F-E49E-49E3-B43D-BFB957CB5482}.Release|Any CPU.ActiveCfg = Release|Any CPU
		{DC133A2F-E49E-49E3-B43D-BFB957CB5482}.Release|Any CPU.Build.0 = Release|Any CPU
		{DC133A2F-E49E-49E3-B43D-BFB957CB5482}.Release|ARM.ActiveCfg = Release|Any CPU
		{DC133A2F-E49E-49E3-B43D-BFB957CB5482}.Release|iPhone.ActiveCfg = Release|Any CPU
		{DC133A2F-E49E-49E3-B43D-BFB957CB5482}.Release|iPhone.Build.0 = Release|Any CPU
		{DC133A2F-E49E-49E3-B43D-BFB957CB5482}.Release|iPhoneSimulator.ActiveCfg = Release|Any CPU
		{DC133A2F-E49E-49E3-B43D-BFB957CB5482}.Release|iPhoneSimulator.Build.0 = Release|Any CPU
		{DC133A2F-E49E-49E3-B43D-BFB957CB5482}.Release|Mixed Platforms.ActiveCfg = Release|Any CPU
		{DC133A2F-E49E-49E3-B43D-BFB957CB5482}.Release|Mixed Platforms.Build.0 = Release|Any CPU
		{DC133A2F-E49E-49E3-B43D-BFB957CB5482}.Release|x86.ActiveCfg = Release|Any CPU
		{E38D2AA4-D265-4FF2-90EC-E02EB59F8A73}.Ad-Hoc|Any CPU.ActiveCfg = Release|Any CPU
		{E38D2AA4-D265-4FF2-90EC-E02EB59F8A73}.Ad-Hoc|Any CPU.Build.0 = Release|Any CPU
		{E38D2AA4-D265-4FF2-90EC-E02EB59F8A73}.Ad-Hoc|ARM.ActiveCfg = Release|ARM
		{E38D2AA4-D265-4FF2-90EC-E02EB59F8A73}.Ad-Hoc|ARM.Build.0 = Release|ARM
		{E38D2AA4-D265-4FF2-90EC-E02EB59F8A73}.Ad-Hoc|iPhone.ActiveCfg = Release|Any CPU
		{E38D2AA4-D265-4FF2-90EC-E02EB59F8A73}.Ad-Hoc|iPhoneSimulator.ActiveCfg = Release|Any CPU
		{E38D2AA4-D265-4FF2-90EC-E02EB59F8A73}.Ad-Hoc|Mixed Platforms.ActiveCfg = Release|x86
		{E38D2AA4-D265-4FF2-90EC-E02EB59F8A73}.Ad-Hoc|Mixed Platforms.Build.0 = Release|x86
		{E38D2AA4-D265-4FF2-90EC-E02EB59F8A73}.Ad-Hoc|x86.ActiveCfg = Release|x86
		{E38D2AA4-D265-4FF2-90EC-E02EB59F8A73}.Ad-Hoc|x86.Build.0 = Release|x86
		{E38D2AA4-D265-4FF2-90EC-E02EB59F8A73}.AppStore|Any CPU.ActiveCfg = Release|Any CPU
		{E38D2AA4-D265-4FF2-90EC-E02EB59F8A73}.AppStore|Any CPU.Build.0 = Release|Any CPU
		{E38D2AA4-D265-4FF2-90EC-E02EB59F8A73}.AppStore|ARM.ActiveCfg = Release|ARM
		{E38D2AA4-D265-4FF2-90EC-E02EB59F8A73}.AppStore|ARM.Build.0 = Release|ARM
		{E38D2AA4-D265-4FF2-90EC-E02EB59F8A73}.AppStore|iPhone.ActiveCfg = Release|Any CPU
		{E38D2AA4-D265-4FF2-90EC-E02EB59F8A73}.AppStore|iPhoneSimulator.ActiveCfg = Release|Any CPU
		{E38D2AA4-D265-4FF2-90EC-E02EB59F8A73}.AppStore|Mixed Platforms.ActiveCfg = Release|x86
		{E38D2AA4-D265-4FF2-90EC-E02EB59F8A73}.AppStore|Mixed Platforms.Build.0 = Release|x86
		{E38D2AA4-D265-4FF2-90EC-E02EB59F8A73}.AppStore|x86.ActiveCfg = Release|x86
		{E38D2AA4-D265-4FF2-90EC-E02EB59F8A73}.AppStore|x86.Build.0 = Release|x86
		{E38D2AA4-D265-4FF2-90EC-E02EB59F8A73}.Debug|Any CPU.ActiveCfg = Debug|Any CPU
		{E38D2AA4-D265-4FF2-90EC-E02EB59F8A73}.Debug|ARM.ActiveCfg = Debug|ARM
		{E38D2AA4-D265-4FF2-90EC-E02EB59F8A73}.Debug|ARM.Build.0 = Debug|ARM
		{E38D2AA4-D265-4FF2-90EC-E02EB59F8A73}.Debug|iPhone.ActiveCfg = Debug|Any CPU
		{E38D2AA4-D265-4FF2-90EC-E02EB59F8A73}.Debug|iPhoneSimulator.ActiveCfg = Debug|Any CPU
		{E38D2AA4-D265-4FF2-90EC-E02EB59F8A73}.Debug|iPhoneSimulator.Build.0 = Debug|Any CPU
		{E38D2AA4-D265-4FF2-90EC-E02EB59F8A73}.Debug|Mixed Platforms.ActiveCfg = Debug|x86
		{E38D2AA4-D265-4FF2-90EC-E02EB59F8A73}.Debug|Mixed Platforms.Build.0 = Debug|x86
		{E38D2AA4-D265-4FF2-90EC-E02EB59F8A73}.Debug|x86.ActiveCfg = Debug|x86
		{E38D2AA4-D265-4FF2-90EC-E02EB59F8A73}.Debug|x86.Build.0 = Debug|x86
		{E38D2AA4-D265-4FF2-90EC-E02EB59F8A73}.Release|Any CPU.ActiveCfg = Release|Any CPU
		{E38D2AA4-D265-4FF2-90EC-E02EB59F8A73}.Release|Any CPU.Build.0 = Release|Any CPU
		{E38D2AA4-D265-4FF2-90EC-E02EB59F8A73}.Release|ARM.ActiveCfg = Release|ARM
		{E38D2AA4-D265-4FF2-90EC-E02EB59F8A73}.Release|ARM.Build.0 = Release|ARM
		{E38D2AA4-D265-4FF2-90EC-E02EB59F8A73}.Release|iPhone.ActiveCfg = Release|Any CPU
		{E38D2AA4-D265-4FF2-90EC-E02EB59F8A73}.Release|iPhoneSimulator.ActiveCfg = Release|Any CPU
		{E38D2AA4-D265-4FF2-90EC-E02EB59F8A73}.Release|Mixed Platforms.ActiveCfg = Release|x86
		{E38D2AA4-D265-4FF2-90EC-E02EB59F8A73}.Release|Mixed Platforms.Build.0 = Release|x86
		{E38D2AA4-D265-4FF2-90EC-E02EB59F8A73}.Release|x86.ActiveCfg = Release|x86
		{E38D2AA4-D265-4FF2-90EC-E02EB59F8A73}.Release|x86.Build.0 = Release|x86
		{EC5686A6-9846-4B09-8288-CB7396331B54}.Ad-Hoc|Any CPU.ActiveCfg = Release|Any CPU
		{EC5686A6-9846-4B09-8288-CB7396331B54}.Ad-Hoc|Any CPU.Build.0 = Release|Any CPU
		{EC5686A6-9846-4B09-8288-CB7396331B54}.Ad-Hoc|ARM.ActiveCfg = Release|Any CPU
		{EC5686A6-9846-4B09-8288-CB7396331B54}.Ad-Hoc|iPhone.ActiveCfg = Release|Any CPU
		{EC5686A6-9846-4B09-8288-CB7396331B54}.Ad-Hoc|iPhoneSimulator.ActiveCfg = Release|Any CPU
		{EC5686A6-9846-4B09-8288-CB7396331B54}.Ad-Hoc|Mixed Platforms.ActiveCfg = Release|Any CPU
		{EC5686A6-9846-4B09-8288-CB7396331B54}.Ad-Hoc|Mixed Platforms.Build.0 = Release|Any CPU
		{EC5686A6-9846-4B09-8288-CB7396331B54}.Ad-Hoc|x86.ActiveCfg = Release|Any CPU
		{EC5686A6-9846-4B09-8288-CB7396331B54}.AppStore|Any CPU.ActiveCfg = Release|Any CPU
		{EC5686A6-9846-4B09-8288-CB7396331B54}.AppStore|Any CPU.Build.0 = Release|Any CPU
		{EC5686A6-9846-4B09-8288-CB7396331B54}.AppStore|ARM.ActiveCfg = Release|Any CPU
		{EC5686A6-9846-4B09-8288-CB7396331B54}.AppStore|iPhone.ActiveCfg = Release|Any CPU
		{EC5686A6-9846-4B09-8288-CB7396331B54}.AppStore|iPhoneSimulator.ActiveCfg = Release|Any CPU
		{EC5686A6-9846-4B09-8288-CB7396331B54}.AppStore|Mixed Platforms.ActiveCfg = Release|Any CPU
		{EC5686A6-9846-4B09-8288-CB7396331B54}.AppStore|Mixed Platforms.Build.0 = Release|Any CPU
		{EC5686A6-9846-4B09-8288-CB7396331B54}.AppStore|x86.ActiveCfg = Release|Any CPU
		{EC5686A6-9846-4B09-8288-CB7396331B54}.Debug|Any CPU.ActiveCfg = Debug|Any CPU
		{EC5686A6-9846-4B09-8288-CB7396331B54}.Debug|Any CPU.Build.0 = Debug|Any CPU
		{EC5686A6-9846-4B09-8288-CB7396331B54}.Debug|ARM.ActiveCfg = Debug|Any CPU
		{EC5686A6-9846-4B09-8288-CB7396331B54}.Debug|iPhone.ActiveCfg = Debug|Any CPU
		{EC5686A6-9846-4B09-8288-CB7396331B54}.Debug|iPhoneSimulator.ActiveCfg = Debug|Any CPU
		{EC5686A6-9846-4B09-8288-CB7396331B54}.Debug|Mixed Platforms.ActiveCfg = Debug|Any CPU
		{EC5686A6-9846-4B09-8288-CB7396331B54}.Debug|Mixed Platforms.Build.0 = Debug|Any CPU
		{EC5686A6-9846-4B09-8288-CB7396331B54}.Debug|x86.ActiveCfg = Debug|Any CPU
		{EC5686A6-9846-4B09-8288-CB7396331B54}.Release|Any CPU.ActiveCfg = Release|Any CPU
		{EC5686A6-9846-4B09-8288-CB7396331B54}.Release|Any CPU.Build.0 = Release|Any CPU
		{EC5686A6-9846-4B09-8288-CB7396331B54}.Release|ARM.ActiveCfg = Release|Any CPU
		{EC5686A6-9846-4B09-8288-CB7396331B54}.Release|iPhone.ActiveCfg = Release|Any CPU
		{EC5686A6-9846-4B09-8288-CB7396331B54}.Release|iPhoneSimulator.ActiveCfg = Release|Any CPU
		{EC5686A6-9846-4B09-8288-CB7396331B54}.Release|Mixed Platforms.ActiveCfg = Release|Any CPU
		{EC5686A6-9846-4B09-8288-CB7396331B54}.Release|Mixed Platforms.Build.0 = Release|Any CPU
		{EC5686A6-9846-4B09-8288-CB7396331B54}.Release|x86.ActiveCfg = Release|Any CPU
		{F07360BD-C6CC-4DAE-8CD0-C2383E593897}.Ad-Hoc|Any CPU.ActiveCfg = Release|Any CPU
		{F07360BD-C6CC-4DAE-8CD0-C2383E593897}.Ad-Hoc|Any CPU.Build.0 = Release|Any CPU
		{F07360BD-C6CC-4DAE-8CD0-C2383E593897}.Ad-Hoc|ARM.ActiveCfg = Release|Any CPU
		{F07360BD-C6CC-4DAE-8CD0-C2383E593897}.Ad-Hoc|iPhone.ActiveCfg = Release|Any CPU
		{F07360BD-C6CC-4DAE-8CD0-C2383E593897}.Ad-Hoc|iPhoneSimulator.ActiveCfg = Release|Any CPU
		{F07360BD-C6CC-4DAE-8CD0-C2383E593897}.Ad-Hoc|Mixed Platforms.ActiveCfg = Release|Any CPU
		{F07360BD-C6CC-4DAE-8CD0-C2383E593897}.Ad-Hoc|Mixed Platforms.Build.0 = Release|Any CPU
		{F07360BD-C6CC-4DAE-8CD0-C2383E593897}.Ad-Hoc|x86.ActiveCfg = Release|Any CPU
		{F07360BD-C6CC-4DAE-8CD0-C2383E593897}.AppStore|Any CPU.ActiveCfg = Release|Any CPU
		{F07360BD-C6CC-4DAE-8CD0-C2383E593897}.AppStore|Any CPU.Build.0 = Release|Any CPU
		{F07360BD-C6CC-4DAE-8CD0-C2383E593897}.AppStore|ARM.ActiveCfg = Release|Any CPU
		{F07360BD-C6CC-4DAE-8CD0-C2383E593897}.AppStore|iPhone.ActiveCfg = Release|Any CPU
		{F07360BD-C6CC-4DAE-8CD0-C2383E593897}.AppStore|iPhoneSimulator.ActiveCfg = Release|Any CPU
		{F07360BD-C6CC-4DAE-8CD0-C2383E593897}.AppStore|Mixed Platforms.ActiveCfg = Release|Any CPU
		{F07360BD-C6CC-4DAE-8CD0-C2383E593897}.AppStore|Mixed Platforms.Build.0 = Release|Any CPU
		{F07360BD-C6CC-4DAE-8CD0-C2383E593897}.AppStore|x86.ActiveCfg = Release|Any CPU
		{F07360BD-C6CC-4DAE-8CD0-C2383E593897}.Debug|Any CPU.ActiveCfg = Debug|Any CPU
		{F07360BD-C6CC-4DAE-8CD0-C2383E593897}.Debug|Any CPU.Build.0 = Debug|Any CPU
		{F07360BD-C6CC-4DAE-8CD0-C2383E593897}.Debug|ARM.ActiveCfg = Debug|Any CPU
		{F07360BD-C6CC-4DAE-8CD0-C2383E593897}.Debug|iPhone.ActiveCfg = Debug|Any CPU
		{F07360BD-C6CC-4DAE-8CD0-C2383E593897}.Debug|iPhoneSimulator.ActiveCfg = Debug|Any CPU
		{F07360BD-C6CC-4DAE-8CD0-C2383E593897}.Debug|Mixed Platforms.ActiveCfg = Debug|Any CPU
		{F07360BD-C6CC-4DAE-8CD0-C2383E593897}.Debug|Mixed Platforms.Build.0 = Debug|Any CPU
		{F07360BD-C6CC-4DAE-8CD0-C2383E593897}.Debug|x86.ActiveCfg = Debug|Any CPU
		{F07360BD-C6CC-4DAE-8CD0-C2383E593897}.Release|Any CPU.ActiveCfg = Release|Any CPU
		{F07360BD-C6CC-4DAE-8CD0-C2383E593897}.Release|Any CPU.Build.0 = Release|Any CPU
		{F07360BD-C6CC-4DAE-8CD0-C2383E593897}.Release|ARM.ActiveCfg = Release|Any CPU
		{F07360BD-C6CC-4DAE-8CD0-C2383E593897}.Release|iPhone.ActiveCfg = Release|Any CPU
		{F07360BD-C6CC-4DAE-8CD0-C2383E593897}.Release|iPhoneSimulator.ActiveCfg = Release|Any CPU
		{F07360BD-C6CC-4DAE-8CD0-C2383E593897}.Release|Mixed Platforms.ActiveCfg = Release|Any CPU
		{F07360BD-C6CC-4DAE-8CD0-C2383E593897}.Release|Mixed Platforms.Build.0 = Release|Any CPU
		{F07360BD-C6CC-4DAE-8CD0-C2383E593897}.Release|x86.ActiveCfg = Release|Any CPU
		{F0F4B2F6-1979-4F36-A81B-5A7A44418831}.Ad-Hoc|Any CPU.ActiveCfg = Release|Any CPU
		{F0F4B2F6-1979-4F36-A81B-5A7A44418831}.Ad-Hoc|Any CPU.Build.0 = Release|Any CPU
		{F0F4B2F6-1979-4F36-A81B-5A7A44418831}.Ad-Hoc|ARM.ActiveCfg = Release|Any CPU
		{F0F4B2F6-1979-4F36-A81B-5A7A44418831}.Ad-Hoc|iPhone.ActiveCfg = Release|Any CPU
		{F0F4B2F6-1979-4F36-A81B-5A7A44418831}.Ad-Hoc|iPhoneSimulator.ActiveCfg = Release|Any CPU
		{F0F4B2F6-1979-4F36-A81B-5A7A44418831}.Ad-Hoc|Mixed Platforms.ActiveCfg = Release|Any CPU
		{F0F4B2F6-1979-4F36-A81B-5A7A44418831}.Ad-Hoc|Mixed Platforms.Build.0 = Release|Any CPU
		{F0F4B2F6-1979-4F36-A81B-5A7A44418831}.Ad-Hoc|x86.ActiveCfg = Release|Any CPU
		{F0F4B2F6-1979-4F36-A81B-5A7A44418831}.AppStore|Any CPU.ActiveCfg = Release|Any CPU
		{F0F4B2F6-1979-4F36-A81B-5A7A44418831}.AppStore|Any CPU.Build.0 = Release|Any CPU
		{F0F4B2F6-1979-4F36-A81B-5A7A44418831}.AppStore|ARM.ActiveCfg = Release|Any CPU
		{F0F4B2F6-1979-4F36-A81B-5A7A44418831}.AppStore|iPhone.ActiveCfg = Release|Any CPU
		{F0F4B2F6-1979-4F36-A81B-5A7A44418831}.AppStore|iPhoneSimulator.ActiveCfg = Release|Any CPU
		{F0F4B2F6-1979-4F36-A81B-5A7A44418831}.AppStore|Mixed Platforms.ActiveCfg = Release|Any CPU
		{F0F4B2F6-1979-4F36-A81B-5A7A44418831}.AppStore|Mixed Platforms.Build.0 = Release|Any CPU
		{F0F4B2F6-1979-4F36-A81B-5A7A44418831}.AppStore|x86.ActiveCfg = Release|Any CPU
		{F0F4B2F6-1979-4F36-A81B-5A7A44418831}.Debug|Any CPU.ActiveCfg = Debug|Any CPU
		{F0F4B2F6-1979-4F36-A81B-5A7A44418831}.Debug|Any CPU.Build.0 = Debug|Any CPU
		{F0F4B2F6-1979-4F36-A81B-5A7A44418831}.Debug|ARM.ActiveCfg = Debug|Any CPU
		{F0F4B2F6-1979-4F36-A81B-5A7A44418831}.Debug|iPhone.ActiveCfg = Debug|Any CPU
		{F0F4B2F6-1979-4F36-A81B-5A7A44418831}.Debug|iPhoneSimulator.ActiveCfg = Debug|Any CPU
		{F0F4B2F6-1979-4F36-A81B-5A7A44418831}.Debug|Mixed Platforms.ActiveCfg = Debug|Any CPU
		{F0F4B2F6-1979-4F36-A81B-5A7A44418831}.Debug|Mixed Platforms.Build.0 = Debug|Any CPU
		{F0F4B2F6-1979-4F36-A81B-5A7A44418831}.Debug|x86.ActiveCfg = Debug|Any CPU
		{F0F4B2F6-1979-4F36-A81B-5A7A44418831}.Release|Any CPU.ActiveCfg = Release|Any CPU
		{F0F4B2F6-1979-4F36-A81B-5A7A44418831}.Release|Any CPU.Build.0 = Release|Any CPU
		{F0F4B2F6-1979-4F36-A81B-5A7A44418831}.Release|ARM.ActiveCfg = Release|Any CPU
		{F0F4B2F6-1979-4F36-A81B-5A7A44418831}.Release|iPhone.ActiveCfg = Release|Any CPU
		{F0F4B2F6-1979-4F36-A81B-5A7A44418831}.Release|iPhoneSimulator.ActiveCfg = Release|Any CPU
		{F0F4B2F6-1979-4F36-A81B-5A7A44418831}.Release|Mixed Platforms.ActiveCfg = Release|Any CPU
		{F0F4B2F6-1979-4F36-A81B-5A7A44418831}.Release|Mixed Platforms.Build.0 = Release|Any CPU
		{F0F4B2F6-1979-4F36-A81B-5A7A44418831}.Release|x86.ActiveCfg = Release|Any CPU
		{F323DA24-A61A-459F-B9AC-C74BA55F932D}.Ad-Hoc|Any CPU.ActiveCfg = Release|Any CPU
		{F323DA24-A61A-459F-B9AC-C74BA55F932D}.Ad-Hoc|Any CPU.Build.0 = Release|Any CPU
		{F323DA24-A61A-459F-B9AC-C74BA55F932D}.Ad-Hoc|ARM.ActiveCfg = Release|Any CPU
		{F323DA24-A61A-459F-B9AC-C74BA55F932D}.Ad-Hoc|iPhone.ActiveCfg = Release|Any CPU
		{F323DA24-A61A-459F-B9AC-C74BA55F932D}.Ad-Hoc|iPhoneSimulator.ActiveCfg = Release|Any CPU
		{F323DA24-A61A-459F-B9AC-C74BA55F932D}.Ad-Hoc|Mixed Platforms.ActiveCfg = Release|Any CPU
		{F323DA24-A61A-459F-B9AC-C74BA55F932D}.Ad-Hoc|Mixed Platforms.Build.0 = Release|Any CPU
		{F323DA24-A61A-459F-B9AC-C74BA55F932D}.Ad-Hoc|x86.ActiveCfg = Release|Any CPU
		{F323DA24-A61A-459F-B9AC-C74BA55F932D}.AppStore|Any CPU.ActiveCfg = Release|Any CPU
		{F323DA24-A61A-459F-B9AC-C74BA55F932D}.AppStore|Any CPU.Build.0 = Release|Any CPU
		{F323DA24-A61A-459F-B9AC-C74BA55F932D}.AppStore|ARM.ActiveCfg = Release|Any CPU
		{F323DA24-A61A-459F-B9AC-C74BA55F932D}.AppStore|iPhone.ActiveCfg = Release|Any CPU
		{F323DA24-A61A-459F-B9AC-C74BA55F932D}.AppStore|iPhoneSimulator.ActiveCfg = Release|Any CPU
		{F323DA24-A61A-459F-B9AC-C74BA55F932D}.AppStore|Mixed Platforms.ActiveCfg = Release|Any CPU
		{F323DA24-A61A-459F-B9AC-C74BA55F932D}.AppStore|Mixed Platforms.Build.0 = Release|Any CPU
		{F323DA24-A61A-459F-B9AC-C74BA55F932D}.AppStore|x86.ActiveCfg = Release|Any CPU
		{F323DA24-A61A-459F-B9AC-C74BA55F932D}.Debug|Any CPU.ActiveCfg = Debug|Any CPU
		{F323DA24-A61A-459F-B9AC-C74BA55F932D}.Debug|Any CPU.Build.0 = Debug|Any CPU
		{F323DA24-A61A-459F-B9AC-C74BA55F932D}.Debug|ARM.ActiveCfg = Debug|Any CPU
		{F323DA24-A61A-459F-B9AC-C74BA55F932D}.Debug|iPhone.ActiveCfg = Debug|Any CPU
		{F323DA24-A61A-459F-B9AC-C74BA55F932D}.Debug|iPhoneSimulator.ActiveCfg = Debug|Any CPU
		{F323DA24-A61A-459F-B9AC-C74BA55F932D}.Debug|Mixed Platforms.ActiveCfg = Debug|Any CPU
		{F323DA24-A61A-459F-B9AC-C74BA55F932D}.Debug|Mixed Platforms.Build.0 = Debug|Any CPU
		{F323DA24-A61A-459F-B9AC-C74BA55F932D}.Debug|x86.ActiveCfg = Debug|Any CPU
		{F323DA24-A61A-459F-B9AC-C74BA55F932D}.Release|Any CPU.ActiveCfg = Release|Any CPU
		{F323DA24-A61A-459F-B9AC-C74BA55F932D}.Release|Any CPU.Build.0 = Release|Any CPU
		{F323DA24-A61A-459F-B9AC-C74BA55F932D}.Release|ARM.ActiveCfg = Release|Any CPU
		{F323DA24-A61A-459F-B9AC-C74BA55F932D}.Release|iPhone.ActiveCfg = Release|Any CPU
		{F323DA24-A61A-459F-B9AC-C74BA55F932D}.Release|iPhoneSimulator.ActiveCfg = Release|Any CPU
		{F323DA24-A61A-459F-B9AC-C74BA55F932D}.Release|Mixed Platforms.ActiveCfg = Release|Any CPU
		{F323DA24-A61A-459F-B9AC-C74BA55F932D}.Release|Mixed Platforms.Build.0 = Release|Any CPU
		{F323DA24-A61A-459F-B9AC-C74BA55F932D}.Release|x86.ActiveCfg = Release|Any CPU
		{F68358E7-ADF7-4A0D-8DBF-C81C9B73009C}.Ad-Hoc|Any CPU.ActiveCfg = Ad-Hoc|iPhone
		{F68358E7-ADF7-4A0D-8DBF-C81C9B73009C}.Ad-Hoc|ARM.ActiveCfg = Ad-Hoc|iPhoneSimulator
		{F68358E7-ADF7-4A0D-8DBF-C81C9B73009C}.Ad-Hoc|iPhone.ActiveCfg = Ad-Hoc|iPhone
		{F68358E7-ADF7-4A0D-8DBF-C81C9B73009C}.Ad-Hoc|iPhone.Build.0 = Ad-Hoc|iPhone
		{F68358E7-ADF7-4A0D-8DBF-C81C9B73009C}.Ad-Hoc|iPhoneSimulator.ActiveCfg = Ad-Hoc|iPhone
		{F68358E7-ADF7-4A0D-8DBF-C81C9B73009C}.Ad-Hoc|Mixed Platforms.ActiveCfg = Ad-Hoc|iPhoneSimulator
		{F68358E7-ADF7-4A0D-8DBF-C81C9B73009C}.Ad-Hoc|Mixed Platforms.Build.0 = Ad-Hoc|iPhoneSimulator
		{F68358E7-ADF7-4A0D-8DBF-C81C9B73009C}.Ad-Hoc|Mixed Platforms.Deploy.0 = Ad-Hoc|iPhoneSimulator
		{F68358E7-ADF7-4A0D-8DBF-C81C9B73009C}.Ad-Hoc|x86.ActiveCfg = Ad-Hoc|iPhoneSimulator
		{F68358E7-ADF7-4A0D-8DBF-C81C9B73009C}.AppStore|Any CPU.ActiveCfg = AppStore|iPhone
		{F68358E7-ADF7-4A0D-8DBF-C81C9B73009C}.AppStore|ARM.ActiveCfg = AppStore|iPhoneSimulator
		{F68358E7-ADF7-4A0D-8DBF-C81C9B73009C}.AppStore|iPhone.ActiveCfg = AppStore|iPhone
		{F68358E7-ADF7-4A0D-8DBF-C81C9B73009C}.AppStore|iPhone.Build.0 = AppStore|iPhone
		{F68358E7-ADF7-4A0D-8DBF-C81C9B73009C}.AppStore|iPhoneSimulator.ActiveCfg = AppStore|iPhone
		{F68358E7-ADF7-4A0D-8DBF-C81C9B73009C}.AppStore|Mixed Platforms.ActiveCfg = AppStore|iPhoneSimulator
		{F68358E7-ADF7-4A0D-8DBF-C81C9B73009C}.AppStore|Mixed Platforms.Build.0 = AppStore|iPhoneSimulator
		{F68358E7-ADF7-4A0D-8DBF-C81C9B73009C}.AppStore|Mixed Platforms.Deploy.0 = AppStore|iPhoneSimulator
		{F68358E7-ADF7-4A0D-8DBF-C81C9B73009C}.AppStore|x86.ActiveCfg = AppStore|iPhoneSimulator
		{F68358E7-ADF7-4A0D-8DBF-C81C9B73009C}.Debug|Any CPU.ActiveCfg = Debug|iPhoneSimulator
		{F68358E7-ADF7-4A0D-8DBF-C81C9B73009C}.Debug|ARM.ActiveCfg = Debug|iPhone
		{F68358E7-ADF7-4A0D-8DBF-C81C9B73009C}.Debug|iPhone.ActiveCfg = Debug|iPhone
		{F68358E7-ADF7-4A0D-8DBF-C81C9B73009C}.Debug|iPhone.Build.0 = Debug|iPhone
		{F68358E7-ADF7-4A0D-8DBF-C81C9B73009C}.Debug|iPhone.Deploy.0 = Debug|iPhone
		{F68358E7-ADF7-4A0D-8DBF-C81C9B73009C}.Debug|iPhoneSimulator.ActiveCfg = Debug|iPhoneSimulator
		{F68358E7-ADF7-4A0D-8DBF-C81C9B73009C}.Debug|iPhoneSimulator.Build.0 = Debug|iPhoneSimulator
		{F68358E7-ADF7-4A0D-8DBF-C81C9B73009C}.Debug|Mixed Platforms.ActiveCfg = Debug|iPhone
		{F68358E7-ADF7-4A0D-8DBF-C81C9B73009C}.Debug|Mixed Platforms.Build.0 = Debug|iPhone
		{F68358E7-ADF7-4A0D-8DBF-C81C9B73009C}.Debug|Mixed Platforms.Deploy.0 = Debug|iPhone
		{F68358E7-ADF7-4A0D-8DBF-C81C9B73009C}.Debug|x86.ActiveCfg = Debug|iPhone
		{F68358E7-ADF7-4A0D-8DBF-C81C9B73009C}.Release|Any CPU.ActiveCfg = Release|iPhoneSimulator
		{F68358E7-ADF7-4A0D-8DBF-C81C9B73009C}.Release|Any CPU.Build.0 = Release|iPhoneSimulator
		{F68358E7-ADF7-4A0D-8DBF-C81C9B73009C}.Release|ARM.ActiveCfg = Release|iPhone
		{F68358E7-ADF7-4A0D-8DBF-C81C9B73009C}.Release|iPhone.ActiveCfg = Release|iPhone
		{F68358E7-ADF7-4A0D-8DBF-C81C9B73009C}.Release|iPhone.Build.0 = Release|iPhone
		{F68358E7-ADF7-4A0D-8DBF-C81C9B73009C}.Release|iPhoneSimulator.ActiveCfg = Release|iPhoneSimulator
		{F68358E7-ADF7-4A0D-8DBF-C81C9B73009C}.Release|iPhoneSimulator.Build.0 = Release|iPhoneSimulator
		{F68358E7-ADF7-4A0D-8DBF-C81C9B73009C}.Release|Mixed Platforms.ActiveCfg = Release|iPhone
		{F68358E7-ADF7-4A0D-8DBF-C81C9B73009C}.Release|Mixed Platforms.Build.0 = Release|iPhone
		{F68358E7-ADF7-4A0D-8DBF-C81C9B73009C}.Release|Mixed Platforms.Deploy.0 = Release|iPhone
		{F68358E7-ADF7-4A0D-8DBF-C81C9B73009C}.Release|x86.ActiveCfg = Release|iPhone
		{F8B8C5D4-88A5-4796-9D9F-F9E43675879E}.Ad-Hoc|Any CPU.ActiveCfg = Release|Any CPU
		{F8B8C5D4-88A5-4796-9D9F-F9E43675879E}.Ad-Hoc|Any CPU.Build.0 = Release|Any CPU
		{F8B8C5D4-88A5-4796-9D9F-F9E43675879E}.Ad-Hoc|ARM.ActiveCfg = Release|ARM
		{F8B8C5D4-88A5-4796-9D9F-F9E43675879E}.Ad-Hoc|ARM.Build.0 = Release|ARM
		{F8B8C5D4-88A5-4796-9D9F-F9E43675879E}.Ad-Hoc|iPhone.ActiveCfg = Release|Any CPU
		{F8B8C5D4-88A5-4796-9D9F-F9E43675879E}.Ad-Hoc|iPhoneSimulator.ActiveCfg = Release|Any CPU
		{F8B8C5D4-88A5-4796-9D9F-F9E43675879E}.Ad-Hoc|Mixed Platforms.ActiveCfg = Release|x86
		{F8B8C5D4-88A5-4796-9D9F-F9E43675879E}.Ad-Hoc|Mixed Platforms.Build.0 = Release|x86
		{F8B8C5D4-88A5-4796-9D9F-F9E43675879E}.Ad-Hoc|x86.ActiveCfg = Release|x86
		{F8B8C5D4-88A5-4796-9D9F-F9E43675879E}.Ad-Hoc|x86.Build.0 = Release|x86
		{F8B8C5D4-88A5-4796-9D9F-F9E43675879E}.AppStore|Any CPU.ActiveCfg = Release|Any CPU
		{F8B8C5D4-88A5-4796-9D9F-F9E43675879E}.AppStore|Any CPU.Build.0 = Release|Any CPU
		{F8B8C5D4-88A5-4796-9D9F-F9E43675879E}.AppStore|ARM.ActiveCfg = Release|ARM
		{F8B8C5D4-88A5-4796-9D9F-F9E43675879E}.AppStore|ARM.Build.0 = Release|ARM
		{F8B8C5D4-88A5-4796-9D9F-F9E43675879E}.AppStore|iPhone.ActiveCfg = Release|Any CPU
		{F8B8C5D4-88A5-4796-9D9F-F9E43675879E}.AppStore|iPhoneSimulator.ActiveCfg = Release|Any CPU
		{F8B8C5D4-88A5-4796-9D9F-F9E43675879E}.AppStore|Mixed Platforms.ActiveCfg = Release|x86
		{F8B8C5D4-88A5-4796-9D9F-F9E43675879E}.AppStore|Mixed Platforms.Build.0 = Release|x86
		{F8B8C5D4-88A5-4796-9D9F-F9E43675879E}.AppStore|x86.ActiveCfg = Release|x86
		{F8B8C5D4-88A5-4796-9D9F-F9E43675879E}.AppStore|x86.Build.0 = Release|x86
		{F8B8C5D4-88A5-4796-9D9F-F9E43675879E}.Debug|Any CPU.ActiveCfg = Debug|Any CPU
		{F8B8C5D4-88A5-4796-9D9F-F9E43675879E}.Debug|Any CPU.Build.0 = Debug|Any CPU
		{F8B8C5D4-88A5-4796-9D9F-F9E43675879E}.Debug|ARM.ActiveCfg = Debug|ARM
		{F8B8C5D4-88A5-4796-9D9F-F9E43675879E}.Debug|ARM.Build.0 = Debug|ARM
		{F8B8C5D4-88A5-4796-9D9F-F9E43675879E}.Debug|iPhone.ActiveCfg = Debug|Any CPU
		{F8B8C5D4-88A5-4796-9D9F-F9E43675879E}.Debug|iPhoneSimulator.ActiveCfg = Debug|Any CPU
		{F8B8C5D4-88A5-4796-9D9F-F9E43675879E}.Debug|Mixed Platforms.ActiveCfg = Debug|x86
		{F8B8C5D4-88A5-4796-9D9F-F9E43675879E}.Debug|Mixed Platforms.Build.0 = Debug|x86
		{F8B8C5D4-88A5-4796-9D9F-F9E43675879E}.Debug|x86.ActiveCfg = Debug|x86
		{F8B8C5D4-88A5-4796-9D9F-F9E43675879E}.Debug|x86.Build.0 = Debug|x86
		{F8B8C5D4-88A5-4796-9D9F-F9E43675879E}.Release|Any CPU.ActiveCfg = Release|Any CPU
		{F8B8C5D4-88A5-4796-9D9F-F9E43675879E}.Release|Any CPU.Build.0 = Release|Any CPU
		{F8B8C5D4-88A5-4796-9D9F-F9E43675879E}.Release|ARM.ActiveCfg = Release|ARM
		{F8B8C5D4-88A5-4796-9D9F-F9E43675879E}.Release|ARM.Build.0 = Release|ARM
		{F8B8C5D4-88A5-4796-9D9F-F9E43675879E}.Release|iPhone.ActiveCfg = Release|Any CPU
		{F8B8C5D4-88A5-4796-9D9F-F9E43675879E}.Release|iPhoneSimulator.ActiveCfg = Release|Any CPU
		{F8B8C5D4-88A5-4796-9D9F-F9E43675879E}.Release|Mixed Platforms.ActiveCfg = Release|x86
		{F8B8C5D4-88A5-4796-9D9F-F9E43675879E}.Release|Mixed Platforms.Build.0 = Release|x86
		{F8B8C5D4-88A5-4796-9D9F-F9E43675879E}.Release|x86.ActiveCfg = Release|x86
		{F8B8C5D4-88A5-4796-9D9F-F9E43675879E}.Release|x86.Build.0 = Release|x86
		{F8C821A9-155E-48BC-8998-1ED9DE5CEF1A}.Ad-Hoc|Any CPU.ActiveCfg = Release|Any CPU
		{F8C821A9-155E-48BC-8998-1ED9DE5CEF1A}.Ad-Hoc|Any CPU.Build.0 = Release|Any CPU
		{F8C821A9-155E-48BC-8998-1ED9DE5CEF1A}.Ad-Hoc|ARM.ActiveCfg = Release|Any CPU
		{F8C821A9-155E-48BC-8998-1ED9DE5CEF1A}.Ad-Hoc|iPhone.ActiveCfg = Release|Any CPU
		{F8C821A9-155E-48BC-8998-1ED9DE5CEF1A}.Ad-Hoc|iPhoneSimulator.ActiveCfg = Release|Any CPU
		{F8C821A9-155E-48BC-8998-1ED9DE5CEF1A}.Ad-Hoc|Mixed Platforms.ActiveCfg = Release|Any CPU
		{F8C821A9-155E-48BC-8998-1ED9DE5CEF1A}.Ad-Hoc|Mixed Platforms.Build.0 = Release|Any CPU
		{F8C821A9-155E-48BC-8998-1ED9DE5CEF1A}.Ad-Hoc|x86.ActiveCfg = Release|Any CPU
		{F8C821A9-155E-48BC-8998-1ED9DE5CEF1A}.AppStore|Any CPU.ActiveCfg = Release|Any CPU
		{F8C821A9-155E-48BC-8998-1ED9DE5CEF1A}.AppStore|Any CPU.Build.0 = Release|Any CPU
		{F8C821A9-155E-48BC-8998-1ED9DE5CEF1A}.AppStore|ARM.ActiveCfg = Release|Any CPU
		{F8C821A9-155E-48BC-8998-1ED9DE5CEF1A}.AppStore|iPhone.ActiveCfg = Release|Any CPU
		{F8C821A9-155E-48BC-8998-1ED9DE5CEF1A}.AppStore|iPhoneSimulator.ActiveCfg = Release|Any CPU
		{F8C821A9-155E-48BC-8998-1ED9DE5CEF1A}.AppStore|Mixed Platforms.ActiveCfg = Release|Any CPU
		{F8C821A9-155E-48BC-8998-1ED9DE5CEF1A}.AppStore|Mixed Platforms.Build.0 = Release|Any CPU
		{F8C821A9-155E-48BC-8998-1ED9DE5CEF1A}.AppStore|x86.ActiveCfg = Release|Any CPU
		{F8C821A9-155E-48BC-8998-1ED9DE5CEF1A}.Debug|Any CPU.ActiveCfg = Debug|Any CPU
		{F8C821A9-155E-48BC-8998-1ED9DE5CEF1A}.Debug|Any CPU.Build.0 = Debug|Any CPU
		{F8C821A9-155E-48BC-8998-1ED9DE5CEF1A}.Debug|ARM.ActiveCfg = Debug|Any CPU
		{F8C821A9-155E-48BC-8998-1ED9DE5CEF1A}.Debug|iPhone.ActiveCfg = Debug|Any CPU
		{F8C821A9-155E-48BC-8998-1ED9DE5CEF1A}.Debug|iPhoneSimulator.ActiveCfg = Debug|Any CPU
		{F8C821A9-155E-48BC-8998-1ED9DE5CEF1A}.Debug|Mixed Platforms.ActiveCfg = Debug|Any CPU
		{F8C821A9-155E-48BC-8998-1ED9DE5CEF1A}.Debug|Mixed Platforms.Build.0 = Debug|Any CPU
		{F8C821A9-155E-48BC-8998-1ED9DE5CEF1A}.Debug|x86.ActiveCfg = Debug|Any CPU
		{F8C821A9-155E-48BC-8998-1ED9DE5CEF1A}.Release|Any CPU.ActiveCfg = Release|Any CPU
		{F8C821A9-155E-48BC-8998-1ED9DE5CEF1A}.Release|Any CPU.Build.0 = Release|Any CPU
		{F8C821A9-155E-48BC-8998-1ED9DE5CEF1A}.Release|ARM.ActiveCfg = Release|Any CPU
		{F8C821A9-155E-48BC-8998-1ED9DE5CEF1A}.Release|iPhone.ActiveCfg = Release|Any CPU
		{F8C821A9-155E-48BC-8998-1ED9DE5CEF1A}.Release|iPhoneSimulator.ActiveCfg = Release|Any CPU
		{F8C821A9-155E-48BC-8998-1ED9DE5CEF1A}.Release|Mixed Platforms.ActiveCfg = Release|Any CPU
		{F8C821A9-155E-48BC-8998-1ED9DE5CEF1A}.Release|Mixed Platforms.Build.0 = Release|Any CPU
		{F8C821A9-155E-48BC-8998-1ED9DE5CEF1A}.Release|x86.ActiveCfg = Release|Any CPU
		{FC01BDDB-E810-4EC9-94AA-A08A66796FCC}.Ad-Hoc|Any CPU.ActiveCfg = Release|Any CPU
		{FC01BDDB-E810-4EC9-94AA-A08A66796FCC}.Ad-Hoc|Any CPU.Build.0 = Release|Any CPU
		{FC01BDDB-E810-4EC9-94AA-A08A66796FCC}.Ad-Hoc|ARM.ActiveCfg = Release|Any CPU
		{FC01BDDB-E810-4EC9-94AA-A08A66796FCC}.Ad-Hoc|iPhone.ActiveCfg = Release|Any CPU
		{FC01BDDB-E810-4EC9-94AA-A08A66796FCC}.Ad-Hoc|iPhoneSimulator.ActiveCfg = Release|Any CPU
		{FC01BDDB-E810-4EC9-94AA-A08A66796FCC}.Ad-Hoc|Mixed Platforms.ActiveCfg = Release|Any CPU
		{FC01BDDB-E810-4EC9-94AA-A08A66796FCC}.Ad-Hoc|Mixed Platforms.Build.0 = Release|Any CPU
		{FC01BDDB-E810-4EC9-94AA-A08A66796FCC}.Ad-Hoc|x86.ActiveCfg = Release|Any CPU
		{FC01BDDB-E810-4EC9-94AA-A08A66796FCC}.AppStore|Any CPU.ActiveCfg = Release|Any CPU
		{FC01BDDB-E810-4EC9-94AA-A08A66796FCC}.AppStore|Any CPU.Build.0 = Release|Any CPU
		{FC01BDDB-E810-4EC9-94AA-A08A66796FCC}.AppStore|ARM.ActiveCfg = Release|Any CPU
		{FC01BDDB-E810-4EC9-94AA-A08A66796FCC}.AppStore|iPhone.ActiveCfg = Release|Any CPU
		{FC01BDDB-E810-4EC9-94AA-A08A66796FCC}.AppStore|iPhoneSimulator.ActiveCfg = Release|Any CPU
		{FC01BDDB-E810-4EC9-94AA-A08A66796FCC}.AppStore|Mixed Platforms.ActiveCfg = Release|Any CPU
		{FC01BDDB-E810-4EC9-94AA-A08A66796FCC}.AppStore|Mixed Platforms.Build.0 = Release|Any CPU
		{FC01BDDB-E810-4EC9-94AA-A08A66796FCC}.AppStore|x86.ActiveCfg = Release|Any CPU
		{FC01BDDB-E810-4EC9-94AA-A08A66796FCC}.Debug|Any CPU.ActiveCfg = Debug|Any CPU
		{FC01BDDB-E810-4EC9-94AA-A08A66796FCC}.Debug|Any CPU.Build.0 = Debug|Any CPU
		{FC01BDDB-E810-4EC9-94AA-A08A66796FCC}.Debug|ARM.ActiveCfg = Debug|Any CPU
		{FC01BDDB-E810-4EC9-94AA-A08A66796FCC}.Debug|ARM.Build.0 = Debug|Any CPU
		{FC01BDDB-E810-4EC9-94AA-A08A66796FCC}.Debug|iPhone.ActiveCfg = Debug|Any CPU
		{FC01BDDB-E810-4EC9-94AA-A08A66796FCC}.Debug|iPhone.Build.0 = Debug|Any CPU
		{FC01BDDB-E810-4EC9-94AA-A08A66796FCC}.Debug|iPhoneSimulator.ActiveCfg = Debug|Any CPU
		{FC01BDDB-E810-4EC9-94AA-A08A66796FCC}.Debug|iPhoneSimulator.Build.0 = Debug|Any CPU
		{FC01BDDB-E810-4EC9-94AA-A08A66796FCC}.Debug|Mixed Platforms.ActiveCfg = Debug|Any CPU
		{FC01BDDB-E810-4EC9-94AA-A08A66796FCC}.Debug|Mixed Platforms.Build.0 = Debug|Any CPU
		{FC01BDDB-E810-4EC9-94AA-A08A66796FCC}.Debug|x86.ActiveCfg = Debug|Any CPU
		{FC01BDDB-E810-4EC9-94AA-A08A66796FCC}.Release|Any CPU.ActiveCfg = Release|Any CPU
		{FC01BDDB-E810-4EC9-94AA-A08A66796FCC}.Release|Any CPU.Build.0 = Release|Any CPU
		{FC01BDDB-E810-4EC9-94AA-A08A66796FCC}.Release|ARM.ActiveCfg = Release|Any CPU
		{FC01BDDB-E810-4EC9-94AA-A08A66796FCC}.Release|iPhone.ActiveCfg = Release|Any CPU
		{FC01BDDB-E810-4EC9-94AA-A08A66796FCC}.Release|iPhoneSimulator.ActiveCfg = Release|Any CPU
		{FC01BDDB-E810-4EC9-94AA-A08A66796FCC}.Release|Mixed Platforms.ActiveCfg = Release|Any CPU
		{FC01BDDB-E810-4EC9-94AA-A08A66796FCC}.Release|Mixed Platforms.Build.0 = Release|Any CPU
		{FC01BDDB-E810-4EC9-94AA-A08A66796FCC}.Release|x86.ActiveCfg = Release|Any CPU
	EndGlobalSection
	GlobalSection(NestedProjects) = preSolution
		{DC133A2F-E49E-49E3-B43D-BFB957CB5482} = {BE825D31-2EA2-4CB9-B838-F3CFA84E3CC9}
		{AA4B1042-18C5-4BAB-8EDA-24A8622ECC56} = {BE825D31-2EA2-4CB9-B838-F3CFA84E3CC9}
		{F68358E7-ADF7-4A0D-8DBF-C81C9B73009C} = {BE825D31-2EA2-4CB9-B838-F3CFA84E3CC9}
		{5DE84A66-F761-41D2-9714-AF292CA9DBEB} = {BE825D31-2EA2-4CB9-B838-F3CFA84E3CC9}
		{41455E3C-1C90-481C-8E24-836D1AAF02C5} = {C6C2CC94-1785-4DA7-B72F-EC5A8D7041D6}
		{2DAB26C0-8BC7-4515-96EC-877F8C1A0CC9} = {C6C2CC94-1785-4DA7-B72F-EC5A8D7041D6}
		{3293F8C8-427A-4D6C-BA62-BDFB498B072A} = {C6C2CC94-1785-4DA7-B72F-EC5A8D7041D6}
		{FC01BDDB-E810-4EC9-94AA-A08A66796FCC} = {41455E3C-1C90-481C-8E24-836D1AAF02C5}
		{A1021DE4-5E69-4219-B396-64F6683B3727} = {2DAB26C0-8BC7-4515-96EC-877F8C1A0CC9}
		{F07360BD-C6CC-4DAE-8CD0-C2383E593897} = {2DAB26C0-8BC7-4515-96EC-877F8C1A0CC9}
		{B1AB2869-D5B1-45EE-B882-208A23C8EB29} = {2DAB26C0-8BC7-4515-96EC-877F8C1A0CC9}
		{F0F4B2F6-1979-4F36-A81B-5A7A44418831} = {2DAB26C0-8BC7-4515-96EC-877F8C1A0CC9}
		{C12F7576-1B49-44BB-9F79-FDB0BA81B846} = {2DAB26C0-8BC7-4515-96EC-877F8C1A0CC9}
		{B8FE27B3-F683-4B12-BCA7-344EF9A71046} = {2DAB26C0-8BC7-4515-96EC-877F8C1A0CC9}
		{6FD45BEE-2673-432A-BEFB-E93BC75AEE80} = {3293F8C8-427A-4D6C-BA62-BDFB498B072A}
		{D2F1F115-379B-4B70-8988-12C5841E89B0} = {3293F8C8-427A-4D6C-BA62-BDFB498B072A}
		{EB11721D-DEA7-4BDC-9AF8-E6C6E83E6739} = {3293F8C8-427A-4D6C-BA62-BDFB498B072A}
		{6D77A8D9-5AD5-4EBD-9137-2999B35F783F} = {3293F8C8-427A-4D6C-BA62-BDFB498B072A}
		{8012A03A-DA4F-4EEE-950A-8996BDD919A8} = {6FD45BEE-2673-432A-BEFB-E93BC75AEE80}
		{8EF183C3-A209-454B-B4B5-E27B47BF0A99} = {6FD45BEE-2673-432A-BEFB-E93BC75AEE80}
		{F323DA24-A61A-459F-B9AC-C74BA55F932D} = {6FD45BEE-2673-432A-BEFB-E93BC75AEE80}
		{F8B8C5D4-88A5-4796-9D9F-F9E43675879E} = {6FD45BEE-2673-432A-BEFB-E93BC75AEE80}
		{EC5686A6-9846-4B09-8288-CB7396331B54} = {D2F1F115-379B-4B70-8988-12C5841E89B0}
		{526F68E5-B35B-45FB-A54F-25793D2A1678} = {EB11721D-DEA7-4BDC-9AF8-E6C6E83E6739}
		{F8C821A9-155E-48BC-8998-1ED9DE5CEF1A} = {6D77A8D9-5AD5-4EBD-9137-2999B35F783F}
	EndGlobalSection
	GlobalSection(MonoDevelopProperties) = preSolution
		StartupItem = ..\..\samples\XForms.Toolkit.Sample.Droid\XForms.Toolkit.Sample.Droid.csproj
	EndGlobalSection
	GlobalSection(SolutionProperties) = preSolution
		HideSolutionNode = FALSE
	EndGlobalSection
EndGlobal
