
Microsoft Visual Studio Solution File, Format Version 12.00
# Visual Studio 2013
VisualStudioVersion = 12.0.30501.0
MinimumVisualStudioVersion = 10.0.40219.1
Project("{2150E333-8FDC-42A3-9474-1A3956D46DE8}") = "Labs", "Labs", "{8B5A7492-E367-4849-90A1-10464207CE1B}"
EndProject
Project("{FAE04EC0-301F-11D3-BF4B-00C04F79EFBC}") = "Xamarin.Forms.Labs", "..\src\Xamarin.Forms.Labs\Xamarin.Forms.Labs\Xamarin.Forms.Labs.csproj", "{4D10DF5E-883D-468B-A854-4A53C7FE75AC}"
EndProject
Project("{FAE04EC0-301F-11D3-BF4B-00C04F79EFBC}") = "Xamarin.Forms.Labs.iOS", "..\src\Xamarin.Forms.Labs\Xamarin.Forms.Labs.iOS\Xamarin.Forms.Labs.iOS.csproj", "{31ACBE7A-3A07-46A5-804D-0C70454B3DC9}"
EndProject
Project("{FAE04EC0-301F-11D3-BF4B-00C04F79EFBC}") = "Xamarin.Forms.Labs.Droid", "..\src\Xamarin.Forms.Labs\Xamarin.Forms.Labs.Droid\Xamarin.Forms.Labs.Droid.csproj", "{67BB1B0A-8F35-4B87-907A-0BCA3103B38B}"
EndProject
Project("{FAE04EC0-301F-11D3-BF4B-00C04F79EFBC}") = "Xamarin.Forms.Labs.WP8", "..\src\Xamarin.Forms.Labs\Xamarin.Forms.Labs.WP\Xamarin.Forms.Labs.WP8.csproj", "{E38D2AA4-D265-4FF2-90EC-E02EB59F8A73}"
EndProject
Project("{2150E333-8FDC-42A3-9474-1A3956D46DE8}") = "Plugins", "Plugins", "{670192E2-DADB-4B3E-ACFC-99F2A6BC9F38}"
EndProject
Project("{2150E333-8FDC-42A3-9474-1A3956D46DE8}") = "Serialization", "Serialization", "{3915DB03-4FA0-4F42-B916-6CFB00E01944}"
EndProject
Project("{FAE04EC0-301F-11D3-BF4B-00C04F79EFBC}") = "Xamarin.Forms.Labs.Services.Serialization.JsonNET", "..\src\Xamarin.Forms.Labs\Plugins\Serialization\JsonNET\Xamarin.Forms.Labs.Services.Serialization.JsonNET.csproj", "{A1021DE4-5E69-4219-B396-64F6683B3727}"
EndProject
Project("{FAE04EC0-301F-11D3-BF4B-00C04F79EFBC}") = "Xamarin.Forms.Labs.Services.Serialization.ProtoBuf", "..\src\Xamarin.Forms.Labs\Plugins\Serialization\Xamarin.Forms.Labs.Services.Serialization.ProtoBuf\Xamarin.Forms.Labs.Services.Serialization.ProtoBuf.csproj", "{C12F7576-1B49-44BB-9F79-FDB0BA81B846}"
EndProject
Project("{FAE04EC0-301F-11D3-BF4B-00C04F79EFBC}") = "Xamarin.Forms.Labs.Services.Serialization.ServiceStackV3.Droid", "..\src\Xamarin.Forms.Labs\Plugins\Serialization\ServiceStackV3\Xamarin.Forms.Labs.Services.Serialization.ServiceStackV3.Droid.csproj", "{F0F4B2F6-1979-4F36-A81B-5A7A44418831}"
EndProject
Project("{FAE04EC0-301F-11D3-BF4B-00C04F79EFBC}") = "Xamarin.Forms.Labs.Services.Serialization.ServiceStackV3.iOS", "..\src\Xamarin.Forms.Labs\Plugins\Serialization\ServiceStackV3\Xamarin.Forms.Labs.Services.Serialization.ServiceStackV3.iOS.csproj", "{B1AB2869-D5B1-45EE-B882-208A23C8EB29}"
EndProject
Project("{FAE04EC0-301F-11D3-BF4B-00C04F79EFBC}") = "Xamarin.Forms.Labs.Services.Serialization.ServiceStackV3.WP8", "..\src\Xamarin.Forms.Labs\Plugins\Serialization\ServiceStackV3\Xamarin.Forms.Labs.Services.Serialization.ServiceStackV3.WP8.csproj", "{B8FE27B3-F683-4B12-BCA7-344EF9A71046}"
EndProject
Project("{FAE04EC0-301F-11D3-BF4B-00C04F79EFBC}") = "Labs.Tests.iOS", "Labs.Tests.iOS\Labs.Tests.iOS.csproj", "{2873F9D8-66EF-4CD6-9314-6728638B5ECB}"
EndProject
Project("{FAE04EC0-301F-11D3-BF4B-00C04F79EFBC}") = "Labs.Tests.Droid", "Labs.Tests.Droid\Labs.Tests.Droid.csproj", "{BF012352-95C8-424A-9A57-DB5699794AF7}"
EndProject
Project("{FAE04EC0-301F-11D3-BF4B-00C04F79EFBC}") = "Labs.Tests.WP8", "Labs.Tests.WP8\Labs.Tests.WP8.csproj", "{1652DF32-49A4-43B2-8C82-534BFD96135E}"
EndProject
Project("{2150E333-8FDC-42A3-9474-1A3956D46DE8}") = "SharedTests", "SharedTests", "{D5EAE686-19D4-4D40-8870-2634BD544958}"
EndProject
Project("{D954291E-2A0B-460D-934E-DC6B0785DB48}") = "SerializationTests", "SerializationTests\SerializationTests.shproj", "{EF5931DC-BFC8-4EC3-956E-433B7E9B9AE2}"
EndProject
Project("{D954291E-2A0B-460D-934E-DC6B0785DB48}") = "DeviceTests", "DeviceTests\DeviceTests.shproj", "{08C1D9E7-4892-476B-A000-88A35D3517E4}"
EndProject
Project("{D954291E-2A0B-460D-934E-DC6B0785DB48}") = "IocTests", "IocTests\IocTests.shproj", "{3400F11A-E58B-40F5-86A7-D20901B7495B}"
EndProject
Project("{2150E333-8FDC-42A3-9474-1A3956D46DE8}") = "Ioc", "Ioc", "{91CF5B30-75DA-42B8-9364-D04BD67C3D10}"
EndProject
Project("{FAE04EC0-301F-11D3-BF4B-00C04F79EFBC}") = "Xamarin.Forms.Labs.Services.Autofac", "..\src\Xamarin.Forms.Labs\Plugins\DI\Xamarin.Forms.Labs.Services.Autofac\Xamarin.Forms.Labs.Services.Autofac.csproj", "{F8C821A9-155E-48BC-8998-1ED9DE5CEF1A}"
EndProject
Project("{FAE04EC0-301F-11D3-BF4B-00C04F79EFBC}") = "Xamarin.Forms.Labs.Services.Ninject", "..\src\Xamarin.Forms.Labs\Plugins\DI\Xamarin.Forms.Labs.Services.Ninject\Xamarin.Forms.Labs.Services.Ninject.csproj", "{EC5686A6-9846-4B09-8288-CB7396331B54}"
EndProject
Project("{FAE04EC0-301F-11D3-BF4B-00C04F79EFBC}") = "Xamarin.Forms.Labs.Services.SimpleInjector", "..\src\Xamarin.Forms.Labs\Plugins\DI\Xamarin.Forms.Labs.Services.SimpleInjector\Xamarin.Forms.Labs.Services.SimpleInjector.csproj", "{526F68E5-B35B-45FB-A54F-25793D2A1678}"
EndProject
Project("{FAE04EC0-301F-11D3-BF4B-00C04F79EFBC}") = "Xamarin.Forms.Labs.Services.TinyIOC.Droid", "..\src\Xamarin.Forms.Labs\Plugins\DI\Xamarin.Forms.Labs.Services.TinyIOC\Xamarin.Forms.Labs.Services.TinyIOC.Droid.csproj", "{8EF183C3-A209-454B-B4B5-E27B47BF0A99}"
EndProject
Project("{FAE04EC0-301F-11D3-BF4B-00C04F79EFBC}") = "Xamarin.Forms.Labs.Services.TinyIOC.iOS", "..\src\Xamarin.Forms.Labs\Plugins\DI\Xamarin.Forms.Labs.Services.TinyIOC\Xamarin.Forms.Labs.Services.TinyIOC.iOS.csproj", "{F323DA24-A61A-459F-B9AC-C74BA55F932D}"
EndProject
Project("{FAE04EC0-301F-11D3-BF4B-00C04F79EFBC}") = "Xamarin.Forms.Labs.Services.TinyIOC.WP8", "..\src\Xamarin.Forms.Labs\Plugins\DI\Xamarin.Forms.Labs.Services.TinyIOC\Xamarin.Forms.Labs.Services.TinyIOC.WP8.csproj", "{F8B8C5D4-88A5-4796-9D9F-F9E43675879E}"
EndProject
Project("{FAE04EC0-301F-11D3-BF4B-00C04F79EFBC}") = "Xamarin.Forms.Labs.Services.Unity", "..\src\Xamarin.Forms.Labs\Plugins\DI\Xamarin.Forms.Labs.Services.Unity\Xamarin.Forms.Labs.Services.Unity.csproj", "{A224C192-E8A2-436E-9D4C-130004BA411A}"
EndProject
Global
	GlobalSection(SharedMSBuildProjectFiles) = preSolution
		DeviceTests\DeviceTests.projitems*{08c1d9e7-4892-476b-a000-88a35d3517e4}*SharedItemsImports = 13
		SerializationTests\SerializationTests.projitems*{bf012352-95c8-424a-9a57-db5699794af7}*SharedItemsImports = 4
		IocTests\IocTests.projitems*{bf012352-95c8-424a-9a57-db5699794af7}*SharedItemsImports = 4
		DeviceTests\DeviceTests.projitems*{bf012352-95c8-424a-9a57-db5699794af7}*SharedItemsImports = 4
		IocTests\IocTests.projitems*{3400f11a-e58b-40f5-86a7-d20901b7495b}*SharedItemsImports = 13
		SerializationTests\SerializationTests.projitems*{1652df32-49a4-43b2-8c82-534bfd96135e}*SharedItemsImports = 4
		IocTests\IocTests.projitems*{1652df32-49a4-43b2-8c82-534bfd96135e}*SharedItemsImports = 4
		DeviceTests\DeviceTests.projitems*{1652df32-49a4-43b2-8c82-534bfd96135e}*SharedItemsImports = 4
		SerializationTests\SerializationTests.projitems*{ef5931dc-bfc8-4ec3-956e-433b7e9b9ae2}*SharedItemsImports = 13
		SerializationTests\SerializationTests.projitems*{2873f9d8-66ef-4cd6-9314-6728638b5ecb}*SharedItemsImports = 4
		IocTests\IocTests.projitems*{2873f9d8-66ef-4cd6-9314-6728638b5ecb}*SharedItemsImports = 4
		DeviceTests\DeviceTests.projitems*{2873f9d8-66ef-4cd6-9314-6728638b5ecb}*SharedItemsImports = 4
	EndGlobalSection
	GlobalSection(SolutionConfigurationPlatforms) = preSolution
		Ad-Hoc|Any CPU = Ad-Hoc|Any CPU
		Ad-Hoc|ARM = Ad-Hoc|ARM
		Ad-Hoc|iPhone = Ad-Hoc|iPhone
		Ad-Hoc|iPhoneSimulator = Ad-Hoc|iPhoneSimulator
		Ad-Hoc|Mixed Platforms = Ad-Hoc|Mixed Platforms
		Ad-Hoc|x86 = Ad-Hoc|x86
		AppStore|Any CPU = AppStore|Any CPU
		AppStore|ARM = AppStore|ARM
		AppStore|iPhone = AppStore|iPhone
		AppStore|iPhoneSimulator = AppStore|iPhoneSimulator
		AppStore|Mixed Platforms = AppStore|Mixed Platforms
		AppStore|x86 = AppStore|x86
		Debug|Any CPU = Debug|Any CPU
		Debug|ARM = Debug|ARM
		Debug|iPhone = Debug|iPhone
		Debug|iPhoneSimulator = Debug|iPhoneSimulator
		Debug|Mixed Platforms = Debug|Mixed Platforms
		Debug|x86 = Debug|x86
		Release|Any CPU = Release|Any CPU
		Release|ARM = Release|ARM
		Release|iPhone = Release|iPhone
		Release|iPhoneSimulator = Release|iPhoneSimulator
		Release|Mixed Platforms = Release|Mixed Platforms
		Release|x86 = Release|x86
	EndGlobalSection
	GlobalSection(ProjectConfigurationPlatforms) = postSolution
		{4D10DF5E-883D-468B-A854-4A53C7FE75AC}.Ad-Hoc|Any CPU.ActiveCfg = Release|Any CPU
		{4D10DF5E-883D-468B-A854-4A53C7FE75AC}.Ad-Hoc|ARM.ActiveCfg = Release|Any CPU
		{4D10DF5E-883D-468B-A854-4A53C7FE75AC}.Ad-Hoc|iPhone.ActiveCfg = Debug|Any CPU
		{4D10DF5E-883D-468B-A854-4A53C7FE75AC}.Ad-Hoc|iPhone.Build.0 = Debug|Any CPU
		{4D10DF5E-883D-468B-A854-4A53C7FE75AC}.Ad-Hoc|iPhoneSimulator.ActiveCfg = Release|Any CPU
		{4D10DF5E-883D-468B-A854-4A53C7FE75AC}.Ad-Hoc|Mixed Platforms.ActiveCfg = Release|Any CPU
		{4D10DF5E-883D-468B-A854-4A53C7FE75AC}.Ad-Hoc|Mixed Platforms.Build.0 = Release|Any CPU
		{4D10DF5E-883D-468B-A854-4A53C7FE75AC}.Ad-Hoc|x86.ActiveCfg = Release|Any CPU
		{4D10DF5E-883D-468B-A854-4A53C7FE75AC}.AppStore|Any CPU.ActiveCfg = Release|Any CPU
		{4D10DF5E-883D-468B-A854-4A53C7FE75AC}.AppStore|ARM.ActiveCfg = Release|Any CPU
		{4D10DF5E-883D-468B-A854-4A53C7FE75AC}.AppStore|iPhone.ActiveCfg = Debug|Any CPU
		{4D10DF5E-883D-468B-A854-4A53C7FE75AC}.AppStore|iPhone.Build.0 = Debug|Any CPU
		{4D10DF5E-883D-468B-A854-4A53C7FE75AC}.AppStore|iPhoneSimulator.ActiveCfg = Release|Any CPU
		{4D10DF5E-883D-468B-A854-4A53C7FE75AC}.AppStore|Mixed Platforms.ActiveCfg = Release|Any CPU
		{4D10DF5E-883D-468B-A854-4A53C7FE75AC}.AppStore|Mixed Platforms.Build.0 = Release|Any CPU
		{4D10DF5E-883D-468B-A854-4A53C7FE75AC}.AppStore|x86.ActiveCfg = Release|Any CPU
		{4D10DF5E-883D-468B-A854-4A53C7FE75AC}.Debug|Any CPU.ActiveCfg = Debug|Any CPU
		{4D10DF5E-883D-468B-A854-4A53C7FE75AC}.Debug|Any CPU.Build.0 = Debug|Any CPU
		{4D10DF5E-883D-468B-A854-4A53C7FE75AC}.Debug|ARM.ActiveCfg = Debug|Any CPU
		{4D10DF5E-883D-468B-A854-4A53C7FE75AC}.Debug|ARM.Build.0 = Debug|Any CPU
		{4D10DF5E-883D-468B-A854-4A53C7FE75AC}.Debug|iPhone.ActiveCfg = Debug|Any CPU
		{4D10DF5E-883D-468B-A854-4A53C7FE75AC}.Debug|iPhone.Build.0 = Debug|Any CPU
		{4D10DF5E-883D-468B-A854-4A53C7FE75AC}.Debug|iPhoneSimulator.ActiveCfg = Debug|Any CPU
		{4D10DF5E-883D-468B-A854-4A53C7FE75AC}.Debug|iPhoneSimulator.Build.0 = Debug|Any CPU
		{4D10DF5E-883D-468B-A854-4A53C7FE75AC}.Debug|Mixed Platforms.ActiveCfg = Debug|Any CPU
		{4D10DF5E-883D-468B-A854-4A53C7FE75AC}.Debug|Mixed Platforms.Build.0 = Debug|Any CPU
		{4D10DF5E-883D-468B-A854-4A53C7FE75AC}.Debug|x86.ActiveCfg = Debug|Any CPU
		{4D10DF5E-883D-468B-A854-4A53C7FE75AC}.Release|Any CPU.ActiveCfg = Release|Any CPU
		{4D10DF5E-883D-468B-A854-4A53C7FE75AC}.Release|Any CPU.Build.0 = Release|Any CPU
		{4D10DF5E-883D-468B-A854-4A53C7FE75AC}.Release|ARM.ActiveCfg = Release|Any CPU
		{4D10DF5E-883D-468B-A854-4A53C7FE75AC}.Release|iPhone.ActiveCfg = Release|Any CPU
		{4D10DF5E-883D-468B-A854-4A53C7FE75AC}.Release|iPhone.Build.0 = Release|Any CPU
		{4D10DF5E-883D-468B-A854-4A53C7FE75AC}.Release|iPhoneSimulator.ActiveCfg = Release|Any CPU
		{4D10DF5E-883D-468B-A854-4A53C7FE75AC}.Release|iPhoneSimulator.Build.0 = Release|Any CPU
		{4D10DF5E-883D-468B-A854-4A53C7FE75AC}.Release|Mixed Platforms.ActiveCfg = Release|Any CPU
		{4D10DF5E-883D-468B-A854-4A53C7FE75AC}.Release|Mixed Platforms.Build.0 = Release|Any CPU
		{4D10DF5E-883D-468B-A854-4A53C7FE75AC}.Release|x86.ActiveCfg = Release|Any CPU
		{31ACBE7A-3A07-46A5-804D-0C70454B3DC9}.Ad-Hoc|Any CPU.ActiveCfg = Release|Any CPU
		{31ACBE7A-3A07-46A5-804D-0C70454B3DC9}.Ad-Hoc|ARM.ActiveCfg = Release|Any CPU
		{31ACBE7A-3A07-46A5-804D-0C70454B3DC9}.Ad-Hoc|iPhone.ActiveCfg = Debug|Any CPU
		{31ACBE7A-3A07-46A5-804D-0C70454B3DC9}.Ad-Hoc|iPhone.Build.0 = Debug|Any CPU
		{31ACBE7A-3A07-46A5-804D-0C70454B3DC9}.Ad-Hoc|iPhoneSimulator.ActiveCfg = Release|Any CPU
		{31ACBE7A-3A07-46A5-804D-0C70454B3DC9}.Ad-Hoc|Mixed Platforms.ActiveCfg = Release|Any CPU
		{31ACBE7A-3A07-46A5-804D-0C70454B3DC9}.Ad-Hoc|Mixed Platforms.Build.0 = Release|Any CPU
		{31ACBE7A-3A07-46A5-804D-0C70454B3DC9}.Ad-Hoc|x86.ActiveCfg = Release|Any CPU
		{31ACBE7A-3A07-46A5-804D-0C70454B3DC9}.AppStore|Any CPU.ActiveCfg = Release|Any CPU
		{31ACBE7A-3A07-46A5-804D-0C70454B3DC9}.AppStore|ARM.ActiveCfg = Release|Any CPU
		{31ACBE7A-3A07-46A5-804D-0C70454B3DC9}.AppStore|iPhone.ActiveCfg = Debug|Any CPU
		{31ACBE7A-3A07-46A5-804D-0C70454B3DC9}.AppStore|iPhone.Build.0 = Debug|Any CPU
		{31ACBE7A-3A07-46A5-804D-0C70454B3DC9}.AppStore|iPhoneSimulator.ActiveCfg = Release|Any CPU
		{31ACBE7A-3A07-46A5-804D-0C70454B3DC9}.AppStore|Mixed Platforms.ActiveCfg = Release|Any CPU
		{31ACBE7A-3A07-46A5-804D-0C70454B3DC9}.AppStore|Mixed Platforms.Build.0 = Release|Any CPU
		{31ACBE7A-3A07-46A5-804D-0C70454B3DC9}.AppStore|x86.ActiveCfg = Release|Any CPU
		{31ACBE7A-3A07-46A5-804D-0C70454B3DC9}.Debug|Any CPU.ActiveCfg = Debug|Any CPU
		{31ACBE7A-3A07-46A5-804D-0C70454B3DC9}.Debug|Any CPU.Build.0 = Debug|Any CPU
		{31ACBE7A-3A07-46A5-804D-0C70454B3DC9}.Debug|ARM.ActiveCfg = Debug|Any CPU
		{31ACBE7A-3A07-46A5-804D-0C70454B3DC9}.Debug|iPhone.ActiveCfg = Debug|Any CPU
		{31ACBE7A-3A07-46A5-804D-0C70454B3DC9}.Debug|iPhone.Build.0 = Debug|Any CPU
		{31ACBE7A-3A07-46A5-804D-0C70454B3DC9}.Debug|iPhoneSimulator.ActiveCfg = Debug|Any CPU
		{31ACBE7A-3A07-46A5-804D-0C70454B3DC9}.Debug|iPhoneSimulator.Build.0 = Debug|Any CPU
		{31ACBE7A-3A07-46A5-804D-0C70454B3DC9}.Debug|Mixed Platforms.ActiveCfg = Debug|Any CPU
		{31ACBE7A-3A07-46A5-804D-0C70454B3DC9}.Debug|Mixed Platforms.Build.0 = Debug|Any CPU
		{31ACBE7A-3A07-46A5-804D-0C70454B3DC9}.Debug|x86.ActiveCfg = Debug|Any CPU
		{31ACBE7A-3A07-46A5-804D-0C70454B3DC9}.Release|Any CPU.ActiveCfg = Release|Any CPU
		{31ACBE7A-3A07-46A5-804D-0C70454B3DC9}.Release|Any CPU.Build.0 = Release|Any CPU
		{31ACBE7A-3A07-46A5-804D-0C70454B3DC9}.Release|ARM.ActiveCfg = Release|Any CPU
		{31ACBE7A-3A07-46A5-804D-0C70454B3DC9}.Release|iPhone.ActiveCfg = Release|Any CPU
		{31ACBE7A-3A07-46A5-804D-0C70454B3DC9}.Release|iPhone.Build.0 = Release|Any CPU
		{31ACBE7A-3A07-46A5-804D-0C70454B3DC9}.Release|iPhoneSimulator.ActiveCfg = Release|Any CPU
		{31ACBE7A-3A07-46A5-804D-0C70454B3DC9}.Release|iPhoneSimulator.Build.0 = Release|Any CPU
		{31ACBE7A-3A07-46A5-804D-0C70454B3DC9}.Release|Mixed Platforms.ActiveCfg = Release|Any CPU
		{31ACBE7A-3A07-46A5-804D-0C70454B3DC9}.Release|Mixed Platforms.Build.0 = Release|Any CPU
		{31ACBE7A-3A07-46A5-804D-0C70454B3DC9}.Release|x86.ActiveCfg = Release|Any CPU
		{67BB1B0A-8F35-4B87-907A-0BCA3103B38B}.Ad-Hoc|Any CPU.ActiveCfg = Release|Any CPU
		{67BB1B0A-8F35-4B87-907A-0BCA3103B38B}.Ad-Hoc|ARM.ActiveCfg = Release|Any CPU
		{67BB1B0A-8F35-4B87-907A-0BCA3103B38B}.Ad-Hoc|iPhone.ActiveCfg = Debug|Any CPU
		{67BB1B0A-8F35-4B87-907A-0BCA3103B38B}.Ad-Hoc|iPhone.Build.0 = Debug|Any CPU
		{67BB1B0A-8F35-4B87-907A-0BCA3103B38B}.Ad-Hoc|iPhoneSimulator.ActiveCfg = Release|Any CPU
		{67BB1B0A-8F35-4B87-907A-0BCA3103B38B}.Ad-Hoc|Mixed Platforms.ActiveCfg = Release|Any CPU
		{67BB1B0A-8F35-4B87-907A-0BCA3103B38B}.Ad-Hoc|Mixed Platforms.Build.0 = Release|Any CPU
		{67BB1B0A-8F35-4B87-907A-0BCA3103B38B}.Ad-Hoc|x86.ActiveCfg = Release|Any CPU
		{67BB1B0A-8F35-4B87-907A-0BCA3103B38B}.AppStore|Any CPU.ActiveCfg = Release|Any CPU
		{67BB1B0A-8F35-4B87-907A-0BCA3103B38B}.AppStore|ARM.ActiveCfg = Release|Any CPU
		{67BB1B0A-8F35-4B87-907A-0BCA3103B38B}.AppStore|iPhone.ActiveCfg = Debug|Any CPU
		{67BB1B0A-8F35-4B87-907A-0BCA3103B38B}.AppStore|iPhone.Build.0 = Debug|Any CPU
		{67BB1B0A-8F35-4B87-907A-0BCA3103B38B}.AppStore|iPhoneSimulator.ActiveCfg = Release|Any CPU
		{67BB1B0A-8F35-4B87-907A-0BCA3103B38B}.AppStore|Mixed Platforms.ActiveCfg = Release|Any CPU
		{67BB1B0A-8F35-4B87-907A-0BCA3103B38B}.AppStore|Mixed Platforms.Build.0 = Release|Any CPU
		{67BB1B0A-8F35-4B87-907A-0BCA3103B38B}.AppStore|x86.ActiveCfg = Release|Any CPU
		{67BB1B0A-8F35-4B87-907A-0BCA3103B38B}.Debug|Any CPU.ActiveCfg = Debug|Any CPU
		{67BB1B0A-8F35-4B87-907A-0BCA3103B38B}.Debug|Any CPU.Build.0 = Debug|Any CPU
		{67BB1B0A-8F35-4B87-907A-0BCA3103B38B}.Debug|ARM.ActiveCfg = Debug|Any CPU
		{67BB1B0A-8F35-4B87-907A-0BCA3103B38B}.Debug|iPhone.ActiveCfg = Debug|Any CPU
		{67BB1B0A-8F35-4B87-907A-0BCA3103B38B}.Debug|iPhone.Build.0 = Debug|Any CPU
		{67BB1B0A-8F35-4B87-907A-0BCA3103B38B}.Debug|iPhoneSimulator.ActiveCfg = Debug|Any CPU
		{67BB1B0A-8F35-4B87-907A-0BCA3103B38B}.Debug|iPhoneSimulator.Build.0 = Debug|Any CPU
		{67BB1B0A-8F35-4B87-907A-0BCA3103B38B}.Debug|Mixed Platforms.ActiveCfg = Debug|Any CPU
		{67BB1B0A-8F35-4B87-907A-0BCA3103B38B}.Debug|Mixed Platforms.Build.0 = Debug|Any CPU
		{67BB1B0A-8F35-4B87-907A-0BCA3103B38B}.Debug|x86.ActiveCfg = Debug|Any CPU
		{67BB1B0A-8F35-4B87-907A-0BCA3103B38B}.Release|Any CPU.ActiveCfg = Release|Any CPU
		{67BB1B0A-8F35-4B87-907A-0BCA3103B38B}.Release|Any CPU.Build.0 = Release|Any CPU
		{67BB1B0A-8F35-4B87-907A-0BCA3103B38B}.Release|ARM.ActiveCfg = Release|Any CPU
		{67BB1B0A-8F35-4B87-907A-0BCA3103B38B}.Release|iPhone.ActiveCfg = Release|Any CPU
		{67BB1B0A-8F35-4B87-907A-0BCA3103B38B}.Release|iPhone.Build.0 = Release|Any CPU
		{67BB1B0A-8F35-4B87-907A-0BCA3103B38B}.Release|iPhoneSimulator.ActiveCfg = Release|Any CPU
		{67BB1B0A-8F35-4B87-907A-0BCA3103B38B}.Release|iPhoneSimulator.Build.0 = Release|Any CPU
		{67BB1B0A-8F35-4B87-907A-0BCA3103B38B}.Release|Mixed Platforms.ActiveCfg = Release|Any CPU
		{67BB1B0A-8F35-4B87-907A-0BCA3103B38B}.Release|Mixed Platforms.Build.0 = Release|Any CPU
		{67BB1B0A-8F35-4B87-907A-0BCA3103B38B}.Release|x86.ActiveCfg = Release|Any CPU
		{E38D2AA4-D265-4FF2-90EC-E02EB59F8A73}.Ad-Hoc|Any CPU.ActiveCfg = Release|Any CPU
		{E38D2AA4-D265-4FF2-90EC-E02EB59F8A73}.Ad-Hoc|Any CPU.Build.0 = Release|Any CPU
		{E38D2AA4-D265-4FF2-90EC-E02EB59F8A73}.Ad-Hoc|ARM.ActiveCfg = Release|ARM
		{E38D2AA4-D265-4FF2-90EC-E02EB59F8A73}.Ad-Hoc|ARM.Build.0 = Release|ARM
		{E38D2AA4-D265-4FF2-90EC-E02EB59F8A73}.Ad-Hoc|iPhone.ActiveCfg = Release|Any CPU
		{E38D2AA4-D265-4FF2-90EC-E02EB59F8A73}.Ad-Hoc|iPhoneSimulator.ActiveCfg = Release|Any CPU
		{E38D2AA4-D265-4FF2-90EC-E02EB59F8A73}.Ad-Hoc|Mixed Platforms.ActiveCfg = Release|x86
		{E38D2AA4-D265-4FF2-90EC-E02EB59F8A73}.Ad-Hoc|Mixed Platforms.Build.0 = Release|x86
		{E38D2AA4-D265-4FF2-90EC-E02EB59F8A73}.Ad-Hoc|x86.ActiveCfg = Release|x86
		{E38D2AA4-D265-4FF2-90EC-E02EB59F8A73}.Ad-Hoc|x86.Build.0 = Release|x86
		{E38D2AA4-D265-4FF2-90EC-E02EB59F8A73}.AppStore|Any CPU.ActiveCfg = Release|Any CPU
		{E38D2AA4-D265-4FF2-90EC-E02EB59F8A73}.AppStore|Any CPU.Build.0 = Release|Any CPU
		{E38D2AA4-D265-4FF2-90EC-E02EB59F8A73}.AppStore|ARM.ActiveCfg = Release|ARM
		{E38D2AA4-D265-4FF2-90EC-E02EB59F8A73}.AppStore|ARM.Build.0 = Release|ARM
		{E38D2AA4-D265-4FF2-90EC-E02EB59F8A73}.AppStore|iPhone.ActiveCfg = Release|Any CPU
		{E38D2AA4-D265-4FF2-90EC-E02EB59F8A73}.AppStore|iPhoneSimulator.ActiveCfg = Release|Any CPU
		{E38D2AA4-D265-4FF2-90EC-E02EB59F8A73}.AppStore|Mixed Platforms.ActiveCfg = Release|x86
		{E38D2AA4-D265-4FF2-90EC-E02EB59F8A73}.AppStore|Mixed Platforms.Build.0 = Release|x86
		{E38D2AA4-D265-4FF2-90EC-E02EB59F8A73}.AppStore|x86.ActiveCfg = Release|x86
		{E38D2AA4-D265-4FF2-90EC-E02EB59F8A73}.AppStore|x86.Build.0 = Release|x86
		{E38D2AA4-D265-4FF2-90EC-E02EB59F8A73}.Debug|Any CPU.ActiveCfg = Debug|Any CPU
		{E38D2AA4-D265-4FF2-90EC-E02EB59F8A73}.Debug|Any CPU.Build.0 = Debug|Any CPU
		{E38D2AA4-D265-4FF2-90EC-E02EB59F8A73}.Debug|ARM.ActiveCfg = Debug|ARM
		{E38D2AA4-D265-4FF2-90EC-E02EB59F8A73}.Debug|ARM.Build.0 = Debug|ARM
		{E38D2AA4-D265-4FF2-90EC-E02EB59F8A73}.Debug|iPhone.ActiveCfg = Debug|Any CPU
		{E38D2AA4-D265-4FF2-90EC-E02EB59F8A73}.Debug|iPhoneSimulator.ActiveCfg = Debug|Any CPU
		{E38D2AA4-D265-4FF2-90EC-E02EB59F8A73}.Debug|Mixed Platforms.ActiveCfg = Debug|x86
		{E38D2AA4-D265-4FF2-90EC-E02EB59F8A73}.Debug|Mixed Platforms.Build.0 = Debug|x86
		{E38D2AA4-D265-4FF2-90EC-E02EB59F8A73}.Debug|x86.ActiveCfg = Debug|x86
		{E38D2AA4-D265-4FF2-90EC-E02EB59F8A73}.Debug|x86.Build.0 = Debug|x86
		{E38D2AA4-D265-4FF2-90EC-E02EB59F8A73}.Release|Any CPU.ActiveCfg = Release|Any CPU
		{E38D2AA4-D265-4FF2-90EC-E02EB59F8A73}.Release|Any CPU.Build.0 = Release|Any CPU
		{E38D2AA4-D265-4FF2-90EC-E02EB59F8A73}.Release|ARM.ActiveCfg = Release|ARM
		{E38D2AA4-D265-4FF2-90EC-E02EB59F8A73}.Release|ARM.Build.0 = Release|ARM
		{E38D2AA4-D265-4FF2-90EC-E02EB59F8A73}.Release|iPhone.ActiveCfg = Release|Any CPU
		{E38D2AA4-D265-4FF2-90EC-E02EB59F8A73}.Release|iPhoneSimulator.ActiveCfg = Release|Any CPU
		{E38D2AA4-D265-4FF2-90EC-E02EB59F8A73}.Release|Mixed Platforms.ActiveCfg = Release|x86
		{E38D2AA4-D265-4FF2-90EC-E02EB59F8A73}.Release|Mixed Platforms.Build.0 = Release|x86
		{E38D2AA4-D265-4FF2-90EC-E02EB59F8A73}.Release|x86.ActiveCfg = Release|x86
		{E38D2AA4-D265-4FF2-90EC-E02EB59F8A73}.Release|x86.Build.0 = Release|x86
		{A1021DE4-5E69-4219-B396-64F6683B3727}.Ad-Hoc|Any CPU.ActiveCfg = Release|Any CPU
		{A1021DE4-5E69-4219-B396-64F6683B3727}.Ad-Hoc|Any CPU.Build.0 = Release|Any CPU
		{A1021DE4-5E69-4219-B396-64F6683B3727}.Ad-Hoc|ARM.ActiveCfg = Release|Any CPU
		{A1021DE4-5E69-4219-B396-64F6683B3727}.Ad-Hoc|iPhone.ActiveCfg = Release|Any CPU
		{A1021DE4-5E69-4219-B396-64F6683B3727}.Ad-Hoc|iPhoneSimulator.ActiveCfg = Release|Any CPU
		{A1021DE4-5E69-4219-B396-64F6683B3727}.Ad-Hoc|Mixed Platforms.ActiveCfg = Release|Any CPU
		{A1021DE4-5E69-4219-B396-64F6683B3727}.Ad-Hoc|Mixed Platforms.Build.0 = Release|Any CPU
		{A1021DE4-5E69-4219-B396-64F6683B3727}.Ad-Hoc|x86.ActiveCfg = Release|Any CPU
		{A1021DE4-5E69-4219-B396-64F6683B3727}.AppStore|Any CPU.ActiveCfg = Release|Any CPU
		{A1021DE4-5E69-4219-B396-64F6683B3727}.AppStore|Any CPU.Build.0 = Release|Any CPU
		{A1021DE4-5E69-4219-B396-64F6683B3727}.AppStore|ARM.ActiveCfg = Release|Any CPU
		{A1021DE4-5E69-4219-B396-64F6683B3727}.AppStore|iPhone.ActiveCfg = Release|Any CPU
		{A1021DE4-5E69-4219-B396-64F6683B3727}.AppStore|iPhoneSimulator.ActiveCfg = Release|Any CPU
		{A1021DE4-5E69-4219-B396-64F6683B3727}.AppStore|Mixed Platforms.ActiveCfg = Release|Any CPU
		{A1021DE4-5E69-4219-B396-64F6683B3727}.AppStore|Mixed Platforms.Build.0 = Release|Any CPU
		{A1021DE4-5E69-4219-B396-64F6683B3727}.AppStore|x86.ActiveCfg = Release|Any CPU
		{A1021DE4-5E69-4219-B396-64F6683B3727}.Debug|Any CPU.ActiveCfg = Debug|Any CPU
		{A1021DE4-5E69-4219-B396-64F6683B3727}.Debug|Any CPU.Build.0 = Debug|Any CPU
		{A1021DE4-5E69-4219-B396-64F6683B3727}.Debug|ARM.ActiveCfg = Debug|Any CPU
		{A1021DE4-5E69-4219-B396-64F6683B3727}.Debug|ARM.Build.0 = Debug|Any CPU
		{A1021DE4-5E69-4219-B396-64F6683B3727}.Debug|iPhone.ActiveCfg = Debug|Any CPU
		{A1021DE4-5E69-4219-B396-64F6683B3727}.Debug|iPhoneSimulator.ActiveCfg = Debug|Any CPU
		{A1021DE4-5E69-4219-B396-64F6683B3727}.Debug|iPhoneSimulator.Build.0 = Debug|Any CPU
		{A1021DE4-5E69-4219-B396-64F6683B3727}.Debug|Mixed Platforms.ActiveCfg = Debug|Any CPU
		{A1021DE4-5E69-4219-B396-64F6683B3727}.Debug|Mixed Platforms.Build.0 = Debug|Any CPU
		{A1021DE4-5E69-4219-B396-64F6683B3727}.Debug|x86.ActiveCfg = Debug|Any CPU
		{A1021DE4-5E69-4219-B396-64F6683B3727}.Release|Any CPU.ActiveCfg = Release|Any CPU
		{A1021DE4-5E69-4219-B396-64F6683B3727}.Release|Any CPU.Build.0 = Release|Any CPU
		{A1021DE4-5E69-4219-B396-64F6683B3727}.Release|ARM.ActiveCfg = Release|Any CPU
		{A1021DE4-5E69-4219-B396-64F6683B3727}.Release|iPhone.ActiveCfg = Release|Any CPU
		{A1021DE4-5E69-4219-B396-64F6683B3727}.Release|iPhoneSimulator.ActiveCfg = Release|Any CPU
		{A1021DE4-5E69-4219-B396-64F6683B3727}.Release|iPhoneSimulator.Build.0 = Release|Any CPU
		{A1021DE4-5E69-4219-B396-64F6683B3727}.Release|Mixed Platforms.ActiveCfg = Release|Any CPU
		{A1021DE4-5E69-4219-B396-64F6683B3727}.Release|Mixed Platforms.Build.0 = Release|Any CPU
		{A1021DE4-5E69-4219-B396-64F6683B3727}.Release|x86.ActiveCfg = Release|Any CPU
		{C12F7576-1B49-44BB-9F79-FDB0BA81B846}.Ad-Hoc|Any CPU.ActiveCfg = Release|Any CPU
		{C12F7576-1B49-44BB-9F79-FDB0BA81B846}.Ad-Hoc|Any CPU.Build.0 = Release|Any CPU
		{C12F7576-1B49-44BB-9F79-FDB0BA81B846}.Ad-Hoc|ARM.ActiveCfg = Release|Any CPU
		{C12F7576-1B49-44BB-9F79-FDB0BA81B846}.Ad-Hoc|iPhone.ActiveCfg = Release|Any CPU
		{C12F7576-1B49-44BB-9F79-FDB0BA81B846}.Ad-Hoc|iPhoneSimulator.ActiveCfg = Release|Any CPU
		{C12F7576-1B49-44BB-9F79-FDB0BA81B846}.Ad-Hoc|Mixed Platforms.ActiveCfg = Release|Any CPU
		{C12F7576-1B49-44BB-9F79-FDB0BA81B846}.Ad-Hoc|Mixed Platforms.Build.0 = Release|Any CPU
		{C12F7576-1B49-44BB-9F79-FDB0BA81B846}.Ad-Hoc|x86.ActiveCfg = Release|Any CPU
		{C12F7576-1B49-44BB-9F79-FDB0BA81B846}.AppStore|Any CPU.ActiveCfg = Release|Any CPU
		{C12F7576-1B49-44BB-9F79-FDB0BA81B846}.AppStore|Any CPU.Build.0 = Release|Any CPU
		{C12F7576-1B49-44BB-9F79-FDB0BA81B846}.AppStore|ARM.ActiveCfg = Release|Any CPU
		{C12F7576-1B49-44BB-9F79-FDB0BA81B846}.AppStore|iPhone.ActiveCfg = Release|Any CPU
		{C12F7576-1B49-44BB-9F79-FDB0BA81B846}.AppStore|iPhoneSimulator.ActiveCfg = Release|Any CPU
		{C12F7576-1B49-44BB-9F79-FDB0BA81B846}.AppStore|Mixed Platforms.ActiveCfg = Release|Any CPU
		{C12F7576-1B49-44BB-9F79-FDB0BA81B846}.AppStore|Mixed Platforms.Build.0 = Release|Any CPU
		{C12F7576-1B49-44BB-9F79-FDB0BA81B846}.AppStore|x86.ActiveCfg = Release|Any CPU
		{C12F7576-1B49-44BB-9F79-FDB0BA81B846}.Debug|Any CPU.ActiveCfg = Debug|Any CPU
		{C12F7576-1B49-44BB-9F79-FDB0BA81B846}.Debug|Any CPU.Build.0 = Debug|Any CPU
		{C12F7576-1B49-44BB-9F79-FDB0BA81B846}.Debug|ARM.ActiveCfg = Debug|Any CPU
		{C12F7576-1B49-44BB-9F79-FDB0BA81B846}.Debug|ARM.Build.0 = Debug|Any CPU
		{C12F7576-1B49-44BB-9F79-FDB0BA81B846}.Debug|iPhone.ActiveCfg = Debug|Any CPU
		{C12F7576-1B49-44BB-9F79-FDB0BA81B846}.Debug|iPhoneSimulator.ActiveCfg = Debug|Any CPU
		{C12F7576-1B49-44BB-9F79-FDB0BA81B846}.Debug|iPhoneSimulator.Build.0 = Debug|Any CPU
		{C12F7576-1B49-44BB-9F79-FDB0BA81B846}.Debug|Mixed Platforms.ActiveCfg = Debug|Any CPU
		{C12F7576-1B49-44BB-9F79-FDB0BA81B846}.Debug|Mixed Platforms.Build.0 = Debug|Any CPU
		{C12F7576-1B49-44BB-9F79-FDB0BA81B846}.Debug|x86.ActiveCfg = Debug|Any CPU
		{C12F7576-1B49-44BB-9F79-FDB0BA81B846}.Release|Any CPU.ActiveCfg = Release|Any CPU
		{C12F7576-1B49-44BB-9F79-FDB0BA81B846}.Release|Any CPU.Build.0 = Release|Any CPU
		{C12F7576-1B49-44BB-9F79-FDB0BA81B846}.Release|ARM.ActiveCfg = Release|Any CPU
		{C12F7576-1B49-44BB-9F79-FDB0BA81B846}.Release|iPhone.ActiveCfg = Release|Any CPU
		{C12F7576-1B49-44BB-9F79-FDB0BA81B846}.Release|iPhoneSimulator.ActiveCfg = Release|Any CPU
		{C12F7576-1B49-44BB-9F79-FDB0BA81B846}.Release|iPhoneSimulator.Build.0 = Release|Any CPU
		{C12F7576-1B49-44BB-9F79-FDB0BA81B846}.Release|Mixed Platforms.ActiveCfg = Release|Any CPU
		{C12F7576-1B49-44BB-9F79-FDB0BA81B846}.Release|Mixed Platforms.Build.0 = Release|Any CPU
		{C12F7576-1B49-44BB-9F79-FDB0BA81B846}.Release|x86.ActiveCfg = Release|Any CPU
		{F0F4B2F6-1979-4F36-A81B-5A7A44418831}.Ad-Hoc|Any CPU.ActiveCfg = Release|Any CPU
		{F0F4B2F6-1979-4F36-A81B-5A7A44418831}.Ad-Hoc|Any CPU.Build.0 = Release|Any CPU
		{F0F4B2F6-1979-4F36-A81B-5A7A44418831}.Ad-Hoc|ARM.ActiveCfg = Release|Any CPU
		{F0F4B2F6-1979-4F36-A81B-5A7A44418831}.Ad-Hoc|iPhone.ActiveCfg = Release|Any CPU
		{F0F4B2F6-1979-4F36-A81B-5A7A44418831}.Ad-Hoc|iPhoneSimulator.ActiveCfg = Release|Any CPU
		{F0F4B2F6-1979-4F36-A81B-5A7A44418831}.Ad-Hoc|Mixed Platforms.ActiveCfg = Release|Any CPU
		{F0F4B2F6-1979-4F36-A81B-5A7A44418831}.Ad-Hoc|Mixed Platforms.Build.0 = Release|Any CPU
		{F0F4B2F6-1979-4F36-A81B-5A7A44418831}.Ad-Hoc|x86.ActiveCfg = Release|Any CPU
		{F0F4B2F6-1979-4F36-A81B-5A7A44418831}.AppStore|Any CPU.ActiveCfg = Release|Any CPU
		{F0F4B2F6-1979-4F36-A81B-5A7A44418831}.AppStore|Any CPU.Build.0 = Release|Any CPU
		{F0F4B2F6-1979-4F36-A81B-5A7A44418831}.AppStore|ARM.ActiveCfg = Release|Any CPU
		{F0F4B2F6-1979-4F36-A81B-5A7A44418831}.AppStore|iPhone.ActiveCfg = Release|Any CPU
		{F0F4B2F6-1979-4F36-A81B-5A7A44418831}.AppStore|iPhoneSimulator.ActiveCfg = Release|Any CPU
		{F0F4B2F6-1979-4F36-A81B-5A7A44418831}.AppStore|Mixed Platforms.ActiveCfg = Release|Any CPU
		{F0F4B2F6-1979-4F36-A81B-5A7A44418831}.AppStore|Mixed Platforms.Build.0 = Release|Any CPU
		{F0F4B2F6-1979-4F36-A81B-5A7A44418831}.AppStore|x86.ActiveCfg = Release|Any CPU
		{F0F4B2F6-1979-4F36-A81B-5A7A44418831}.Debug|Any CPU.ActiveCfg = Debug|Any CPU
		{F0F4B2F6-1979-4F36-A81B-5A7A44418831}.Debug|Any CPU.Build.0 = Debug|Any CPU
		{F0F4B2F6-1979-4F36-A81B-5A7A44418831}.Debug|ARM.ActiveCfg = Debug|Any CPU
		{F0F4B2F6-1979-4F36-A81B-5A7A44418831}.Debug|iPhone.ActiveCfg = Debug|Any CPU
		{F0F4B2F6-1979-4F36-A81B-5A7A44418831}.Debug|iPhoneSimulator.ActiveCfg = Debug|Any CPU
		{F0F4B2F6-1979-4F36-A81B-5A7A44418831}.Debug|Mixed Platforms.ActiveCfg = Debug|Any CPU
		{F0F4B2F6-1979-4F36-A81B-5A7A44418831}.Debug|Mixed Platforms.Build.0 = Debug|Any CPU
		{F0F4B2F6-1979-4F36-A81B-5A7A44418831}.Debug|x86.ActiveCfg = Debug|Any CPU
		{F0F4B2F6-1979-4F36-A81B-5A7A44418831}.Release|Any CPU.ActiveCfg = Release|Any CPU
		{F0F4B2F6-1979-4F36-A81B-5A7A44418831}.Release|Any CPU.Build.0 = Release|Any CPU
		{F0F4B2F6-1979-4F36-A81B-5A7A44418831}.Release|ARM.ActiveCfg = Release|Any CPU
		{F0F4B2F6-1979-4F36-A81B-5A7A44418831}.Release|iPhone.ActiveCfg = Release|Any CPU
		{F0F4B2F6-1979-4F36-A81B-5A7A44418831}.Release|iPhoneSimulator.ActiveCfg = Release|Any CPU
		{F0F4B2F6-1979-4F36-A81B-5A7A44418831}.Release|Mixed Platforms.ActiveCfg = Release|Any CPU
		{F0F4B2F6-1979-4F36-A81B-5A7A44418831}.Release|Mixed Platforms.Build.0 = Release|Any CPU
		{F0F4B2F6-1979-4F36-A81B-5A7A44418831}.Release|x86.ActiveCfg = Release|Any CPU
		{B1AB2869-D5B1-45EE-B882-208A23C8EB29}.Ad-Hoc|Any CPU.ActiveCfg = Release|Any CPU
		{B1AB2869-D5B1-45EE-B882-208A23C8EB29}.Ad-Hoc|Any CPU.Build.0 = Release|Any CPU
		{B1AB2869-D5B1-45EE-B882-208A23C8EB29}.Ad-Hoc|ARM.ActiveCfg = Release|Any CPU
		{B1AB2869-D5B1-45EE-B882-208A23C8EB29}.Ad-Hoc|iPhone.ActiveCfg = Release|Any CPU
		{B1AB2869-D5B1-45EE-B882-208A23C8EB29}.Ad-Hoc|iPhoneSimulator.ActiveCfg = Release|Any CPU
		{B1AB2869-D5B1-45EE-B882-208A23C8EB29}.Ad-Hoc|Mixed Platforms.ActiveCfg = Release|Any CPU
		{B1AB2869-D5B1-45EE-B882-208A23C8EB29}.Ad-Hoc|Mixed Platforms.Build.0 = Release|Any CPU
		{B1AB2869-D5B1-45EE-B882-208A23C8EB29}.Ad-Hoc|x86.ActiveCfg = Release|Any CPU
		{B1AB2869-D5B1-45EE-B882-208A23C8EB29}.AppStore|Any CPU.ActiveCfg = Release|Any CPU
		{B1AB2869-D5B1-45EE-B882-208A23C8EB29}.AppStore|Any CPU.Build.0 = Release|Any CPU
		{B1AB2869-D5B1-45EE-B882-208A23C8EB29}.AppStore|ARM.ActiveCfg = Release|Any CPU
		{B1AB2869-D5B1-45EE-B882-208A23C8EB29}.AppStore|iPhone.ActiveCfg = Release|Any CPU
		{B1AB2869-D5B1-45EE-B882-208A23C8EB29}.AppStore|iPhoneSimulator.ActiveCfg = Release|Any CPU
		{B1AB2869-D5B1-45EE-B882-208A23C8EB29}.AppStore|Mixed Platforms.ActiveCfg = Release|Any CPU
		{B1AB2869-D5B1-45EE-B882-208A23C8EB29}.AppStore|Mixed Platforms.Build.0 = Release|Any CPU
		{B1AB2869-D5B1-45EE-B882-208A23C8EB29}.AppStore|x86.ActiveCfg = Release|Any CPU
		{B1AB2869-D5B1-45EE-B882-208A23C8EB29}.Debug|Any CPU.ActiveCfg = Debug|Any CPU
		{B1AB2869-D5B1-45EE-B882-208A23C8EB29}.Debug|Any CPU.Build.0 = Debug|Any CPU
		{B1AB2869-D5B1-45EE-B882-208A23C8EB29}.Debug|ARM.ActiveCfg = Debug|Any CPU
		{B1AB2869-D5B1-45EE-B882-208A23C8EB29}.Debug|iPhone.ActiveCfg = Debug|Any CPU
		{B1AB2869-D5B1-45EE-B882-208A23C8EB29}.Debug|iPhoneSimulator.ActiveCfg = Debug|Any CPU
		{B1AB2869-D5B1-45EE-B882-208A23C8EB29}.Debug|iPhoneSimulator.Build.0 = Debug|Any CPU
		{B1AB2869-D5B1-45EE-B882-208A23C8EB29}.Debug|Mixed Platforms.ActiveCfg = Debug|Any CPU
		{B1AB2869-D5B1-45EE-B882-208A23C8EB29}.Debug|Mixed Platforms.Build.0 = Debug|Any CPU
		{B1AB2869-D5B1-45EE-B882-208A23C8EB29}.Debug|x86.ActiveCfg = Debug|Any CPU
		{B1AB2869-D5B1-45EE-B882-208A23C8EB29}.Release|Any CPU.ActiveCfg = Release|Any CPU
		{B1AB2869-D5B1-45EE-B882-208A23C8EB29}.Release|Any CPU.Build.0 = Release|Any CPU
		{B1AB2869-D5B1-45EE-B882-208A23C8EB29}.Release|ARM.ActiveCfg = Release|Any CPU
		{B1AB2869-D5B1-45EE-B882-208A23C8EB29}.Release|iPhone.ActiveCfg = Release|Any CPU
		{B1AB2869-D5B1-45EE-B882-208A23C8EB29}.Release|iPhoneSimulator.ActiveCfg = Release|Any CPU
		{B1AB2869-D5B1-45EE-B882-208A23C8EB29}.Release|iPhoneSimulator.Build.0 = Release|Any CPU
		{B1AB2869-D5B1-45EE-B882-208A23C8EB29}.Release|Mixed Platforms.ActiveCfg = Release|Any CPU
		{B1AB2869-D5B1-45EE-B882-208A23C8EB29}.Release|Mixed Platforms.Build.0 = Release|Any CPU
		{B1AB2869-D5B1-45EE-B882-208A23C8EB29}.Release|x86.ActiveCfg = Release|Any CPU
		{B8FE27B3-F683-4B12-BCA7-344EF9A71046}.Ad-Hoc|Any CPU.ActiveCfg = Release|Any CPU
		{B8FE27B3-F683-4B12-BCA7-344EF9A71046}.Ad-Hoc|Any CPU.Build.0 = Release|Any CPU
		{B8FE27B3-F683-4B12-BCA7-344EF9A71046}.Ad-Hoc|ARM.ActiveCfg = Release|ARM
		{B8FE27B3-F683-4B12-BCA7-344EF9A71046}.Ad-Hoc|ARM.Build.0 = Release|ARM
		{B8FE27B3-F683-4B12-BCA7-344EF9A71046}.Ad-Hoc|iPhone.ActiveCfg = Release|Any CPU
		{B8FE27B3-F683-4B12-BCA7-344EF9A71046}.Ad-Hoc|iPhoneSimulator.ActiveCfg = Release|Any CPU
		{B8FE27B3-F683-4B12-BCA7-344EF9A71046}.Ad-Hoc|Mixed Platforms.ActiveCfg = Release|x86
		{B8FE27B3-F683-4B12-BCA7-344EF9A71046}.Ad-Hoc|Mixed Platforms.Build.0 = Release|x86
		{B8FE27B3-F683-4B12-BCA7-344EF9A71046}.Ad-Hoc|x86.ActiveCfg = Release|x86
		{B8FE27B3-F683-4B12-BCA7-344EF9A71046}.Ad-Hoc|x86.Build.0 = Release|x86
		{B8FE27B3-F683-4B12-BCA7-344EF9A71046}.AppStore|Any CPU.ActiveCfg = Release|Any CPU
		{B8FE27B3-F683-4B12-BCA7-344EF9A71046}.AppStore|Any CPU.Build.0 = Release|Any CPU
		{B8FE27B3-F683-4B12-BCA7-344EF9A71046}.AppStore|ARM.ActiveCfg = Release|ARM
		{B8FE27B3-F683-4B12-BCA7-344EF9A71046}.AppStore|ARM.Build.0 = Release|ARM
		{B8FE27B3-F683-4B12-BCA7-344EF9A71046}.AppStore|iPhone.ActiveCfg = Release|Any CPU
		{B8FE27B3-F683-4B12-BCA7-344EF9A71046}.AppStore|iPhoneSimulator.ActiveCfg = Release|Any CPU
		{B8FE27B3-F683-4B12-BCA7-344EF9A71046}.AppStore|Mixed Platforms.ActiveCfg = Release|x86
		{B8FE27B3-F683-4B12-BCA7-344EF9A71046}.AppStore|Mixed Platforms.Build.0 = Release|x86
		{B8FE27B3-F683-4B12-BCA7-344EF9A71046}.AppStore|x86.ActiveCfg = Release|x86
		{B8FE27B3-F683-4B12-BCA7-344EF9A71046}.AppStore|x86.Build.0 = Release|x86
		{B8FE27B3-F683-4B12-BCA7-344EF9A71046}.Debug|Any CPU.ActiveCfg = Debug|Any CPU
		{B8FE27B3-F683-4B12-BCA7-344EF9A71046}.Debug|Any CPU.Build.0 = Debug|Any CPU
		{B8FE27B3-F683-4B12-BCA7-344EF9A71046}.Debug|ARM.ActiveCfg = Debug|ARM
		{B8FE27B3-F683-4B12-BCA7-344EF9A71046}.Debug|ARM.Build.0 = Debug|ARM
		{B8FE27B3-F683-4B12-BCA7-344EF9A71046}.Debug|iPhone.ActiveCfg = Debug|Any CPU
		{B8FE27B3-F683-4B12-BCA7-344EF9A71046}.Debug|iPhoneSimulator.ActiveCfg = Debug|Any CPU
		{B8FE27B3-F683-4B12-BCA7-344EF9A71046}.Debug|Mixed Platforms.ActiveCfg = Debug|x86
		{B8FE27B3-F683-4B12-BCA7-344EF9A71046}.Debug|Mixed Platforms.Build.0 = Debug|x86
		{B8FE27B3-F683-4B12-BCA7-344EF9A71046}.Debug|x86.ActiveCfg = Debug|x86
		{B8FE27B3-F683-4B12-BCA7-344EF9A71046}.Debug|x86.Build.0 = Debug|x86
		{B8FE27B3-F683-4B12-BCA7-344EF9A71046}.Release|Any CPU.ActiveCfg = Release|Any CPU
		{B8FE27B3-F683-4B12-BCA7-344EF9A71046}.Release|Any CPU.Build.0 = Release|Any CPU
		{B8FE27B3-F683-4B12-BCA7-344EF9A71046}.Release|ARM.ActiveCfg = Release|ARM
		{B8FE27B3-F683-4B12-BCA7-344EF9A71046}.Release|ARM.Build.0 = Release|ARM
		{B8FE27B3-F683-4B12-BCA7-344EF9A71046}.Release|iPhone.ActiveCfg = Release|Any CPU
		{B8FE27B3-F683-4B12-BCA7-344EF9A71046}.Release|iPhoneSimulator.ActiveCfg = Release|Any CPU
		{B8FE27B3-F683-4B12-BCA7-344EF9A71046}.Release|Mixed Platforms.ActiveCfg = Release|x86
		{B8FE27B3-F683-4B12-BCA7-344EF9A71046}.Release|Mixed Platforms.Build.0 = Release|x86
		{B8FE27B3-F683-4B12-BCA7-344EF9A71046}.Release|x86.ActiveCfg = Release|x86
		{B8FE27B3-F683-4B12-BCA7-344EF9A71046}.Release|x86.Build.0 = Release|x86
		{2873F9D8-66EF-4CD6-9314-6728638B5ECB}.Ad-Hoc|Any CPU.ActiveCfg = Ad-Hoc|iPhone
		{2873F9D8-66EF-4CD6-9314-6728638B5ECB}.Ad-Hoc|ARM.ActiveCfg = Ad-Hoc|iPhoneSimulator
		{2873F9D8-66EF-4CD6-9314-6728638B5ECB}.Ad-Hoc|iPhone.ActiveCfg = Ad-Hoc|iPhone
		{2873F9D8-66EF-4CD6-9314-6728638B5ECB}.Ad-Hoc|iPhone.Build.0 = Ad-Hoc|iPhone
		{2873F9D8-66EF-4CD6-9314-6728638B5ECB}.Ad-Hoc|iPhoneSimulator.ActiveCfg = Ad-Hoc|iPhone
		{2873F9D8-66EF-4CD6-9314-6728638B5ECB}.Ad-Hoc|Mixed Platforms.ActiveCfg = Ad-Hoc|iPhoneSimulator
		{2873F9D8-66EF-4CD6-9314-6728638B5ECB}.Ad-Hoc|Mixed Platforms.Build.0 = Ad-Hoc|iPhoneSimulator
		{2873F9D8-66EF-4CD6-9314-6728638B5ECB}.Ad-Hoc|Mixed Platforms.Deploy.0 = Ad-Hoc|iPhoneSimulator
		{2873F9D8-66EF-4CD6-9314-6728638B5ECB}.Ad-Hoc|x86.ActiveCfg = Ad-Hoc|iPhoneSimulator
		{2873F9D8-66EF-4CD6-9314-6728638B5ECB}.AppStore|Any CPU.ActiveCfg = AppStore|iPhone
		{2873F9D8-66EF-4CD6-9314-6728638B5ECB}.AppStore|ARM.ActiveCfg = AppStore|iPhoneSimulator
		{2873F9D8-66EF-4CD6-9314-6728638B5ECB}.AppStore|iPhone.ActiveCfg = AppStore|iPhone
		{2873F9D8-66EF-4CD6-9314-6728638B5ECB}.AppStore|iPhone.Build.0 = AppStore|iPhone
		{2873F9D8-66EF-4CD6-9314-6728638B5ECB}.AppStore|iPhoneSimulator.ActiveCfg = AppStore|iPhone
		{2873F9D8-66EF-4CD6-9314-6728638B5ECB}.AppStore|Mixed Platforms.ActiveCfg = AppStore|iPhoneSimulator
		{2873F9D8-66EF-4CD6-9314-6728638B5ECB}.AppStore|Mixed Platforms.Build.0 = AppStore|iPhoneSimulator
		{2873F9D8-66EF-4CD6-9314-6728638B5ECB}.AppStore|Mixed Platforms.Deploy.0 = AppStore|iPhoneSimulator
		{2873F9D8-66EF-4CD6-9314-6728638B5ECB}.AppStore|x86.ActiveCfg = AppStore|iPhoneSimulator
		{2873F9D8-66EF-4CD6-9314-6728638B5ECB}.Debug|Any CPU.ActiveCfg = Debug|iPhoneSimulator
		{2873F9D8-66EF-4CD6-9314-6728638B5ECB}.Debug|Any CPU.Build.0 = Debug|iPhoneSimulator
		{2873F9D8-66EF-4CD6-9314-6728638B5ECB}.Debug|ARM.ActiveCfg = Debug|iPhone
		{2873F9D8-66EF-4CD6-9314-6728638B5ECB}.Debug|iPhone.ActiveCfg = Debug|iPhone
		{2873F9D8-66EF-4CD6-9314-6728638B5ECB}.Debug|iPhone.Build.0 = Debug|iPhone
		{2873F9D8-66EF-4CD6-9314-6728638B5ECB}.Debug|iPhone.Deploy.0 = Debug|iPhone
		{2873F9D8-66EF-4CD6-9314-6728638B5ECB}.Debug|iPhoneSimulator.ActiveCfg = Debug|iPhoneSimulator
		{2873F9D8-66EF-4CD6-9314-6728638B5ECB}.Debug|iPhoneSimulator.Build.0 = Debug|iPhoneSimulator
		{2873F9D8-66EF-4CD6-9314-6728638B5ECB}.Debug|iPhoneSimulator.Deploy.0 = Debug|iPhoneSimulator
		{2873F9D8-66EF-4CD6-9314-6728638B5ECB}.Debug|Mixed Platforms.ActiveCfg = Debug|iPhone
		{2873F9D8-66EF-4CD6-9314-6728638B5ECB}.Debug|Mixed Platforms.Build.0 = Debug|iPhone
		{2873F9D8-66EF-4CD6-9314-6728638B5ECB}.Debug|Mixed Platforms.Deploy.0 = Debug|iPhone
		{2873F9D8-66EF-4CD6-9314-6728638B5ECB}.Debug|x86.ActiveCfg = Debug|iPhone
		{2873F9D8-66EF-4CD6-9314-6728638B5ECB}.Release|Any CPU.ActiveCfg = Release|iPhoneSimulator
		{2873F9D8-66EF-4CD6-9314-6728638B5ECB}.Release|Any CPU.Build.0 = Release|iPhoneSimulator
		{2873F9D8-66EF-4CD6-9314-6728638B5ECB}.Release|ARM.ActiveCfg = Release|iPhone
		{2873F9D8-66EF-4CD6-9314-6728638B5ECB}.Release|iPhone.ActiveCfg = Release|iPhone
		{2873F9D8-66EF-4CD6-9314-6728638B5ECB}.Release|iPhone.Build.0 = Release|iPhone
		{2873F9D8-66EF-4CD6-9314-6728638B5ECB}.Release|iPhoneSimulator.ActiveCfg = Release|iPhoneSimulator
		{2873F9D8-66EF-4CD6-9314-6728638B5ECB}.Release|iPhoneSimulator.Build.0 = Release|iPhoneSimulator
		{2873F9D8-66EF-4CD6-9314-6728638B5ECB}.Release|iPhoneSimulator.Deploy.0 = Release|iPhoneSimulator
		{2873F9D8-66EF-4CD6-9314-6728638B5ECB}.Release|Mixed Platforms.ActiveCfg = Release|iPhone
		{2873F9D8-66EF-4CD6-9314-6728638B5ECB}.Release|Mixed Platforms.Build.0 = Release|iPhone
		{2873F9D8-66EF-4CD6-9314-6728638B5ECB}.Release|Mixed Platforms.Deploy.0 = Release|iPhone
		{2873F9D8-66EF-4CD6-9314-6728638B5ECB}.Release|x86.ActiveCfg = Release|iPhone
		{BF012352-95C8-424A-9A57-DB5699794AF7}.Ad-Hoc|Any CPU.ActiveCfg = Release|Any CPU
		{BF012352-95C8-424A-9A57-DB5699794AF7}.Ad-Hoc|ARM.ActiveCfg = Release|Any CPU
		{BF012352-95C8-424A-9A57-DB5699794AF7}.Ad-Hoc|iPhone.ActiveCfg = Debug|Any CPU
		{BF012352-95C8-424A-9A57-DB5699794AF7}.Ad-Hoc|iPhone.Build.0 = Debug|Any CPU
		{BF012352-95C8-424A-9A57-DB5699794AF7}.Ad-Hoc|iPhoneSimulator.ActiveCfg = Release|Any CPU
		{BF012352-95C8-424A-9A57-DB5699794AF7}.Ad-Hoc|Mixed Platforms.ActiveCfg = Release|Any CPU
		{BF012352-95C8-424A-9A57-DB5699794AF7}.Ad-Hoc|Mixed Platforms.Build.0 = Release|Any CPU
		{BF012352-95C8-424A-9A57-DB5699794AF7}.Ad-Hoc|Mixed Platforms.Deploy.0 = Release|Any CPU
		{BF012352-95C8-424A-9A57-DB5699794AF7}.Ad-Hoc|x86.ActiveCfg = Release|Any CPU
		{BF012352-95C8-424A-9A57-DB5699794AF7}.AppStore|Any CPU.ActiveCfg = Release|Any CPU
		{BF012352-95C8-424A-9A57-DB5699794AF7}.AppStore|ARM.ActiveCfg = Release|Any CPU
		{BF012352-95C8-424A-9A57-DB5699794AF7}.AppStore|iPhone.ActiveCfg = Debug|Any CPU
		{BF012352-95C8-424A-9A57-DB5699794AF7}.AppStore|iPhone.Build.0 = Debug|Any CPU
		{BF012352-95C8-424A-9A57-DB5699794AF7}.AppStore|iPhoneSimulator.ActiveCfg = Release|Any CPU
		{BF012352-95C8-424A-9A57-DB5699794AF7}.AppStore|Mixed Platforms.ActiveCfg = Release|Any CPU
		{BF012352-95C8-424A-9A57-DB5699794AF7}.AppStore|Mixed Platforms.Build.0 = Release|Any CPU
		{BF012352-95C8-424A-9A57-DB5699794AF7}.AppStore|Mixed Platforms.Deploy.0 = Release|Any CPU
		{BF012352-95C8-424A-9A57-DB5699794AF7}.AppStore|x86.ActiveCfg = Release|Any CPU
		{BF012352-95C8-424A-9A57-DB5699794AF7}.Debug|Any CPU.ActiveCfg = Debug|Any CPU
		{BF012352-95C8-424A-9A57-DB5699794AF7}.Debug|Any CPU.Build.0 = Debug|Any CPU
		{BF012352-95C8-424A-9A57-DB5699794AF7}.Debug|Any CPU.Deploy.0 = Debug|Any CPU
		{BF012352-95C8-424A-9A57-DB5699794AF7}.Debug|ARM.ActiveCfg = Debug|Any CPU
		{BF012352-95C8-424A-9A57-DB5699794AF7}.Debug|iPhone.ActiveCfg = Debug|Any CPU
		{BF012352-95C8-424A-9A57-DB5699794AF7}.Debug|iPhone.Build.0 = Debug|Any CPU
		{BF012352-95C8-424A-9A57-DB5699794AF7}.Debug|iPhoneSimulator.ActiveCfg = Debug|Any CPU
		{BF012352-95C8-424A-9A57-DB5699794AF7}.Debug|iPhoneSimulator.Build.0 = Debug|Any CPU
		{BF012352-95C8-424A-9A57-DB5699794AF7}.Debug|Mixed Platforms.ActiveCfg = Debug|Any CPU
		{BF012352-95C8-424A-9A57-DB5699794AF7}.Debug|Mixed Platforms.Build.0 = Debug|Any CPU
		{BF012352-95C8-424A-9A57-DB5699794AF7}.Debug|Mixed Platforms.Deploy.0 = Debug|Any CPU
		{BF012352-95C8-424A-9A57-DB5699794AF7}.Debug|x86.ActiveCfg = Debug|Any CPU
		{BF012352-95C8-424A-9A57-DB5699794AF7}.Release|Any CPU.ActiveCfg = Release|Any CPU
		{BF012352-95C8-424A-9A57-DB5699794AF7}.Release|Any CPU.Build.0 = Release|Any CPU
		{BF012352-95C8-424A-9A57-DB5699794AF7}.Release|Any CPU.Deploy.0 = Release|Any CPU
		{BF012352-95C8-424A-9A57-DB5699794AF7}.Release|ARM.ActiveCfg = Release|Any CPU
		{BF012352-95C8-424A-9A57-DB5699794AF7}.Release|iPhone.ActiveCfg = Release|Any CPU
		{BF012352-95C8-424A-9A57-DB5699794AF7}.Release|iPhone.Build.0 = Release|Any CPU
		{BF012352-95C8-424A-9A57-DB5699794AF7}.Release|iPhoneSimulator.ActiveCfg = Release|Any CPU
		{BF012352-95C8-424A-9A57-DB5699794AF7}.Release|iPhoneSimulator.Build.0 = Release|Any CPU
		{BF012352-95C8-424A-9A57-DB5699794AF7}.Release|Mixed Platforms.ActiveCfg = Release|Any CPU
		{BF012352-95C8-424A-9A57-DB5699794AF7}.Release|Mixed Platforms.Build.0 = Release|Any CPU
		{BF012352-95C8-424A-9A57-DB5699794AF7}.Release|Mixed Platforms.Deploy.0 = Release|Any CPU
		{BF012352-95C8-424A-9A57-DB5699794AF7}.Release|x86.ActiveCfg = Release|Any CPU
		{1652DF32-49A4-43B2-8C82-534BFD96135E}.Ad-Hoc|Any CPU.ActiveCfg = Release|x86
		{1652DF32-49A4-43B2-8C82-534BFD96135E}.Ad-Hoc|ARM.ActiveCfg = Release|ARM
		{1652DF32-49A4-43B2-8C82-534BFD96135E}.Ad-Hoc|ARM.Build.0 = Release|ARM
		{1652DF32-49A4-43B2-8C82-534BFD96135E}.Ad-Hoc|ARM.Deploy.0 = Release|ARM
		{1652DF32-49A4-43B2-8C82-534BFD96135E}.Ad-Hoc|iPhone.ActiveCfg = Release|x86
		{1652DF32-49A4-43B2-8C82-534BFD96135E}.Ad-Hoc|iPhoneSimulator.ActiveCfg = Release|x86
		{1652DF32-49A4-43B2-8C82-534BFD96135E}.Ad-Hoc|Mixed Platforms.ActiveCfg = Release|x86
		{1652DF32-49A4-43B2-8C82-534BFD96135E}.Ad-Hoc|Mixed Platforms.Build.0 = Release|x86
		{1652DF32-49A4-43B2-8C82-534BFD96135E}.Ad-Hoc|Mixed Platforms.Deploy.0 = Release|x86
		{1652DF32-49A4-43B2-8C82-534BFD96135E}.Ad-Hoc|x86.ActiveCfg = Release|x86
		{1652DF32-49A4-43B2-8C82-534BFD96135E}.Ad-Hoc|x86.Build.0 = Release|x86
		{1652DF32-49A4-43B2-8C82-534BFD96135E}.Ad-Hoc|x86.Deploy.0 = Release|x86
		{1652DF32-49A4-43B2-8C82-534BFD96135E}.AppStore|Any CPU.ActiveCfg = Release|x86
		{1652DF32-49A4-43B2-8C82-534BFD96135E}.AppStore|ARM.ActiveCfg = Release|ARM
		{1652DF32-49A4-43B2-8C82-534BFD96135E}.AppStore|ARM.Build.0 = Release|ARM
		{1652DF32-49A4-43B2-8C82-534BFD96135E}.AppStore|ARM.Deploy.0 = Release|ARM
		{1652DF32-49A4-43B2-8C82-534BFD96135E}.AppStore|iPhone.ActiveCfg = Release|x86
		{1652DF32-49A4-43B2-8C82-534BFD96135E}.AppStore|iPhoneSimulator.ActiveCfg = Release|x86
		{1652DF32-49A4-43B2-8C82-534BFD96135E}.AppStore|Mixed Platforms.ActiveCfg = Release|x86
		{1652DF32-49A4-43B2-8C82-534BFD96135E}.AppStore|Mixed Platforms.Build.0 = Release|x86
		{1652DF32-49A4-43B2-8C82-534BFD96135E}.AppStore|Mixed Platforms.Deploy.0 = Release|x86
		{1652DF32-49A4-43B2-8C82-534BFD96135E}.AppStore|x86.ActiveCfg = Release|x86
		{1652DF32-49A4-43B2-8C82-534BFD96135E}.AppStore|x86.Build.0 = Release|x86
		{1652DF32-49A4-43B2-8C82-534BFD96135E}.AppStore|x86.Deploy.0 = Release|x86
		{1652DF32-49A4-43B2-8C82-534BFD96135E}.Debug|Any CPU.ActiveCfg = Debug|x86
		{1652DF32-49A4-43B2-8C82-534BFD96135E}.Debug|ARM.ActiveCfg = Debug|ARM
		{1652DF32-49A4-43B2-8C82-534BFD96135E}.Debug|ARM.Build.0 = Debug|ARM
		{1652DF32-49A4-43B2-8C82-534BFD96135E}.Debug|ARM.Deploy.0 = Debug|ARM
		{1652DF32-49A4-43B2-8C82-534BFD96135E}.Debug|iPhone.ActiveCfg = Debug|x86
		{1652DF32-49A4-43B2-8C82-534BFD96135E}.Debug|iPhoneSimulator.ActiveCfg = Debug|x86
		{1652DF32-49A4-43B2-8C82-534BFD96135E}.Debug|Mixed Platforms.ActiveCfg = Debug|x86
		{1652DF32-49A4-43B2-8C82-534BFD96135E}.Debug|Mixed Platforms.Build.0 = Debug|x86
		{1652DF32-49A4-43B2-8C82-534BFD96135E}.Debug|Mixed Platforms.Deploy.0 = Debug|x86
		{1652DF32-49A4-43B2-8C82-534BFD96135E}.Debug|x86.ActiveCfg = Debug|x86
		{1652DF32-49A4-43B2-8C82-534BFD96135E}.Debug|x86.Build.0 = Debug|x86
		{1652DF32-49A4-43B2-8C82-534BFD96135E}.Debug|x86.Deploy.0 = Debug|x86
		{1652DF32-49A4-43B2-8C82-534BFD96135E}.Release|Any CPU.ActiveCfg = Release|x86
		{1652DF32-49A4-43B2-8C82-534BFD96135E}.Release|ARM.ActiveCfg = Release|ARM
		{1652DF32-49A4-43B2-8C82-534BFD96135E}.Release|ARM.Build.0 = Release|ARM
		{1652DF32-49A4-43B2-8C82-534BFD96135E}.Release|ARM.Deploy.0 = Release|ARM
		{1652DF32-49A4-43B2-8C82-534BFD96135E}.Release|iPhone.ActiveCfg = Release|x86
		{1652DF32-49A4-43B2-8C82-534BFD96135E}.Release|iPhoneSimulator.ActiveCfg = Release|x86
		{1652DF32-49A4-43B2-8C82-534BFD96135E}.Release|Mixed Platforms.ActiveCfg = Release|x86
		{1652DF32-49A4-43B2-8C82-534BFD96135E}.Release|Mixed Platforms.Build.0 = Release|x86
		{1652DF32-49A4-43B2-8C82-534BFD96135E}.Release|Mixed Platforms.Deploy.0 = Release|x86
		{1652DF32-49A4-43B2-8C82-534BFD96135E}.Release|x86.ActiveCfg = Release|x86
		{1652DF32-49A4-43B2-8C82-534BFD96135E}.Release|x86.Build.0 = Release|x86
		{1652DF32-49A4-43B2-8C82-534BFD96135E}.Release|x86.Deploy.0 = Release|x86
		{F8C821A9-155E-48BC-8998-1ED9DE5CEF1A}.Ad-Hoc|Any CPU.ActiveCfg = Release|Any CPU
		{F8C821A9-155E-48BC-8998-1ED9DE5CEF1A}.Ad-Hoc|Any CPU.Build.0 = Release|Any CPU
		{F8C821A9-155E-48BC-8998-1ED9DE5CEF1A}.Ad-Hoc|ARM.ActiveCfg = Release|Any CPU
		{F8C821A9-155E-48BC-8998-1ED9DE5CEF1A}.Ad-Hoc|iPhone.ActiveCfg = Release|Any CPU
		{F8C821A9-155E-48BC-8998-1ED9DE5CEF1A}.Ad-Hoc|iPhoneSimulator.ActiveCfg = Release|Any CPU
		{F8C821A9-155E-48BC-8998-1ED9DE5CEF1A}.Ad-Hoc|Mixed Platforms.ActiveCfg = Release|Any CPU
		{F8C821A9-155E-48BC-8998-1ED9DE5CEF1A}.Ad-Hoc|Mixed Platforms.Build.0 = Release|Any CPU
		{F8C821A9-155E-48BC-8998-1ED9DE5CEF1A}.Ad-Hoc|x86.ActiveCfg = Release|Any CPU
		{F8C821A9-155E-48BC-8998-1ED9DE5CEF1A}.AppStore|Any CPU.ActiveCfg = Release|Any CPU
		{F8C821A9-155E-48BC-8998-1ED9DE5CEF1A}.AppStore|Any CPU.Build.0 = Release|Any CPU
		{F8C821A9-155E-48BC-8998-1ED9DE5CEF1A}.AppStore|ARM.ActiveCfg = Release|Any CPU
		{F8C821A9-155E-48BC-8998-1ED9DE5CEF1A}.AppStore|iPhone.ActiveCfg = Release|Any CPU
		{F8C821A9-155E-48BC-8998-1ED9DE5CEF1A}.AppStore|iPhoneSimulator.ActiveCfg = Release|Any CPU
		{F8C821A9-155E-48BC-8998-1ED9DE5CEF1A}.AppStore|Mixed Platforms.ActiveCfg = Release|Any CPU
		{F8C821A9-155E-48BC-8998-1ED9DE5CEF1A}.AppStore|Mixed Platforms.Build.0 = Release|Any CPU
		{F8C821A9-155E-48BC-8998-1ED9DE5CEF1A}.AppStore|x86.ActiveCfg = Release|Any CPU
		{F8C821A9-155E-48BC-8998-1ED9DE5CEF1A}.Debug|Any CPU.ActiveCfg = Debug|Any CPU
		{F8C821A9-155E-48BC-8998-1ED9DE5CEF1A}.Debug|Any CPU.Build.0 = Debug|Any CPU
		{F8C821A9-155E-48BC-8998-1ED9DE5CEF1A}.Debug|ARM.ActiveCfg = Debug|Any CPU
		{F8C821A9-155E-48BC-8998-1ED9DE5CEF1A}.Debug|ARM.Build.0 = Debug|Any CPU
		{F8C821A9-155E-48BC-8998-1ED9DE5CEF1A}.Debug|iPhone.ActiveCfg = Debug|Any CPU
		{F8C821A9-155E-48BC-8998-1ED9DE5CEF1A}.Debug|iPhoneSimulator.ActiveCfg = Debug|Any CPU
		{F8C821A9-155E-48BC-8998-1ED9DE5CEF1A}.Debug|iPhoneSimulator.Build.0 = Debug|Any CPU
		{F8C821A9-155E-48BC-8998-1ED9DE5CEF1A}.Debug|Mixed Platforms.ActiveCfg = Debug|Any CPU
		{F8C821A9-155E-48BC-8998-1ED9DE5CEF1A}.Debug|Mixed Platforms.Build.0 = Debug|Any CPU
		{F8C821A9-155E-48BC-8998-1ED9DE5CEF1A}.Debug|x86.ActiveCfg = Debug|Any CPU
		{F8C821A9-155E-48BC-8998-1ED9DE5CEF1A}.Release|Any CPU.ActiveCfg = Release|Any CPU
		{F8C821A9-155E-48BC-8998-1ED9DE5CEF1A}.Release|Any CPU.Build.0 = Release|Any CPU
		{F8C821A9-155E-48BC-8998-1ED9DE5CEF1A}.Release|ARM.ActiveCfg = Release|Any CPU
		{F8C821A9-155E-48BC-8998-1ED9DE5CEF1A}.Release|iPhone.ActiveCfg = Release|Any CPU
		{F8C821A9-155E-48BC-8998-1ED9DE5CEF1A}.Release|iPhoneSimulator.ActiveCfg = Release|Any CPU
		{F8C821A9-155E-48BC-8998-1ED9DE5CEF1A}.Release|Mixed Platforms.ActiveCfg = Release|Any CPU
		{F8C821A9-155E-48BC-8998-1ED9DE5CEF1A}.Release|Mixed Platforms.Build.0 = Release|Any CPU
		{F8C821A9-155E-48BC-8998-1ED9DE5CEF1A}.Release|x86.ActiveCfg = Release|Any CPU
		{EC5686A6-9846-4B09-8288-CB7396331B54}.Ad-Hoc|Any CPU.ActiveCfg = Release|Any CPU
		{EC5686A6-9846-4B09-8288-CB7396331B54}.Ad-Hoc|Any CPU.Build.0 = Release|Any CPU
		{EC5686A6-9846-4B09-8288-CB7396331B54}.Ad-Hoc|ARM.ActiveCfg = Release|Any CPU
		{EC5686A6-9846-4B09-8288-CB7396331B54}.Ad-Hoc|iPhone.ActiveCfg = Release|Any CPU
		{EC5686A6-9846-4B09-8288-CB7396331B54}.Ad-Hoc|iPhoneSimulator.ActiveCfg = Release|Any CPU
		{EC5686A6-9846-4B09-8288-CB7396331B54}.Ad-Hoc|Mixed Platforms.ActiveCfg = Release|Any CPU
		{EC5686A6-9846-4B09-8288-CB7396331B54}.Ad-Hoc|Mixed Platforms.Build.0 = Release|Any CPU
		{EC5686A6-9846-4B09-8288-CB7396331B54}.Ad-Hoc|x86.ActiveCfg = Release|Any CPU
		{EC5686A6-9846-4B09-8288-CB7396331B54}.AppStore|Any CPU.ActiveCfg = Release|Any CPU
		{EC5686A6-9846-4B09-8288-CB7396331B54}.AppStore|Any CPU.Build.0 = Release|Any CPU
		{EC5686A6-9846-4B09-8288-CB7396331B54}.AppStore|ARM.ActiveCfg = Release|Any CPU
		{EC5686A6-9846-4B09-8288-CB7396331B54}.AppStore|iPhone.ActiveCfg = Release|Any CPU
		{EC5686A6-9846-4B09-8288-CB7396331B54}.AppStore|iPhoneSimulator.ActiveCfg = Release|Any CPU
		{EC5686A6-9846-4B09-8288-CB7396331B54}.AppStore|Mixed Platforms.ActiveCfg = Release|Any CPU
		{EC5686A6-9846-4B09-8288-CB7396331B54}.AppStore|Mixed Platforms.Build.0 = Release|Any CPU
		{EC5686A6-9846-4B09-8288-CB7396331B54}.AppStore|x86.ActiveCfg = Release|Any CPU
		{EC5686A6-9846-4B09-8288-CB7396331B54}.Debug|Any CPU.ActiveCfg = Debug|Any CPU
		{EC5686A6-9846-4B09-8288-CB7396331B54}.Debug|Any CPU.Build.0 = Debug|Any CPU
		{EC5686A6-9846-4B09-8288-CB7396331B54}.Debug|ARM.ActiveCfg = Debug|Any CPU
		{EC5686A6-9846-4B09-8288-CB7396331B54}.Debug|ARM.Build.0 = Debug|Any CPU
		{EC5686A6-9846-4B09-8288-CB7396331B54}.Debug|iPhone.ActiveCfg = Debug|Any CPU
		{EC5686A6-9846-4B09-8288-CB7396331B54}.Debug|iPhoneSimulator.ActiveCfg = Debug|Any CPU
		{EC5686A6-9846-4B09-8288-CB7396331B54}.Debug|iPhoneSimulator.Build.0 = Debug|Any CPU
		{EC5686A6-9846-4B09-8288-CB7396331B54}.Debug|Mixed Platforms.ActiveCfg = Debug|Any CPU
		{EC5686A6-9846-4B09-8288-CB7396331B54}.Debug|Mixed Platforms.Build.0 = Debug|Any CPU
		{EC5686A6-9846-4B09-8288-CB7396331B54}.Debug|x86.ActiveCfg = Debug|Any CPU
		{EC5686A6-9846-4B09-8288-CB7396331B54}.Release|Any CPU.ActiveCfg = Release|Any CPU
		{EC5686A6-9846-4B09-8288-CB7396331B54}.Release|Any CPU.Build.0 = Release|Any CPU
		{EC5686A6-9846-4B09-8288-CB7396331B54}.Release|ARM.ActiveCfg = Release|Any CPU
		{EC5686A6-9846-4B09-8288-CB7396331B54}.Release|iPhone.ActiveCfg = Release|Any CPU
		{EC5686A6-9846-4B09-8288-CB7396331B54}.Release|iPhoneSimulator.ActiveCfg = Release|Any CPU
		{EC5686A6-9846-4B09-8288-CB7396331B54}.Release|Mixed Platforms.ActiveCfg = Release|Any CPU
		{EC5686A6-9846-4B09-8288-CB7396331B54}.Release|Mixed Platforms.Build.0 = Release|Any CPU
		{EC5686A6-9846-4B09-8288-CB7396331B54}.Release|x86.ActiveCfg = Release|Any CPU
		{526F68E5-B35B-45FB-A54F-25793D2A1678}.Ad-Hoc|Any CPU.ActiveCfg = Release|Any CPU
		{526F68E5-B35B-45FB-A54F-25793D2A1678}.Ad-Hoc|Any CPU.Build.0 = Release|Any CPU
		{526F68E5-B35B-45FB-A54F-25793D2A1678}.Ad-Hoc|ARM.ActiveCfg = Release|Any CPU
		{526F68E5-B35B-45FB-A54F-25793D2A1678}.Ad-Hoc|iPhone.ActiveCfg = Release|Any CPU
		{526F68E5-B35B-45FB-A54F-25793D2A1678}.Ad-Hoc|iPhoneSimulator.ActiveCfg = Release|Any CPU
		{526F68E5-B35B-45FB-A54F-25793D2A1678}.Ad-Hoc|Mixed Platforms.ActiveCfg = Release|Any CPU
		{526F68E5-B35B-45FB-A54F-25793D2A1678}.Ad-Hoc|Mixed Platforms.Build.0 = Release|Any CPU
		{526F68E5-B35B-45FB-A54F-25793D2A1678}.Ad-Hoc|x86.ActiveCfg = Release|Any CPU
		{526F68E5-B35B-45FB-A54F-25793D2A1678}.AppStore|Any CPU.ActiveCfg = Release|Any CPU
		{526F68E5-B35B-45FB-A54F-25793D2A1678}.AppStore|Any CPU.Build.0 = Release|Any CPU
		{526F68E5-B35B-45FB-A54F-25793D2A1678}.AppStore|ARM.ActiveCfg = Release|Any CPU
		{526F68E5-B35B-45FB-A54F-25793D2A1678}.AppStore|iPhone.ActiveCfg = Release|Any CPU
		{526F68E5-B35B-45FB-A54F-25793D2A1678}.AppStore|iPhoneSimulator.ActiveCfg = Release|Any CPU
		{526F68E5-B35B-45FB-A54F-25793D2A1678}.AppStore|Mixed Platforms.ActiveCfg = Release|Any CPU
		{526F68E5-B35B-45FB-A54F-25793D2A1678}.AppStore|Mixed Platforms.Build.0 = Release|Any CPU
		{526F68E5-B35B-45FB-A54F-25793D2A1678}.AppStore|x86.ActiveCfg = Release|Any CPU
		{526F68E5-B35B-45FB-A54F-25793D2A1678}.Debug|Any CPU.ActiveCfg = Debug|Any CPU
		{526F68E5-B35B-45FB-A54F-25793D2A1678}.Debug|Any CPU.Build.0 = Debug|Any CPU
		{526F68E5-B35B-45FB-A54F-25793D2A1678}.Debug|ARM.ActiveCfg = Debug|Any CPU
		{526F68E5-B35B-45FB-A54F-25793D2A1678}.Debug|ARM.Build.0 = Debug|Any CPU
		{526F68E5-B35B-45FB-A54F-25793D2A1678}.Debug|iPhone.ActiveCfg = Debug|Any CPU
		{526F68E5-B35B-45FB-A54F-25793D2A1678}.Debug|iPhoneSimulator.ActiveCfg = Debug|Any CPU
		{526F68E5-B35B-45FB-A54F-25793D2A1678}.Debug|iPhoneSimulator.Build.0 = Debug|Any CPU
		{526F68E5-B35B-45FB-A54F-25793D2A1678}.Debug|Mixed Platforms.ActiveCfg = Debug|Any CPU
		{526F68E5-B35B-45FB-A54F-25793D2A1678}.Debug|Mixed Platforms.Build.0 = Debug|Any CPU
		{526F68E5-B35B-45FB-A54F-25793D2A1678}.Debug|x86.ActiveCfg = Debug|Any CPU
		{526F68E5-B35B-45FB-A54F-25793D2A1678}.Release|Any CPU.ActiveCfg = Release|Any CPU
		{526F68E5-B35B-45FB-A54F-25793D2A1678}.Release|Any CPU.Build.0 = Release|Any CPU
		{526F68E5-B35B-45FB-A54F-25793D2A1678}.Release|ARM.ActiveCfg = Release|Any CPU
		{526F68E5-B35B-45FB-A54F-25793D2A1678}.Release|iPhone.ActiveCfg = Release|Any CPU
		{526F68E5-B35B-45FB-A54F-25793D2A1678}.Release|iPhoneSimulator.ActiveCfg = Release|Any CPU
		{526F68E5-B35B-45FB-A54F-25793D2A1678}.Release|Mixed Platforms.ActiveCfg = Release|Any CPU
		{526F68E5-B35B-45FB-A54F-25793D2A1678}.Release|Mixed Platforms.Build.0 = Release|Any CPU
		{526F68E5-B35B-45FB-A54F-25793D2A1678}.Release|x86.ActiveCfg = Release|Any CPU
		{8EF183C3-A209-454B-B4B5-E27B47BF0A99}.Ad-Hoc|Any CPU.ActiveCfg = Release|Any CPU
		{8EF183C3-A209-454B-B4B5-E27B47BF0A99}.Ad-Hoc|Any CPU.Build.0 = Release|Any CPU
		{8EF183C3-A209-454B-B4B5-E27B47BF0A99}.Ad-Hoc|ARM.ActiveCfg = Release|Any CPU
		{8EF183C3-A209-454B-B4B5-E27B47BF0A99}.Ad-Hoc|iPhone.ActiveCfg = Release|Any CPU
		{8EF183C3-A209-454B-B4B5-E27B47BF0A99}.Ad-Hoc|iPhoneSimulator.ActiveCfg = Release|Any CPU
		{8EF183C3-A209-454B-B4B5-E27B47BF0A99}.Ad-Hoc|Mixed Platforms.ActiveCfg = Release|Any CPU
		{8EF183C3-A209-454B-B4B5-E27B47BF0A99}.Ad-Hoc|Mixed Platforms.Build.0 = Release|Any CPU
		{8EF183C3-A209-454B-B4B5-E27B47BF0A99}.Ad-Hoc|x86.ActiveCfg = Release|Any CPU
		{8EF183C3-A209-454B-B4B5-E27B47BF0A99}.AppStore|Any CPU.ActiveCfg = Release|Any CPU
		{8EF183C3-A209-454B-B4B5-E27B47BF0A99}.AppStore|Any CPU.Build.0 = Release|Any CPU
		{8EF183C3-A209-454B-B4B5-E27B47BF0A99}.AppStore|ARM.ActiveCfg = Release|Any CPU
		{8EF183C3-A209-454B-B4B5-E27B47BF0A99}.AppStore|iPhone.ActiveCfg = Release|Any CPU
		{8EF183C3-A209-454B-B4B5-E27B47BF0A99}.AppStore|iPhoneSimulator.ActiveCfg = Release|Any CPU
		{8EF183C3-A209-454B-B4B5-E27B47BF0A99}.AppStore|Mixed Platforms.ActiveCfg = Release|Any CPU
		{8EF183C3-A209-454B-B4B5-E27B47BF0A99}.AppStore|Mixed Platforms.Build.0 = Release|Any CPU
		{8EF183C3-A209-454B-B4B5-E27B47BF0A99}.AppStore|x86.ActiveCfg = Release|Any CPU
		{8EF183C3-A209-454B-B4B5-E27B47BF0A99}.Debug|Any CPU.ActiveCfg = Debug|Any CPU
		{8EF183C3-A209-454B-B4B5-E27B47BF0A99}.Debug|Any CPU.Build.0 = Debug|Any CPU
		{8EF183C3-A209-454B-B4B5-E27B47BF0A99}.Debug|ARM.ActiveCfg = Debug|Any CPU
		{8EF183C3-A209-454B-B4B5-E27B47BF0A99}.Debug|iPhone.ActiveCfg = Debug|Any CPU
		{8EF183C3-A209-454B-B4B5-E27B47BF0A99}.Debug|iPhoneSimulator.ActiveCfg = Debug|Any CPU
		{8EF183C3-A209-454B-B4B5-E27B47BF0A99}.Debug|Mixed Platforms.ActiveCfg = Debug|Any CPU
		{8EF183C3-A209-454B-B4B5-E27B47BF0A99}.Debug|Mixed Platforms.Build.0 = Debug|Any CPU
		{8EF183C3-A209-454B-B4B5-E27B47BF0A99}.Debug|x86.ActiveCfg = Debug|Any CPU
		{8EF183C3-A209-454B-B4B5-E27B47BF0A99}.Release|Any CPU.ActiveCfg = Release|Any CPU
		{8EF183C3-A209-454B-B4B5-E27B47BF0A99}.Release|Any CPU.Build.0 = Release|Any CPU
		{8EF183C3-A209-454B-B4B5-E27B47BF0A99}.Release|ARM.ActiveCfg = Release|Any CPU
		{8EF183C3-A209-454B-B4B5-E27B47BF0A99}.Release|iPhone.ActiveCfg = Release|Any CPU
		{8EF183C3-A209-454B-B4B5-E27B47BF0A99}.Release|iPhoneSimulator.ActiveCfg = Release|Any CPU
		{8EF183C3-A209-454B-B4B5-E27B47BF0A99}.Release|Mixed Platforms.ActiveCfg = Release|Any CPU
		{8EF183C3-A209-454B-B4B5-E27B47BF0A99}.Release|Mixed Platforms.Build.0 = Release|Any CPU
		{8EF183C3-A209-454B-B4B5-E27B47BF0A99}.Release|x86.ActiveCfg = Release|Any CPU
		{F323DA24-A61A-459F-B9AC-C74BA55F932D}.Ad-Hoc|Any CPU.ActiveCfg = Release|Any CPU
		{F323DA24-A61A-459F-B9AC-C74BA55F932D}.Ad-Hoc|Any CPU.Build.0 = Release|Any CPU
		{F323DA24-A61A-459F-B9AC-C74BA55F932D}.Ad-Hoc|ARM.ActiveCfg = Release|Any CPU
		{F323DA24-A61A-459F-B9AC-C74BA55F932D}.Ad-Hoc|iPhone.ActiveCfg = Release|Any CPU
		{F323DA24-A61A-459F-B9AC-C74BA55F932D}.Ad-Hoc|iPhoneSimulator.ActiveCfg = Release|Any CPU
		{F323DA24-A61A-459F-B9AC-C74BA55F932D}.Ad-Hoc|Mixed Platforms.ActiveCfg = Release|Any CPU
		{F323DA24-A61A-459F-B9AC-C74BA55F932D}.Ad-Hoc|Mixed Platforms.Build.0 = Release|Any CPU
		{F323DA24-A61A-459F-B9AC-C74BA55F932D}.Ad-Hoc|x86.ActiveCfg = Release|Any CPU
		{F323DA24-A61A-459F-B9AC-C74BA55F932D}.AppStore|Any CPU.ActiveCfg = Release|Any CPU
		{F323DA24-A61A-459F-B9AC-C74BA55F932D}.AppStore|Any CPU.Build.0 = Release|Any CPU
		{F323DA24-A61A-459F-B9AC-C74BA55F932D}.AppStore|ARM.ActiveCfg = Release|Any CPU
		{F323DA24-A61A-459F-B9AC-C74BA55F932D}.AppStore|iPhone.ActiveCfg = Release|Any CPU
		{F323DA24-A61A-459F-B9AC-C74BA55F932D}.AppStore|iPhoneSimulator.ActiveCfg = Release|Any CPU
		{F323DA24-A61A-459F-B9AC-C74BA55F932D}.AppStore|Mixed Platforms.ActiveCfg = Release|Any CPU
		{F323DA24-A61A-459F-B9AC-C74BA55F932D}.AppStore|Mixed Platforms.Build.0 = Release|Any CPU
		{F323DA24-A61A-459F-B9AC-C74BA55F932D}.AppStore|x86.ActiveCfg = Release|Any CPU
		{F323DA24-A61A-459F-B9AC-C74BA55F932D}.Debug|Any CPU.ActiveCfg = Debug|Any CPU
		{F323DA24-A61A-459F-B9AC-C74BA55F932D}.Debug|Any CPU.Build.0 = Debug|Any CPU
		{F323DA24-A61A-459F-B9AC-C74BA55F932D}.Debug|ARM.ActiveCfg = Debug|Any CPU
		{F323DA24-A61A-459F-B9AC-C74BA55F932D}.Debug|iPhone.ActiveCfg = Debug|Any CPU
		{F323DA24-A61A-459F-B9AC-C74BA55F932D}.Debug|iPhoneSimulator.ActiveCfg = Debug|Any CPU
		{F323DA24-A61A-459F-B9AC-C74BA55F932D}.Debug|iPhoneSimulator.Build.0 = Debug|Any CPU
		{F323DA24-A61A-459F-B9AC-C74BA55F932D}.Debug|Mixed Platforms.ActiveCfg = Debug|Any CPU
		{F323DA24-A61A-459F-B9AC-C74BA55F932D}.Debug|Mixed Platforms.Build.0 = Debug|Any CPU
		{F323DA24-A61A-459F-B9AC-C74BA55F932D}.Debug|x86.ActiveCfg = Debug|Any CPU
		{F323DA24-A61A-459F-B9AC-C74BA55F932D}.Release|Any CPU.ActiveCfg = Release|Any CPU
		{F323DA24-A61A-459F-B9AC-C74BA55F932D}.Release|Any CPU.Build.0 = Release|Any CPU
		{F323DA24-A61A-459F-B9AC-C74BA55F932D}.Release|ARM.ActiveCfg = Release|Any CPU
		{F323DA24-A61A-459F-B9AC-C74BA55F932D}.Release|iPhone.ActiveCfg = Release|Any CPU
		{F323DA24-A61A-459F-B9AC-C74BA55F932D}.Release|iPhoneSimulator.ActiveCfg = Release|Any CPU
		{F323DA24-A61A-459F-B9AC-C74BA55F932D}.Release|Mixed Platforms.ActiveCfg = Release|Any CPU
		{F323DA24-A61A-459F-B9AC-C74BA55F932D}.Release|Mixed Platforms.Build.0 = Release|Any CPU
		{F323DA24-A61A-459F-B9AC-C74BA55F932D}.Release|x86.ActiveCfg = Release|Any CPU
		{F8B8C5D4-88A5-4796-9D9F-F9E43675879E}.Ad-Hoc|Any CPU.ActiveCfg = Release|Any CPU
		{F8B8C5D4-88A5-4796-9D9F-F9E43675879E}.Ad-Hoc|Any CPU.Build.0 = Release|Any CPU
		{F8B8C5D4-88A5-4796-9D9F-F9E43675879E}.Ad-Hoc|ARM.ActiveCfg = Release|ARM
		{F8B8C5D4-88A5-4796-9D9F-F9E43675879E}.Ad-Hoc|ARM.Build.0 = Release|ARM
		{F8B8C5D4-88A5-4796-9D9F-F9E43675879E}.Ad-Hoc|iPhone.ActiveCfg = Release|Any CPU
		{F8B8C5D4-88A5-4796-9D9F-F9E43675879E}.Ad-Hoc|iPhoneSimulator.ActiveCfg = Release|Any CPU
		{F8B8C5D4-88A5-4796-9D9F-F9E43675879E}.Ad-Hoc|Mixed Platforms.ActiveCfg = Release|x86
		{F8B8C5D4-88A5-4796-9D9F-F9E43675879E}.Ad-Hoc|Mixed Platforms.Build.0 = Release|x86
		{F8B8C5D4-88A5-4796-9D9F-F9E43675879E}.Ad-Hoc|x86.ActiveCfg = Release|x86
		{F8B8C5D4-88A5-4796-9D9F-F9E43675879E}.Ad-Hoc|x86.Build.0 = Release|x86
		{F8B8C5D4-88A5-4796-9D9F-F9E43675879E}.AppStore|Any CPU.ActiveCfg = Release|Any CPU
		{F8B8C5D4-88A5-4796-9D9F-F9E43675879E}.AppStore|Any CPU.Build.0 = Release|Any CPU
		{F8B8C5D4-88A5-4796-9D9F-F9E43675879E}.AppStore|ARM.ActiveCfg = Release|ARM
		{F8B8C5D4-88A5-4796-9D9F-F9E43675879E}.AppStore|ARM.Build.0 = Release|ARM
		{F8B8C5D4-88A5-4796-9D9F-F9E43675879E}.AppStore|iPhone.ActiveCfg = Release|Any CPU
		{F8B8C5D4-88A5-4796-9D9F-F9E43675879E}.AppStore|iPhoneSimulator.ActiveCfg = Release|Any CPU
		{F8B8C5D4-88A5-4796-9D9F-F9E43675879E}.AppStore|Mixed Platforms.ActiveCfg = Release|x86
		{F8B8C5D4-88A5-4796-9D9F-F9E43675879E}.AppStore|Mixed Platforms.Build.0 = Release|x86
		{F8B8C5D4-88A5-4796-9D9F-F9E43675879E}.AppStore|x86.ActiveCfg = Release|x86
		{F8B8C5D4-88A5-4796-9D9F-F9E43675879E}.AppStore|x86.Build.0 = Release|x86
		{F8B8C5D4-88A5-4796-9D9F-F9E43675879E}.Debug|Any CPU.ActiveCfg = Debug|Any CPU
		{F8B8C5D4-88A5-4796-9D9F-F9E43675879E}.Debug|Any CPU.Build.0 = Debug|Any CPU
		{F8B8C5D4-88A5-4796-9D9F-F9E43675879E}.Debug|ARM.ActiveCfg = Debug|ARM
		{F8B8C5D4-88A5-4796-9D9F-F9E43675879E}.Debug|ARM.Build.0 = Debug|ARM
		{F8B8C5D4-88A5-4796-9D9F-F9E43675879E}.Debug|iPhone.ActiveCfg = Debug|Any CPU
		{F8B8C5D4-88A5-4796-9D9F-F9E43675879E}.Debug|iPhoneSimulator.ActiveCfg = Debug|Any CPU
		{F8B8C5D4-88A5-4796-9D9F-F9E43675879E}.Debug|Mixed Platforms.ActiveCfg = Debug|x86
		{F8B8C5D4-88A5-4796-9D9F-F9E43675879E}.Debug|Mixed Platforms.Build.0 = Debug|x86
		{F8B8C5D4-88A5-4796-9D9F-F9E43675879E}.Debug|x86.ActiveCfg = Debug|x86
		{F8B8C5D4-88A5-4796-9D9F-F9E43675879E}.Debug|x86.Build.0 = Debug|x86
		{F8B8C5D4-88A5-4796-9D9F-F9E43675879E}.Release|Any CPU.ActiveCfg = Release|Any CPU
		{F8B8C5D4-88A5-4796-9D9F-F9E43675879E}.Release|Any CPU.Build.0 = Release|Any CPU
		{F8B8C5D4-88A5-4796-9D9F-F9E43675879E}.Release|ARM.ActiveCfg = Release|ARM
		{F8B8C5D4-88A5-4796-9D9F-F9E43675879E}.Release|ARM.Build.0 = Release|ARM
		{F8B8C5D4-88A5-4796-9D9F-F9E43675879E}.Release|iPhone.ActiveCfg = Release|Any CPU
		{F8B8C5D4-88A5-4796-9D9F-F9E43675879E}.Release|iPhoneSimulator.ActiveCfg = Release|Any CPU
		{F8B8C5D4-88A5-4796-9D9F-F9E43675879E}.Release|Mixed Platforms.ActiveCfg = Release|x86
		{F8B8C5D4-88A5-4796-9D9F-F9E43675879E}.Release|Mixed Platforms.Build.0 = Release|x86
		{F8B8C5D4-88A5-4796-9D9F-F9E43675879E}.Release|x86.ActiveCfg = Release|x86
		{F8B8C5D4-88A5-4796-9D9F-F9E43675879E}.Release|x86.Build.0 = Release|x86
		{A224C192-E8A2-436E-9D4C-130004BA411A}.Ad-Hoc|Any CPU.ActiveCfg = Release|Any CPU
		{A224C192-E8A2-436E-9D4C-130004BA411A}.Ad-Hoc|Any CPU.Build.0 = Release|Any CPU
		{A224C192-E8A2-436E-9D4C-130004BA411A}.Ad-Hoc|ARM.ActiveCfg = Release|Any CPU
		{A224C192-E8A2-436E-9D4C-130004BA411A}.Ad-Hoc|iPhone.ActiveCfg = Release|Any CPU
		{A224C192-E8A2-436E-9D4C-130004BA411A}.Ad-Hoc|iPhoneSimulator.ActiveCfg = Release|Any CPU
		{A224C192-E8A2-436E-9D4C-130004BA411A}.Ad-Hoc|Mixed Platforms.ActiveCfg = Release|Any CPU
		{A224C192-E8A2-436E-9D4C-130004BA411A}.Ad-Hoc|Mixed Platforms.Build.0 = Release|Any CPU
		{A224C192-E8A2-436E-9D4C-130004BA411A}.Ad-Hoc|x86.ActiveCfg = Release|Any CPU
		{A224C192-E8A2-436E-9D4C-130004BA411A}.AppStore|Any CPU.ActiveCfg = Release|Any CPU
		{A224C192-E8A2-436E-9D4C-130004BA411A}.AppStore|Any CPU.Build.0 = Release|Any CPU
		{A224C192-E8A2-436E-9D4C-130004BA411A}.AppStore|ARM.ActiveCfg = Release|Any CPU
		{A224C192-E8A2-436E-9D4C-130004BA411A}.AppStore|iPhone.ActiveCfg = Release|Any CPU
		{A224C192-E8A2-436E-9D4C-130004BA411A}.AppStore|iPhoneSimulator.ActiveCfg = Release|Any CPU
		{A224C192-E8A2-436E-9D4C-130004BA411A}.AppStore|Mixed Platforms.ActiveCfg = Release|Any CPU
		{A224C192-E8A2-436E-9D4C-130004BA411A}.AppStore|Mixed Platforms.Build.0 = Release|Any CPU
		{A224C192-E8A2-436E-9D4C-130004BA411A}.AppStore|x86.ActiveCfg = Release|Any CPU
		{A224C192-E8A2-436E-9D4C-130004BA411A}.Debug|Any CPU.ActiveCfg = Debug|Any CPU
		{A224C192-E8A2-436E-9D4C-130004BA411A}.Debug|Any CPU.Build.0 = Debug|Any CPU
		{A224C192-E8A2-436E-9D4C-130004BA411A}.Debug|ARM.ActiveCfg = Debug|Any CPU
		{A224C192-E8A2-436E-9D4C-130004BA411A}.Debug|ARM.Build.0 = Debug|Any CPU
		{A224C192-E8A2-436E-9D4C-130004BA411A}.Debug|iPhone.ActiveCfg = Debug|Any CPU
		{A224C192-E8A2-436E-9D4C-130004BA411A}.Debug|iPhoneSimulator.ActiveCfg = Debug|Any CPU
		{A224C192-E8A2-436E-9D4C-130004BA411A}.Debug|iPhoneSimulator.Build.0 = Debug|Any CPU
		{A224C192-E8A2-436E-9D4C-130004BA411A}.Debug|Mixed Platforms.ActiveCfg = Debug|Any CPU
		{A224C192-E8A2-436E-9D4C-130004BA411A}.Debug|Mixed Platforms.Build.0 = Debug|Any CPU
		{A224C192-E8A2-436E-9D4C-130004BA411A}.Debug|x86.ActiveCfg = Debug|Any CPU
		{A224C192-E8A2-436E-9D4C-130004BA411A}.Release|Any CPU.ActiveCfg = Release|Any CPU
		{A224C192-E8A2-436E-9D4C-130004BA411A}.Release|Any CPU.Build.0 = Release|Any CPU
		{A224C192-E8A2-436E-9D4C-130004BA411A}.Release|ARM.ActiveCfg = Release|Any CPU
		{A224C192-E8A2-436E-9D4C-130004BA411A}.Release|iPhone.ActiveCfg = Release|Any CPU
		{A224C192-E8A2-436E-9D4C-130004BA411A}.Release|iPhoneSimulator.ActiveCfg = Release|Any CPU
		{A224C192-E8A2-436E-9D4C-130004BA411A}.Release|Mixed Platforms.ActiveCfg = Release|Any CPU
		{A224C192-E8A2-436E-9D4C-130004BA411A}.Release|Mixed Platforms.Build.0 = Release|Any CPU
		{A224C192-E8A2-436E-9D4C-130004BA411A}.Release|x86.ActiveCfg = Release|Any CPU
	EndGlobalSection
	GlobalSection(SolutionProperties) = preSolution
		HideSolutionNode = FALSE
	EndGlobalSection
	GlobalSection(NestedProjects) = preSolution
		{4D10DF5E-883D-468B-A854-4A53C7FE75AC} = {8B5A7492-E367-4849-90A1-10464207CE1B}
		{31ACBE7A-3A07-46A5-804D-0C70454B3DC9} = {8B5A7492-E367-4849-90A1-10464207CE1B}
		{67BB1B0A-8F35-4B87-907A-0BCA3103B38B} = {8B5A7492-E367-4849-90A1-10464207CE1B}
		{E38D2AA4-D265-4FF2-90EC-E02EB59F8A73} = {8B5A7492-E367-4849-90A1-10464207CE1B}
		{670192E2-DADB-4B3E-ACFC-99F2A6BC9F38} = {8B5A7492-E367-4849-90A1-10464207CE1B}
		{3915DB03-4FA0-4F42-B916-6CFB00E01944} = {670192E2-DADB-4B3E-ACFC-99F2A6BC9F38}
		{A1021DE4-5E69-4219-B396-64F6683B3727} = {3915DB03-4FA0-4F42-B916-6CFB00E01944}
		{C12F7576-1B49-44BB-9F79-FDB0BA81B846} = {3915DB03-4FA0-4F42-B916-6CFB00E01944}
		{F0F4B2F6-1979-4F36-A81B-5A7A44418831} = {3915DB03-4FA0-4F42-B916-6CFB00E01944}
		{B1AB2869-D5B1-45EE-B882-208A23C8EB29} = {3915DB03-4FA0-4F42-B916-6CFB00E01944}
		{B8FE27B3-F683-4B12-BCA7-344EF9A71046} = {3915DB03-4FA0-4F42-B916-6CFB00E01944}
		{EF5931DC-BFC8-4EC3-956E-433B7E9B9AE2} = {D5EAE686-19D4-4D40-8870-2634BD544958}
		{08C1D9E7-4892-476B-A000-88A35D3517E4} = {D5EAE686-19D4-4D40-8870-2634BD544958}
		{3400F11A-E58B-40F5-86A7-D20901B7495B} = {D5EAE686-19D4-4D40-8870-2634BD544958}
		{91CF5B30-75DA-42B8-9364-D04BD67C3D10} = {670192E2-DADB-4B3E-ACFC-99F2A6BC9F38}
		{F8C821A9-155E-48BC-8998-1ED9DE5CEF1A} = {91CF5B30-75DA-42B8-9364-D04BD67C3D10}
		{EC5686A6-9846-4B09-8288-CB7396331B54} = {91CF5B30-75DA-42B8-9364-D04BD67C3D10}
		{526F68E5-B35B-45FB-A54F-25793D2A1678} = {91CF5B30-75DA-42B8-9364-D04BD67C3D10}
		{8EF183C3-A209-454B-B4B5-E27B47BF0A99} = {91CF5B30-75DA-42B8-9364-D04BD67C3D10}
		{F323DA24-A61A-459F-B9AC-C74BA55F932D} = {91CF5B30-75DA-42B8-9364-D04BD67C3D10}
		{F8B8C5D4-88A5-4796-9D9F-F9E43675879E} = {91CF5B30-75DA-42B8-9364-D04BD67C3D10}
		{A224C192-E8A2-436E-9D4C-130004BA411A} = {91CF5B30-75DA-42B8-9364-D04BD67C3D10}
	EndGlobalSection
	GlobalSection(MonoDevelopProperties) = preSolution
		StartupItem = Labs.Tests.Droid\Labs.Tests.Droid.csproj
	EndGlobalSection
EndGlobal
